// !$*UTF8*$!
{
	archiveVersion = 1;
	classes = {
	};
	objectVersion = 56;
	objects = {

/* Begin PBXBuildFile section */
		2103FDCF2C8B9ECA0020D1AE /* PDFScreen.swift in Sources */ = {isa = PBXBuildFile; fileRef = 2103FDCE2C8B9ECA0020D1AE /* PDFScreen.swift */; };
		2103FDD12C8B9EF10020D1AE /* PDF.swift in Sources */ = {isa = PBXBuildFile; fileRef = 2103FDD02C8B9EF10020D1AE /* PDF.swift */; };
		2103FDD62C8BA1660020D1AE /* TermsOfUse.pdf in Resources */ = {isa = PBXBuildFile; fileRef = 2103FDD52C8BA1660020D1AE /* TermsOfUse.pdf */; };
		2103FDD82C8BA2090020D1AE /* PrivacyPolicy.pdf in Resources */ = {isa = PBXBuildFile; fileRef = 2103FDD72C8BA2090020D1AE /* PrivacyPolicy.pdf */; };
		2103FEA32C9C1DF70020D1AE /* HomePacks.swift in Sources */ = {isa = PBXBuildFile; fileRef = 2103FEA22C9C1DF70020D1AE /* HomePacks.swift */; };
		2103FEA52C9C1F3E0020D1AE /* PacksScreen.swift in Sources */ = {isa = PBXBuildFile; fileRef = 2103FEA42C9C1F3E0020D1AE /* PacksScreen.swift */; };
		2103FEAA2C9C35E30020D1AE /* couples_closer_ru.txt in Resources */ = {isa = PBXBuildFile; fileRef = 2103FEA92C9C35E30020D1AE /* couples_closer_ru.txt */; };
		2103FEAB2C9C35E90020D1AE /* default_family_ru.txt in Resources */ = {isa = PBXBuildFile; fileRef = 2103FEA82C9C35C80020D1AE /* default_family_ru.txt */; };
		2103FEAD2C9C37130020D1AE /* couples_closer_en.txt in Resources */ = {isa = PBXBuildFile; fileRef = 2103FEAC2C9C37130020D1AE /* couples_closer_en.txt */; };
		2103FEAF2C9C37290020D1AE /* couples_closest_en.txt in Resources */ = {isa = PBXBuildFile; fileRef = 2103FEAE2C9C37290020D1AE /* couples_closest_en.txt */; };
		2103FEB72C9DEF890020D1AE /* adult_taboo_ru.txt in Resources */ = {isa = PBXBuildFile; fileRef = 2103FEB62C9DEF890020D1AE /* adult_taboo_ru.txt */; };
		2103FEB92C9DEF990020D1AE /* adult_taboo_en.txt in Resources */ = {isa = PBXBuildFile; fileRef = 2103FEB82C9DEF990020D1AE /* adult_taboo_en.txt */; };
		2103FEBB2C9DF1ED0020D1AE /* adult_sex_ru.txt in Resources */ = {isa = PBXBuildFile; fileRef = 2103FEBA2C9DF1ED0020D1AE /* adult_sex_ru.txt */; };
		2103FEBD2C9DF1FF0020D1AE /* adult_sex_en.txt in Resources */ = {isa = PBXBuildFile; fileRef = 2103FEBC2C9DF1FF0020D1AE /* adult_sex_en.txt */; };
		2103FEBF2C9EA0A80020D1AE /* ColorPicker.swift in Sources */ = {isa = PBXBuildFile; fileRef = 2103FEBE2C9EA0A80020D1AE /* ColorPicker.swift */; };
		2103FEC12CA0457A0020D1AE /* CreateNote.swift in Sources */ = {isa = PBXBuildFile; fileRef = 2103FEC02CA0457A0020D1AE /* CreateNote.swift */; };
		2103FEC32CA04D4C0020D1AE /* Notes.swift in Sources */ = {isa = PBXBuildFile; fileRef = 2103FEC22CA04D4C0020D1AE /* Notes.swift */; };
		2103FEC52CA04E520020D1AE /* NoteCard.swift in Sources */ = {isa = PBXBuildFile; fileRef = 2103FEC42CA04E520020D1AE /* NoteCard.swift */; };
		2103FEC72CA0558D0020D1AE /* TextView.swift in Sources */ = {isa = PBXBuildFile; fileRef = 2103FEC62CA0558D0020D1AE /* TextView.swift */; };
		21835FAD2CA13F96002A17E9 /* Settings.swift in Sources */ = {isa = PBXBuildFile; fileRef = 21835FAC2CA13F96002A17E9 /* Settings.swift */; };
		21835FAF2CA144F6002A17E9 /* SettingsListItem.swift in Sources */ = {isa = PBXBuildFile; fileRef = 21835FAE2CA144F6002A17E9 /* SettingsListItem.swift */; };
		21835FB32CA1545A002A17E9 /* String+.swift in Sources */ = {isa = PBXBuildFile; fileRef = 21835FB22CA1545A002A17E9 /* String+.swift */; };
		21835FB52CA16B57002A17E9 /* Sound.swift in Sources */ = {isa = PBXBuildFile; fileRef = 21835FB42CA16B57002A17E9 /* Sound.swift */; };
		21835FB82CA16C60002A17E9 /* CardSwipe.mp3 in Resources */ = {isa = PBXBuildFile; fileRef = 21835FB72CA16C60002A17E9 /* CardSwipe.mp3 */; };
		21835FBA2CA16E24002A17E9 /* Click1.mp3 in Resources */ = {isa = PBXBuildFile; fileRef = 21835FB92CA16E24002A17E9 /* Click1.mp3 */; };
		21835FC12CA3002E002A17E9 /* WidgetKit.framework in Frameworks */ = {isa = PBXBuildFile; fileRef = 21835FC02CA3002E002A17E9 /* WidgetKit.framework */; };
		21835FC32CA3002E002A17E9 /* SwiftUI.framework in Frameworks */ = {isa = PBXBuildFile; fileRef = 21835FC22CA3002E002A17E9 /* SwiftUI.framework */; };
		21835FC62CA3002E002A17E9 /* hearttalkWidgetExtensionBundle.swift in Sources */ = {isa = PBXBuildFile; fileRef = 21835FC52CA3002E002A17E9 /* hearttalkWidgetExtensionBundle.swift */; };
		21835FCC2CA30030002A17E9 /* Assets.xcassets in Resources */ = {isa = PBXBuildFile; fileRef = 21835FCB2CA30030002A17E9 /* Assets.xcassets */; };
		21835FD02CA30030002A17E9 /* hearttalkWidgetExtensionExtension.appex in Embed Foundation Extensions */ = {isa = PBXBuildFile; fileRef = 21835FBF2CA3002E002A17E9 /* hearttalkWidgetExtensionExtension.appex */; settings = {ATTRIBUTES = (RemoveHeadersOnCopy, ); }; };
		21835FD72CA3008E002A17E9 /* AddCardWidget.swift in Sources */ = {isa = PBXBuildFile; fileRef = 21835FD62CA3008E002A17E9 /* AddCardWidget.swift */; };
		21835FDA2CA30B85002A17E9 /* DailyCardWidget.swift in Sources */ = {isa = PBXBuildFile; fileRef = 21835FD92CA30B85002A17E9 /* DailyCardWidget.swift */; };
		21835FDB2CA30CCE002A17E9 /* PlayfairDisplay-Regular.ttf in Resources */ = {isa = PBXBuildFile; fileRef = 21BDB3F82C899E970097F90E /* PlayfairDisplay-Regular.ttf */; };
		21835FDC2CA30CEC002A17E9 /* Localization.swift in Sources */ = {isa = PBXBuildFile; fileRef = 21BDB3A52C899ADD0097F90E /* Localization.swift */; };
		21835FDE2CA3109C002A17E9 /* RealmManager.swift in Sources */ = {isa = PBXBuildFile; fileRef = 21BDB4022C89B42D0097F90E /* RealmManager.swift */; };
		21A18B832CA319DF00D0EB6B /* String+.swift in Sources */ = {isa = PBXBuildFile; fileRef = 21835FB22CA1545A002A17E9 /* String+.swift */; };
		21A18B842CA319ED00D0EB6B /* Cards.swift in Sources */ = {isa = PBXBuildFile; fileRef = 21BDB4042C89B4A00097F90E /* Cards.swift */; };
		21A18B872CA3F14C00D0EB6B /* View+.swift in Sources */ = {isa = PBXBuildFile; fileRef = 21BDB42A2C8AFC4B0097F90E /* View+.swift */; };
		21BDB3D42C899ADD0097F90E /* ProjectApp.swift in Sources */ = {isa = PBXBuildFile; fileRef = 21BDB3A42C899ADD0097F90E /* ProjectApp.swift */; };
		21BDB3D52C899ADD0097F90E /* Localization.swift in Sources */ = {isa = PBXBuildFile; fileRef = 21BDB3A52C899ADD0097F90E /* Localization.swift */; };
		21BDB3D82C899ADD0097F90E /* Assets.xcassets in Resources */ = {isa = PBXBuildFile; fileRef = 21BDB3AA2C899ADD0097F90E /* Assets.xcassets */; };
		21BDB3DD2C899ADD0097F90E /* RequestManager.swift in Sources */ = {isa = PBXBuildFile; fileRef = 21BDB3B02C899ADD0097F90E /* RequestManager.swift */; };
		21BDB3DE2C899ADD0097F90E /* ViewModel.swift in Sources */ = {isa = PBXBuildFile; fileRef = 21BDB3B12C899ADD0097F90E /* ViewModel.swift */; };
		21BDB3EA2C899ADD0097F90E /* Enums.swift in Sources */ = {isa = PBXBuildFile; fileRef = 21BDB3C12C899ADD0097F90E /* Enums.swift */; };
		21BDB3F12C899ADD0097F90E /* HomeScreen.swift in Sources */ = {isa = PBXBuildFile; fileRef = 21BDB3CB2C899ADD0097F90E /* HomeScreen.swift */; };
		21BDB3F32C899ADD0097F90E /* LoadingScreen.swift in Sources */ = {isa = PBXBuildFile; fileRef = 21BDB3CD2C899ADD0097F90E /* LoadingScreen.swift */; };
		21BDB3F92C899E970097F90E /* PlayfairDisplay-Regular.ttf in Resources */ = {isa = PBXBuildFile; fileRef = 21BDB3F82C899E970097F90E /* PlayfairDisplay-Regular.ttf */; };
		21BDB3FD2C89A0220097F90E /* Preview Assets.xcassets in Resources */ = {isa = PBXBuildFile; fileRef = 21BDB3FB2C89A0220097F90E /* Preview Assets.xcassets */; };
		21BDB3FF2C89A1940097F90E /* NavigationBar.swift in Sources */ = {isa = PBXBuildFile; fileRef = 21BDB3FE2C89A1940097F90E /* NavigationBar.swift */; };
		21BDB4012C89A35C0097F90E /* HomeCards.swift in Sources */ = {isa = PBXBuildFile; fileRef = 21BDB4002C89A35C0097F90E /* HomeCards.swift */; };
		21BDB4032C89B42D0097F90E /* RealmManager.swift in Sources */ = {isa = PBXBuildFile; fileRef = 21BDB4022C89B42D0097F90E /* RealmManager.swift */; };
		21BDB4052C89B4A00097F90E /* Cards.swift in Sources */ = {isa = PBXBuildFile; fileRef = 21BDB4042C89B4A00097F90E /* Cards.swift */; };
		21BDB4072C89B8E20097F90E /* Color+.swift in Sources */ = {isa = PBXBuildFile; fileRef = 21BDB4062C89B8E20097F90E /* Color+.swift */; };
		21BDB40A2C89B9D30097F90E /* default_simple_en.txt in Resources */ = {isa = PBXBuildFile; fileRef = 21BDB4092C89B9D30097F90E /* default_simple_en.txt */; };
		21BDB40D2C89C1200097F90E /* couples_close_en.txt in Resources */ = {isa = PBXBuildFile; fileRef = 21BDB40B2C89BB060097F90E /* couples_close_en.txt */; };
		21BDB40E2C89C1200097F90E /* default_family_en.txt in Resources */ = {isa = PBXBuildFile; fileRef = 21BDB40C2C89BB5A0097F90E /* default_family_en.txt */; };
		21BDB4102C89C2B50097F90E /* Questions.swift in Sources */ = {isa = PBXBuildFile; fileRef = 21BDB40F2C89C2B50097F90E /* Questions.swift */; };
		21BDB4122C89C7D40097F90E /* ListItem.swift in Sources */ = {isa = PBXBuildFile; fileRef = 21BDB4112C89C7D40097F90E /* ListItem.swift */; };
		21BDB4142C89C87B0097F90E /* PlayfairDisplay-SemiBold.ttf in Resources */ = {isa = PBXBuildFile; fileRef = 21BDB4132C89C87B0097F90E /* PlayfairDisplay-SemiBold.ttf */; };
		21BDB4162C89CA440097F90E /* AboutApp.swift in Sources */ = {isa = PBXBuildFile; fileRef = 21BDB4152C89CA440097F90E /* AboutApp.swift */; };
		21BDB4182C89CB970097F90E /* AboutListItem.swift in Sources */ = {isa = PBXBuildFile; fileRef = 21BDB4172C89CB970097F90E /* AboutListItem.swift */; };
		21BDB41A2C8A2EA80097F90E /* CreateScreen.swift in Sources */ = {isa = PBXBuildFile; fileRef = 21BDB4192C8A2EA80097F90E /* CreateScreen.swift */; };
		21BDB41C2C8A2F900097F90E /* FillField.swift in Sources */ = {isa = PBXBuildFile; fileRef = 21BDB41B2C8A2F900097F90E /* FillField.swift */; };
		21BDB41F2C8A33540097F90E /* CustomRoundedRectangle.swift in Sources */ = {isa = PBXBuildFile; fileRef = 21BDB41E2C8A33540097F90E /* CustomRoundedRectangle.swift */; };
		21BDB4212C8A4C380097F90E /* favorites.txt in Resources */ = {isa = PBXBuildFile; fileRef = 21BDB4202C8A4C380097F90E /* favorites.txt */; };
		21BDB4232C8A4DAB0097F90E /* created.txt in Resources */ = {isa = PBXBuildFile; fileRef = 21BDB4222C8A4DAB0097F90E /* created.txt */; };
		21BDB4252C8AE0390097F90E /* Card.swift in Sources */ = {isa = PBXBuildFile; fileRef = 21BDB4242C8AE0390097F90E /* Card.swift */; };
		21BDB4272C8AFC0B0097F90E /* CardForShare.swift in Sources */ = {isa = PBXBuildFile; fileRef = 21BDB4262C8AFC0A0097F90E /* CardForShare.swift */; };
		21BDB42B2C8AFC4B0097F90E /* View+.swift in Sources */ = {isa = PBXBuildFile; fileRef = 21BDB42A2C8AFC4B0097F90E /* View+.swift */; };
		21BDB42D2C8B0B4A0097F90E /* ActivityView.swift in Sources */ = {isa = PBXBuildFile; fileRef = 21BDB42C2C8B0B4A0097F90E /* ActivityView.swift */; };
		21BDB42F2C8B195A0097F90E /* NetworkManager.swift in Sources */ = {isa = PBXBuildFile; fileRef = 21BDB42E2C8B195A0097F90E /* NetworkManager.swift */; };
		21BDB4312C8B1B160097F90E /* GenerateScreen.swift in Sources */ = {isa = PBXBuildFile; fileRef = 21BDB4302C8B1B160097F90E /* GenerateScreen.swift */; };
		21BDB4332C8B1D140097F90E /* OpenAI.swift in Sources */ = {isa = PBXBuildFile; fileRef = 21BDB4322C8B1D140097F90E /* OpenAI.swift */; };
		21BDB4352C8B1E300097F90E /* UIApplication+.swift in Sources */ = {isa = PBXBuildFile; fileRef = 21BDB4342C8B1E300097F90E /* UIApplication+.swift */; };
		21BDB4372C8B1F6F0097F90E /* Vibration.swift in Sources */ = {isa = PBXBuildFile; fileRef = 21BDB4362C8B1F6F0097F90E /* Vibration.swift */; };
		21BDB43B2C8B61330097F90E /* WhatIsTheApp.swift in Sources */ = {isa = PBXBuildFile; fileRef = 21BDB43A2C8B61330097F90E /* WhatIsTheApp.swift */; };
		21BDB43D2C8B61820097F90E /* WhatIsCard.swift in Sources */ = {isa = PBXBuildFile; fileRef = 21BDB43C2C8B61820097F90E /* WhatIsCard.swift */; };
		21BDB43F2C8B66220097F90E /* default_simple_ru.txt in Resources */ = {isa = PBXBuildFile; fileRef = 21BDB43E2C8B66220097F90E /* default_simple_ru.txt */; };
		21BDB4412C8B663E0097F90E /* couples_close_ru.txt in Resources */ = {isa = PBXBuildFile; fileRef = 21BDB4402C8B663E0097F90E /* couples_close_ru.txt */; };
		21BDB4432C8B664D0097F90E /* couples_closest_ru.txt in Resources */ = {isa = PBXBuildFile; fileRef = 21BDB4422C8B664D0097F90E /* couples_closest_ru.txt */; };
		21BDB4472C8B69630097F90E /* Localizable.strings in Resources */ = {isa = PBXBuildFile; fileRef = 21BDB4452C8B69630097F90E /* Localizable.strings */; };
		27203AAEFEE5F8D249BCCBB5 /* Pods_hearttalk.framework in Frameworks */ = {isa = PBXBuildFile; fileRef = 7F04D0D3CFAA742CBEF7DDEB /* Pods_hearttalk.framework */; };
		DC053A994C992465AD2BF698 /* Pods_hearttalkWidgetExtensionExtension.framework in Frameworks */ = {isa = PBXBuildFile; fileRef = 018A66986B786D8101FFA613 /* Pods_hearttalkWidgetExtensionExtension.framework */; };
/* End PBXBuildFile section */

/* Begin PBXContainerItemProxy section */
		21835FCE2CA30030002A17E9 /* PBXContainerItemProxy */ = {
			isa = PBXContainerItemProxy;
			containerPortal = 21BDB38A2C88E0180097F90E /* Project object */;
			proxyType = 1;
			remoteGlobalIDString = 21835FBE2CA3002E002A17E9;
			remoteInfo = hearttalkWidgetExtensionExtension;
		};
/* End PBXContainerItemProxy section */

/* Begin PBXCopyFilesBuildPhase section */
		21835FD42CA30030002A17E9 /* Embed Foundation Extensions */ = {
			isa = PBXCopyFilesBuildPhase;
			buildActionMask = 2147483647;
			dstPath = "";
			dstSubfolderSpec = 13;
			files = (
				21835FD02CA30030002A17E9 /* hearttalkWidgetExtensionExtension.appex in Embed Foundation Extensions */,
			);
			name = "Embed Foundation Extensions";
			runOnlyForDeploymentPostprocessing = 0;
		};
/* End PBXCopyFilesBuildPhase section */

/* Begin PBXFileReference section */
		018A66986B786D8101FFA613 /* Pods_hearttalkWidgetExtensionExtension.framework */ = {isa = PBXFileReference; explicitFileType = wrapper.framework; includeInIndex = 0; path = Pods_hearttalkWidgetExtensionExtension.framework; sourceTree = BUILT_PRODUCTS_DIR; };
		11F8054245486A51C275701B /* Pods-hearttalk.debug.xcconfig */ = {isa = PBXFileReference; includeInIndex = 1; lastKnownFileType = text.xcconfig; name = "Pods-hearttalk.debug.xcconfig"; path = "Target Support Files/Pods-hearttalk/Pods-hearttalk.debug.xcconfig"; sourceTree = "<group>"; };
		2103FDCE2C8B9ECA0020D1AE /* PDFScreen.swift */ = {isa = PBXFileReference; lastKnownFileType = sourcecode.swift; path = PDFScreen.swift; sourceTree = "<group>"; };
		2103FDD02C8B9EF10020D1AE /* PDF.swift */ = {isa = PBXFileReference; lastKnownFileType = sourcecode.swift; path = PDF.swift; sourceTree = "<group>"; };
		2103FDD52C8BA1660020D1AE /* TermsOfUse.pdf */ = {isa = PBXFileReference; lastKnownFileType = image.pdf; path = TermsOfUse.pdf; sourceTree = "<group>"; };
		2103FDD72C8BA2090020D1AE /* PrivacyPolicy.pdf */ = {isa = PBXFileReference; lastKnownFileType = image.pdf; path = PrivacyPolicy.pdf; sourceTree = "<group>"; };
		2103FEA22C9C1DF70020D1AE /* HomePacks.swift */ = {isa = PBXFileReference; lastKnownFileType = sourcecode.swift; path = HomePacks.swift; sourceTree = "<group>"; };
		2103FEA42C9C1F3E0020D1AE /* PacksScreen.swift */ = {isa = PBXFileReference; lastKnownFileType = sourcecode.swift; path = PacksScreen.swift; sourceTree = "<group>"; };
		2103FEA82C9C35C80020D1AE /* default_family_ru.txt */ = {isa = PBXFileReference; lastKnownFileType = text; path = default_family_ru.txt; sourceTree = "<group>"; };
		2103FEA92C9C35E30020D1AE /* couples_closer_ru.txt */ = {isa = PBXFileReference; lastKnownFileType = text; path = couples_closer_ru.txt; sourceTree = "<group>"; };
		2103FEAC2C9C37130020D1AE /* couples_closer_en.txt */ = {isa = PBXFileReference; lastKnownFileType = text; path = couples_closer_en.txt; sourceTree = "<group>"; };
		2103FEAE2C9C37290020D1AE /* couples_closest_en.txt */ = {isa = PBXFileReference; lastKnownFileType = text; path = couples_closest_en.txt; sourceTree = "<group>"; };
		2103FEB62C9DEF890020D1AE /* adult_taboo_ru.txt */ = {isa = PBXFileReference; lastKnownFileType = text; path = adult_taboo_ru.txt; sourceTree = "<group>"; };
		2103FEB82C9DEF990020D1AE /* adult_taboo_en.txt */ = {isa = PBXFileReference; lastKnownFileType = text; path = adult_taboo_en.txt; sourceTree = "<group>"; };
		2103FEBA2C9DF1ED0020D1AE /* adult_sex_ru.txt */ = {isa = PBXFileReference; lastKnownFileType = text; path = adult_sex_ru.txt; sourceTree = "<group>"; };
		2103FEBC2C9DF1FF0020D1AE /* adult_sex_en.txt */ = {isa = PBXFileReference; lastKnownFileType = text; path = adult_sex_en.txt; sourceTree = "<group>"; };
		2103FEBE2C9EA0A80020D1AE /* ColorPicker.swift */ = {isa = PBXFileReference; lastKnownFileType = sourcecode.swift; path = ColorPicker.swift; sourceTree = "<group>"; };
		2103FEC02CA0457A0020D1AE /* CreateNote.swift */ = {isa = PBXFileReference; lastKnownFileType = sourcecode.swift; path = CreateNote.swift; sourceTree = "<group>"; };
		2103FEC22CA04D4C0020D1AE /* Notes.swift */ = {isa = PBXFileReference; lastKnownFileType = sourcecode.swift; path = Notes.swift; sourceTree = "<group>"; };
		2103FEC42CA04E520020D1AE /* NoteCard.swift */ = {isa = PBXFileReference; lastKnownFileType = sourcecode.swift; path = NoteCard.swift; sourceTree = "<group>"; };
		2103FEC62CA0558D0020D1AE /* TextView.swift */ = {isa = PBXFileReference; lastKnownFileType = sourcecode.swift; path = TextView.swift; sourceTree = "<group>"; };
		21835FAC2CA13F96002A17E9 /* Settings.swift */ = {isa = PBXFileReference; lastKnownFileType = sourcecode.swift; path = Settings.swift; sourceTree = "<group>"; };
		21835FAE2CA144F6002A17E9 /* SettingsListItem.swift */ = {isa = PBXFileReference; lastKnownFileType = sourcecode.swift; path = SettingsListItem.swift; sourceTree = "<group>"; };
		21835FB22CA1545A002A17E9 /* String+.swift */ = {isa = PBXFileReference; lastKnownFileType = sourcecode.swift; path = "String+.swift"; sourceTree = "<group>"; };
		21835FB42CA16B57002A17E9 /* Sound.swift */ = {isa = PBXFileReference; lastKnownFileType = sourcecode.swift; path = Sound.swift; sourceTree = "<group>"; };
		21835FB72CA16C60002A17E9 /* CardSwipe.mp3 */ = {isa = PBXFileReference; lastKnownFileType = audio.mp3; path = CardSwipe.mp3; sourceTree = "<group>"; };
		21835FB92CA16E24002A17E9 /* Click1.mp3 */ = {isa = PBXFileReference; lastKnownFileType = audio.mp3; path = Click1.mp3; sourceTree = "<group>"; };
		21835FBF2CA3002E002A17E9 /* hearttalkWidgetExtensionExtension.appex */ = {isa = PBXFileReference; explicitFileType = "wrapper.app-extension"; includeInIndex = 0; path = hearttalkWidgetExtensionExtension.appex; sourceTree = BUILT_PRODUCTS_DIR; };
		21835FC02CA3002E002A17E9 /* WidgetKit.framework */ = {isa = PBXFileReference; lastKnownFileType = wrapper.framework; name = WidgetKit.framework; path = System/Library/Frameworks/WidgetKit.framework; sourceTree = SDKROOT; };
		21835FC22CA3002E002A17E9 /* SwiftUI.framework */ = {isa = PBXFileReference; lastKnownFileType = wrapper.framework; name = SwiftUI.framework; path = System/Library/Frameworks/SwiftUI.framework; sourceTree = SDKROOT; };
		21835FC52CA3002E002A17E9 /* hearttalkWidgetExtensionBundle.swift */ = {isa = PBXFileReference; lastKnownFileType = sourcecode.swift; path = hearttalkWidgetExtensionBundle.swift; sourceTree = "<group>"; };
		21835FCB2CA30030002A17E9 /* Assets.xcassets */ = {isa = PBXFileReference; lastKnownFileType = folder.assetcatalog; path = Assets.xcassets; sourceTree = "<group>"; };
		21835FCD2CA30030002A17E9 /* Info.plist */ = {isa = PBXFileReference; lastKnownFileType = text.plist.xml; path = Info.plist; sourceTree = "<group>"; };
		21835FD62CA3008E002A17E9 /* AddCardWidget.swift */ = {isa = PBXFileReference; lastKnownFileType = sourcecode.swift; path = AddCardWidget.swift; sourceTree = "<group>"; };
		21835FD92CA30B85002A17E9 /* DailyCardWidget.swift */ = {isa = PBXFileReference; lastKnownFileType = sourcecode.swift; path = DailyCardWidget.swift; sourceTree = "<group>"; };
		21A18B852CA323A200D0EB6B /* hearttalk.entitlements */ = {isa = PBXFileReference; lastKnownFileType = text.plist.entitlements; path = hearttalk.entitlements; sourceTree = "<group>"; };
		21A18B862CA323BD00D0EB6B /* hearttalkWidgetExtensionExtension.entitlements */ = {isa = PBXFileReference; lastKnownFileType = text.plist.entitlements; path = hearttalkWidgetExtensionExtension.entitlements; sourceTree = "<group>"; };
		21BDB3922C88E0180097F90E /* hearttalk.app */ = {isa = PBXFileReference; explicitFileType = wrapper.application; includeInIndex = 0; path = hearttalk.app; sourceTree = BUILT_PRODUCTS_DIR; };
		21BDB3A42C899ADD0097F90E /* ProjectApp.swift */ = {isa = PBXFileReference; fileEncoding = 4; lastKnownFileType = sourcecode.swift; path = ProjectApp.swift; sourceTree = "<group>"; };
		21BDB3A52C899ADD0097F90E /* Localization.swift */ = {isa = PBXFileReference; fileEncoding = 4; lastKnownFileType = sourcecode.swift; path = Localization.swift; sourceTree = "<group>"; };
		21BDB3AA2C899ADD0097F90E /* Assets.xcassets */ = {isa = PBXFileReference; lastKnownFileType = folder.assetcatalog; path = Assets.xcassets; sourceTree = "<group>"; };
		21BDB3B02C899ADD0097F90E /* RequestManager.swift */ = {isa = PBXFileReference; fileEncoding = 4; lastKnownFileType = sourcecode.swift; path = RequestManager.swift; sourceTree = "<group>"; };
		21BDB3B12C899ADD0097F90E /* ViewModel.swift */ = {isa = PBXFileReference; fileEncoding = 4; lastKnownFileType = sourcecode.swift; path = ViewModel.swift; sourceTree = "<group>"; };
		21BDB3C12C899ADD0097F90E /* Enums.swift */ = {isa = PBXFileReference; fileEncoding = 4; lastKnownFileType = sourcecode.swift; path = Enums.swift; sourceTree = "<group>"; };
		21BDB3CB2C899ADD0097F90E /* HomeScreen.swift */ = {isa = PBXFileReference; fileEncoding = 4; lastKnownFileType = sourcecode.swift; path = HomeScreen.swift; sourceTree = "<group>"; };
		21BDB3CD2C899ADD0097F90E /* LoadingScreen.swift */ = {isa = PBXFileReference; fileEncoding = 4; lastKnownFileType = sourcecode.swift; path = LoadingScreen.swift; sourceTree = "<group>"; };
		21BDB3F82C899E970097F90E /* PlayfairDisplay-Regular.ttf */ = {isa = PBXFileReference; lastKnownFileType = file; path = "PlayfairDisplay-Regular.ttf"; sourceTree = "<group>"; };
		21BDB3FA2C899ED50097F90E /* Info.plist */ = {isa = PBXFileReference; lastKnownFileType = text.plist; path = Info.plist; sourceTree = "<group>"; };
		21BDB3FB2C89A0220097F90E /* Preview Assets.xcassets */ = {isa = PBXFileReference; lastKnownFileType = folder.assetcatalog; path = "Preview Assets.xcassets"; sourceTree = "<group>"; };
		21BDB3FE2C89A1940097F90E /* NavigationBar.swift */ = {isa = PBXFileReference; lastKnownFileType = sourcecode.swift; path = NavigationBar.swift; sourceTree = "<group>"; };
		21BDB4002C89A35C0097F90E /* HomeCards.swift */ = {isa = PBXFileReference; lastKnownFileType = sourcecode.swift; path = HomeCards.swift; sourceTree = "<group>"; };
		21BDB4022C89B42D0097F90E /* RealmManager.swift */ = {isa = PBXFileReference; lastKnownFileType = sourcecode.swift; path = RealmManager.swift; sourceTree = "<group>"; };
		21BDB4042C89B4A00097F90E /* Cards.swift */ = {isa = PBXFileReference; lastKnownFileType = sourcecode.swift; path = Cards.swift; sourceTree = "<group>"; };
		21BDB4062C89B8E20097F90E /* Color+.swift */ = {isa = PBXFileReference; lastKnownFileType = sourcecode.swift; path = "Color+.swift"; sourceTree = "<group>"; };
		21BDB4092C89B9D30097F90E /* default_simple_en.txt */ = {isa = PBXFileReference; lastKnownFileType = text; path = default_simple_en.txt; sourceTree = "<group>"; };
		21BDB40B2C89BB060097F90E /* couples_close_en.txt */ = {isa = PBXFileReference; lastKnownFileType = text; path = couples_close_en.txt; sourceTree = "<group>"; };
		21BDB40C2C89BB5A0097F90E /* default_family_en.txt */ = {isa = PBXFileReference; lastKnownFileType = text; path = default_family_en.txt; sourceTree = "<group>"; };
		21BDB40F2C89C2B50097F90E /* Questions.swift */ = {isa = PBXFileReference; lastKnownFileType = sourcecode.swift; path = Questions.swift; sourceTree = "<group>"; };
		21BDB4112C89C7D40097F90E /* ListItem.swift */ = {isa = PBXFileReference; lastKnownFileType = sourcecode.swift; path = ListItem.swift; sourceTree = "<group>"; };
		21BDB4132C89C87B0097F90E /* PlayfairDisplay-SemiBold.ttf */ = {isa = PBXFileReference; lastKnownFileType = file; name = "PlayfairDisplay-SemiBold.ttf"; path = "../../../../../../../../Downloads/Playfair_Display/static/PlayfairDisplay-SemiBold.ttf"; sourceTree = "<group>"; };
		21BDB4152C89CA440097F90E /* AboutApp.swift */ = {isa = PBXFileReference; lastKnownFileType = sourcecode.swift; path = AboutApp.swift; sourceTree = "<group>"; };
		21BDB4172C89CB970097F90E /* AboutListItem.swift */ = {isa = PBXFileReference; lastKnownFileType = sourcecode.swift; path = AboutListItem.swift; sourceTree = "<group>"; };
		21BDB4192C8A2EA80097F90E /* CreateScreen.swift */ = {isa = PBXFileReference; lastKnownFileType = sourcecode.swift; path = CreateScreen.swift; sourceTree = "<group>"; };
		21BDB41B2C8A2F900097F90E /* FillField.swift */ = {isa = PBXFileReference; lastKnownFileType = sourcecode.swift; path = FillField.swift; sourceTree = "<group>"; };
		21BDB41E2C8A33540097F90E /* CustomRoundedRectangle.swift */ = {isa = PBXFileReference; lastKnownFileType = sourcecode.swift; path = CustomRoundedRectangle.swift; sourceTree = "<group>"; };
		21BDB4202C8A4C380097F90E /* favorites.txt */ = {isa = PBXFileReference; lastKnownFileType = text; path = favorites.txt; sourceTree = "<group>"; };
		21BDB4222C8A4DAB0097F90E /* created.txt */ = {isa = PBXFileReference; lastKnownFileType = text; path = created.txt; sourceTree = "<group>"; };
		21BDB4242C8AE0390097F90E /* Card.swift */ = {isa = PBXFileReference; lastKnownFileType = sourcecode.swift; path = Card.swift; sourceTree = "<group>"; };
		21BDB4262C8AFC0A0097F90E /* CardForShare.swift */ = {isa = PBXFileReference; lastKnownFileType = sourcecode.swift; path = CardForShare.swift; sourceTree = "<group>"; };
		21BDB42A2C8AFC4B0097F90E /* View+.swift */ = {isa = PBXFileReference; lastKnownFileType = sourcecode.swift; path = "View+.swift"; sourceTree = "<group>"; };
		21BDB42C2C8B0B4A0097F90E /* ActivityView.swift */ = {isa = PBXFileReference; lastKnownFileType = sourcecode.swift; path = ActivityView.swift; sourceTree = "<group>"; };
		21BDB42E2C8B195A0097F90E /* NetworkManager.swift */ = {isa = PBXFileReference; lastKnownFileType = sourcecode.swift; path = NetworkManager.swift; sourceTree = "<group>"; };
		21BDB4302C8B1B160097F90E /* GenerateScreen.swift */ = {isa = PBXFileReference; lastKnownFileType = sourcecode.swift; path = GenerateScreen.swift; sourceTree = "<group>"; };
		21BDB4322C8B1D140097F90E /* OpenAI.swift */ = {isa = PBXFileReference; lastKnownFileType = sourcecode.swift; path = OpenAI.swift; sourceTree = "<group>"; };
		21BDB4342C8B1E300097F90E /* UIApplication+.swift */ = {isa = PBXFileReference; lastKnownFileType = sourcecode.swift; path = "UIApplication+.swift"; sourceTree = "<group>"; };
		21BDB4362C8B1F6F0097F90E /* Vibration.swift */ = {isa = PBXFileReference; lastKnownFileType = sourcecode.swift; path = Vibration.swift; sourceTree = "<group>"; };
		21BDB43A2C8B61330097F90E /* WhatIsTheApp.swift */ = {isa = PBXFileReference; lastKnownFileType = sourcecode.swift; path = WhatIsTheApp.swift; sourceTree = "<group>"; };
		21BDB43C2C8B61820097F90E /* WhatIsCard.swift */ = {isa = PBXFileReference; lastKnownFileType = sourcecode.swift; path = WhatIsCard.swift; sourceTree = "<group>"; };
		21BDB43E2C8B66220097F90E /* default_simple_ru.txt */ = {isa = PBXFileReference; lastKnownFileType = text; path = default_simple_ru.txt; sourceTree = "<group>"; };
		21BDB4402C8B663E0097F90E /* couples_close_ru.txt */ = {isa = PBXFileReference; lastKnownFileType = text; path = couples_close_ru.txt; sourceTree = "<group>"; };
		21BDB4422C8B664D0097F90E /* couples_closest_ru.txt */ = {isa = PBXFileReference; lastKnownFileType = text; path = couples_closest_ru.txt; sourceTree = "<group>"; };
		21BDB4462C8B69630097F90E /* en */ = {isa = PBXFileReference; lastKnownFileType = text.plist.strings; name = en; path = en.lproj/Localizable.strings; sourceTree = "<group>"; };
		21BDB4482C8B696A0097F90E /* ru */ = {isa = PBXFileReference; lastKnownFileType = text.plist.strings; name = ru; path = ru.lproj/Localizable.strings; sourceTree = "<group>"; };
		7F04D0D3CFAA742CBEF7DDEB /* Pods_hearttalk.framework */ = {isa = PBXFileReference; explicitFileType = wrapper.framework; includeInIndex = 0; path = Pods_hearttalk.framework; sourceTree = BUILT_PRODUCTS_DIR; };
		8E46BEC5504BE82D606C22EB /* Pods-hearttalkWidgetExtensionExtension.release.xcconfig */ = {isa = PBXFileReference; includeInIndex = 1; lastKnownFileType = text.xcconfig; name = "Pods-hearttalkWidgetExtensionExtension.release.xcconfig"; path = "Target Support Files/Pods-hearttalkWidgetExtensionExtension/Pods-hearttalkWidgetExtensionExtension.release.xcconfig"; sourceTree = "<group>"; };
		F1B06A95D27A6D9B24797D32 /* Pods-hearttalk.release.xcconfig */ = {isa = PBXFileReference; includeInIndex = 1; lastKnownFileType = text.xcconfig; name = "Pods-hearttalk.release.xcconfig"; path = "Target Support Files/Pods-hearttalk/Pods-hearttalk.release.xcconfig"; sourceTree = "<group>"; };
		F8E8BD01C39DB58DFAFB74AD /* Pods-hearttalkWidgetExtensionExtension.debug.xcconfig */ = {isa = PBXFileReference; includeInIndex = 1; lastKnownFileType = text.xcconfig; name = "Pods-hearttalkWidgetExtensionExtension.debug.xcconfig"; path = "Target Support Files/Pods-hearttalkWidgetExtensionExtension/Pods-hearttalkWidgetExtensionExtension.debug.xcconfig"; sourceTree = "<group>"; };
/* End PBXFileReference section */

/* Begin PBXFrameworksBuildPhase section */
		21835FBC2CA3002E002A17E9 /* Frameworks */ = {
			isa = PBXFrameworksBuildPhase;
			buildActionMask = 2147483647;
			files = (
				21835FC32CA3002E002A17E9 /* SwiftUI.framework in Frameworks */,
				21835FC12CA3002E002A17E9 /* WidgetKit.framework in Frameworks */,
				DC053A994C992465AD2BF698 /* Pods_hearttalkWidgetExtensionExtension.framework in Frameworks */,
			);
			runOnlyForDeploymentPostprocessing = 0;
		};
		21BDB38F2C88E0180097F90E /* Frameworks */ = {
			isa = PBXFrameworksBuildPhase;
			buildActionMask = 2147483647;
			files = (
				27203AAEFEE5F8D249BCCBB5 /* Pods_hearttalk.framework in Frameworks */,
			);
			runOnlyForDeploymentPostprocessing = 0;
		};
/* End PBXFrameworksBuildPhase section */

/* Begin PBXGroup section */
		1AF8A86639B2CE8FEFC5B808 /* Pods */ = {
			isa = PBXGroup;
			children = (
				11F8054245486A51C275701B /* Pods-hearttalk.debug.xcconfig */,
				F1B06A95D27A6D9B24797D32 /* Pods-hearttalk.release.xcconfig */,
				F8E8BD01C39DB58DFAFB74AD /* Pods-hearttalkWidgetExtensionExtension.debug.xcconfig */,
				8E46BEC5504BE82D606C22EB /* Pods-hearttalkWidgetExtensionExtension.release.xcconfig */,
			);
			path = Pods;
			sourceTree = "<group>";
		};
		2103FDD22C8B9F9E0020D1AE /* PDF */ = {
			isa = PBXGroup;
			children = (
				2103FDD72C8BA2090020D1AE /* PrivacyPolicy.pdf */,
				2103FDD52C8BA1660020D1AE /* TermsOfUse.pdf */,
			);
			path = PDF;
			sourceTree = "<group>";
		};
		2103FEB02C9DEEC90020D1AE /* Default */ = {
			isa = PBXGroup;
			children = (
				21BDB43E2C8B66220097F90E /* default_simple_ru.txt */,
				2103FEA82C9C35C80020D1AE /* default_family_ru.txt */,
			);
			path = Default;
			sourceTree = "<group>";
		};
		2103FEB12C9DEED60020D1AE /* Default */ = {
			isa = PBXGroup;
			children = (
				21BDB4092C89B9D30097F90E /* default_simple_en.txt */,
				21BDB40C2C89BB5A0097F90E /* default_family_en.txt */,
			);
			path = Default;
			sourceTree = "<group>";
		};
		2103FEB22C9DEEE20020D1AE /* Couples */ = {
			isa = PBXGroup;
			children = (
				21BDB4402C8B663E0097F90E /* couples_close_ru.txt */,
				2103FEA92C9C35E30020D1AE /* couples_closer_ru.txt */,
				21BDB4422C8B664D0097F90E /* couples_closest_ru.txt */,
			);
			path = Couples;
			sourceTree = "<group>";
		};
		2103FEB32C9DEEED0020D1AE /* Couples */ = {
			isa = PBXGroup;
			children = (
				21BDB40B2C89BB060097F90E /* couples_close_en.txt */,
				2103FEAC2C9C37130020D1AE /* couples_closer_en.txt */,
				2103FEAE2C9C37290020D1AE /* couples_closest_en.txt */,
			);
			path = Couples;
			sourceTree = "<group>";
		};
		2103FEB42C9DEEFD0020D1AE /* Adult */ = {
			isa = PBXGroup;
			children = (
				2103FEB62C9DEF890020D1AE /* adult_taboo_ru.txt */,
				2103FEBA2C9DF1ED0020D1AE /* adult_sex_ru.txt */,
			);
			path = Adult;
			sourceTree = "<group>";
		};
		2103FEB52C9DEF030020D1AE /* Adult */ = {
			isa = PBXGroup;
			children = (
				2103FEB82C9DEF990020D1AE /* adult_taboo_en.txt */,
				2103FEBC2C9DF1FF0020D1AE /* adult_sex_en.txt */,
			);
			path = Adult;
			sourceTree = "<group>";
		};
		21835FB62CA16C50002A17E9 /* Sounds */ = {
			isa = PBXGroup;
			children = (
				21835FB92CA16E24002A17E9 /* Click1.mp3 */,
				21835FB72CA16C60002A17E9 /* CardSwipe.mp3 */,
			);
			path = Sounds;
			sourceTree = "<group>";
		};
		21835FC42CA3002E002A17E9 /* hearttalkWidgetExtension */ = {
			isa = PBXGroup;
			children = (
				21835FD52CA3005C002A17E9 /* Widgets */,
				21835FC52CA3002E002A17E9 /* hearttalkWidgetExtensionBundle.swift */,
				21835FCB2CA30030002A17E9 /* Assets.xcassets */,
				21835FCD2CA30030002A17E9 /* Info.plist */,
			);
			path = hearttalkWidgetExtension;
			sourceTree = "<group>";
		};
		21835FD52CA3005C002A17E9 /* Widgets */ = {
			isa = PBXGroup;
			children = (
				21835FD62CA3008E002A17E9 /* AddCardWidget.swift */,
				21835FD92CA30B85002A17E9 /* DailyCardWidget.swift */,
			);
			path = Widgets;
			sourceTree = "<group>";
		};
		21BDB3892C88E0180097F90E = {
			isa = PBXGroup;
			children = (
				21A18B862CA323BD00D0EB6B /* hearttalkWidgetExtensionExtension.entitlements */,
				21BDB3942C88E0180097F90E /* hearttalk */,
				21835FC42CA3002E002A17E9 /* hearttalkWidgetExtension */,
				21BDB3932C88E0180097F90E /* Products */,
				1AF8A86639B2CE8FEFC5B808 /* Pods */,
				7E650386A8608DAEA832AA7B /* Frameworks */,
			);
			sourceTree = "<group>";
		};
		21BDB3932C88E0180097F90E /* Products */ = {
			isa = PBXGroup;
			children = (
				21BDB3922C88E0180097F90E /* hearttalk.app */,
				21835FBF2CA3002E002A17E9 /* hearttalkWidgetExtensionExtension.appex */,
			);
			name = Products;
			sourceTree = "<group>";
		};
		21BDB3942C88E0180097F90E /* hearttalk */ = {
			isa = PBXGroup;
			children = (
				21A18B852CA323A200D0EB6B /* hearttalk.entitlements */,
				21BDB3FC2C89A0220097F90E /* Preview Content */,
				21BDB3FA2C899ED50097F90E /* Info.plist */,
				21BDB3AB2C899ADD0097F90E /* Assets */,
				21BDB3C22C899ADD0097F90E /* Extensions */,
				21BDB3C62C899ADD0097F90E /* Models */,
				21BDB3A42C899ADD0097F90E /* ProjectApp.swift */,
				21BDB3B22C899ADD0097F90E /* ViewModels */,
				21BDB3D22C899ADD0097F90E /* Views */,
			);
			path = hearttalk;
			sourceTree = "<group>";
		};
		21BDB3A72C899ADD0097F90E /* Fonts */ = {
			isa = PBXGroup;
			children = (
				21BDB4132C89C87B0097F90E /* PlayfairDisplay-SemiBold.ttf */,
				21BDB3F82C899E970097F90E /* PlayfairDisplay-Regular.ttf */,
			);
			path = Fonts;
			sourceTree = "<group>";
		};
		21BDB3AB2C899ADD0097F90E /* Assets */ = {
			isa = PBXGroup;
			children = (
				21BDB4442C8B69520097F90E /* Localization */,
				2103FDD22C8B9F9E0020D1AE /* PDF */,
				21BDB4082C89B9940097F90E /* TextContent */,
				21835FB62CA16C50002A17E9 /* Sounds */,
				21BDB3A72C899ADD0097F90E /* Fonts */,
				21BDB3AA2C899ADD0097F90E /* Assets.xcassets */,
			);
			path = Assets;
			sourceTree = "<group>";
		};
		21BDB3B22C899ADD0097F90E /* ViewModels */ = {
			isa = PBXGroup;
			children = (
				21BDB3B02C899ADD0097F90E /* RequestManager.swift */,
				21BDB4022C89B42D0097F90E /* RealmManager.swift */,
				21BDB42E2C8B195A0097F90E /* NetworkManager.swift */,
				21BDB3B12C899ADD0097F90E /* ViewModel.swift */,
			);
			path = ViewModels;
			sourceTree = "<group>";
		};
		21BDB3BA2C899ADD0097F90E /* Structs */ = {
			isa = PBXGroup;
			children = (
				21BDB3FE2C89A1940097F90E /* NavigationBar.swift */,
				21BDB4002C89A35C0097F90E /* HomeCards.swift */,
				2103FEA22C9C1DF70020D1AE /* HomePacks.swift */,
				21BDB4112C89C7D40097F90E /* ListItem.swift */,
				21BDB4172C89CB970097F90E /* AboutListItem.swift */,
				21835FAE2CA144F6002A17E9 /* SettingsListItem.swift */,
				21BDB41B2C8A2F900097F90E /* FillField.swift */,
				21BDB4242C8AE0390097F90E /* Card.swift */,
				2103FEC42CA04E520020D1AE /* NoteCard.swift */,
				21BDB43C2C8B61820097F90E /* WhatIsCard.swift */,
				21BDB4262C8AFC0A0097F90E /* CardForShare.swift */,
				2103FDD02C8B9EF10020D1AE /* PDF.swift */,
				2103FEBE2C9EA0A80020D1AE /* ColorPicker.swift */,
				2103FEC62CA0558D0020D1AE /* TextView.swift */,
			);
			path = Structs;
			sourceTree = "<group>";
		};
		21BDB3BC2C899ADD0097F90E /* SwiftUI */ = {
			isa = PBXGroup;
			children = (
				21BDB4062C89B8E20097F90E /* Color+.swift */,
				21BDB42A2C8AFC4B0097F90E /* View+.swift */,
			);
			path = SwiftUI;
			sourceTree = "<group>";
		};
		21BDB3BF2C899ADD0097F90E /* UIKit */ = {
			isa = PBXGroup;
			children = (
				21BDB42C2C8B0B4A0097F90E /* ActivityView.swift */,
				21BDB4342C8B1E300097F90E /* UIApplication+.swift */,
				21BDB4362C8B1F6F0097F90E /* Vibration.swift */,
				21835FB42CA16B57002A17E9 /* Sound.swift */,
				21835FB22CA1545A002A17E9 /* String+.swift */,
			);
			path = UIKit;
			sourceTree = "<group>";
		};
		21BDB3C22C899ADD0097F90E /* Extensions */ = {
			isa = PBXGroup;
			children = (
				21BDB41D2C8A33310097F90E /* Shape */,
				21BDB3BA2C899ADD0097F90E /* Structs */,
				21BDB3BC2C899ADD0097F90E /* SwiftUI */,
				21BDB3BF2C899ADD0097F90E /* UIKit */,
				21BDB3C12C899ADD0097F90E /* Enums.swift */,
			);
			path = Extensions;
			sourceTree = "<group>";
		};
		21BDB3C62C899ADD0097F90E /* Models */ = {
			isa = PBXGroup;
			children = (
				21BDB4042C89B4A00097F90E /* Cards.swift */,
				21BDB4322C8B1D140097F90E /* OpenAI.swift */,
			);
			path = Models;
			sourceTree = "<group>";
		};
		21BDB3D22C899ADD0097F90E /* Views */ = {
			isa = PBXGroup;
			children = (
				21BDB3CD2C899ADD0097F90E /* LoadingScreen.swift */,
				21BDB3CB2C899ADD0097F90E /* HomeScreen.swift */,
				2103FEA42C9C1F3E0020D1AE /* PacksScreen.swift */,
				21BDB40F2C89C2B50097F90E /* Questions.swift */,
				21BDB4152C89CA440097F90E /* AboutApp.swift */,
				21835FAC2CA13F96002A17E9 /* Settings.swift */,
				21BDB4192C8A2EA80097F90E /* CreateScreen.swift */,
				2103FEC02CA0457A0020D1AE /* CreateNote.swift */,
				2103FEC22CA04D4C0020D1AE /* Notes.swift */,
				21BDB4302C8B1B160097F90E /* GenerateScreen.swift */,
				21BDB43A2C8B61330097F90E /* WhatIsTheApp.swift */,
				2103FDCE2C8B9ECA0020D1AE /* PDFScreen.swift */,
			);
			path = Views;
			sourceTree = "<group>";
		};
		21BDB3FC2C89A0220097F90E /* Preview Content */ = {
			isa = PBXGroup;
			children = (
				21BDB3FB2C89A0220097F90E /* Preview Assets.xcassets */,
			);
			path = "Preview Content";
			sourceTree = "<group>";
		};
		21BDB4082C89B9940097F90E /* TextContent */ = {
			isa = PBXGroup;
			children = (
				21BDB4222C8A4DAB0097F90E /* created.txt */,
				21BDB4202C8A4C380097F90E /* favorites.txt */,
				21BDB4392C8B24210097F90E /* Ru */,
				21BDB4382C8B24160097F90E /* En */,
			);
			path = TextContent;
			sourceTree = "<group>";
		};
		21BDB41D2C8A33310097F90E /* Shape */ = {
			isa = PBXGroup;
			children = (
				21BDB41E2C8A33540097F90E /* CustomRoundedRectangle.swift */,
			);
			path = Shape;
			sourceTree = "<group>";
		};
		21BDB4382C8B24160097F90E /* En */ = {
			isa = PBXGroup;
			children = (
				2103FEB52C9DEF030020D1AE /* Adult */,
				2103FEB12C9DEED60020D1AE /* Default */,
				2103FEB32C9DEEED0020D1AE /* Couples */,
			);
			path = En;
			sourceTree = "<group>";
		};
		21BDB4392C8B24210097F90E /* Ru */ = {
			isa = PBXGroup;
			children = (
				2103FEB42C9DEEFD0020D1AE /* Adult */,
				2103FEB02C9DEEC90020D1AE /* Default */,
				2103FEB22C9DEEE20020D1AE /* Couples */,
			);
			path = Ru;
			sourceTree = "<group>";
		};
		21BDB4442C8B69520097F90E /* Localization */ = {
			isa = PBXGroup;
			children = (
				21BDB3A52C899ADD0097F90E /* Localization.swift */,
				21BDB4452C8B69630097F90E /* Localizable.strings */,
			);
			path = Localization;
			sourceTree = "<group>";
		};
		7E650386A8608DAEA832AA7B /* Frameworks */ = {
			isa = PBXGroup;
			children = (
				7F04D0D3CFAA742CBEF7DDEB /* Pods_hearttalk.framework */,
				21835FC02CA3002E002A17E9 /* WidgetKit.framework */,
				21835FC22CA3002E002A17E9 /* SwiftUI.framework */,
				018A66986B786D8101FFA613 /* Pods_hearttalkWidgetExtensionExtension.framework */,
			);
			name = Frameworks;
			sourceTree = "<group>";
		};
/* End PBXGroup section */

/* Begin PBXNativeTarget section */
		21835FBE2CA3002E002A17E9 /* hearttalkWidgetExtensionExtension */ = {
			isa = PBXNativeTarget;
			buildConfigurationList = 21835FD12CA30030002A17E9 /* Build configuration list for PBXNativeTarget "hearttalkWidgetExtensionExtension" */;
			buildPhases = (
				E09788E8A4A885BE2C014755 /* [CP] Check Pods Manifest.lock */,
				21835FBB2CA3002E002A17E9 /* Sources */,
				21835FBC2CA3002E002A17E9 /* Frameworks */,
				21835FBD2CA3002E002A17E9 /* Resources */,
			);
			buildRules = (
			);
			dependencies = (
			);
			name = hearttalkWidgetExtensionExtension;
			productName = hearttalkWidgetExtensionExtension;
			productReference = 21835FBF2CA3002E002A17E9 /* hearttalkWidgetExtensionExtension.appex */;
			productType = "com.apple.product-type.app-extension";
		};
		21BDB3912C88E0180097F90E /* hearttalk */ = {
			isa = PBXNativeTarget;
			buildConfigurationList = 21BDB3A02C88E01A0097F90E /* Build configuration list for PBXNativeTarget "hearttalk" */;
			buildPhases = (
				86FF3BC669654373AC503E56 /* [CP] Check Pods Manifest.lock */,
				21BDB38E2C88E0180097F90E /* Sources */,
				21BDB38F2C88E0180097F90E /* Frameworks */,
				21BDB3902C88E0180097F90E /* Resources */,
				A254E21A2EF0A44458BA721D /* [CP] Embed Pods Frameworks */,
				21835FD42CA30030002A17E9 /* Embed Foundation Extensions */,
			);
			buildRules = (
			);
			dependencies = (
				21835FCF2CA30030002A17E9 /* PBXTargetDependency */,
			);
			name = hearttalk;
			productName = hearttalk;
			productReference = 21BDB3922C88E0180097F90E /* hearttalk.app */;
			productType = "com.apple.product-type.application";
		};
/* End PBXNativeTarget section */

/* Begin PBXProject section */
		21BDB38A2C88E0180097F90E /* Project object */ = {
			isa = PBXProject;
			attributes = {
				BuildIndependentTargetsInParallel = 1;
				LastSwiftUpdateCheck = 1530;
				LastUpgradeCheck = 1530;
				TargetAttributes = {
					21835FBE2CA3002E002A17E9 = {
						CreatedOnToolsVersion = 15.3;
					};
					21BDB3912C88E0180097F90E = {
						CreatedOnToolsVersion = 15.3;
						LastSwiftMigration = 1530;
					};
				};
			};
			buildConfigurationList = 21BDB38D2C88E0180097F90E /* Build configuration list for PBXProject "hearttalk" */;
			compatibilityVersion = "Xcode 14.0";
			developmentRegion = en;
			hasScannedForEncodings = 0;
			knownRegions = (
				en,
				Base,
				ru,
			);
			mainGroup = 21BDB3892C88E0180097F90E;
			productRefGroup = 21BDB3932C88E0180097F90E /* Products */;
			projectDirPath = "";
			projectRoot = "";
			targets = (
				21BDB3912C88E0180097F90E /* hearttalk */,
				21835FBE2CA3002E002A17E9 /* hearttalkWidgetExtensionExtension */,
			);
		};
/* End PBXProject section */

/* Begin PBXResourcesBuildPhase section */
		21835FBD2CA3002E002A17E9 /* Resources */ = {
			isa = PBXResourcesBuildPhase;
			buildActionMask = 2147483647;
			files = (
				21835FDB2CA30CCE002A17E9 /* PlayfairDisplay-Regular.ttf in Resources */,
				21835FCC2CA30030002A17E9 /* Assets.xcassets in Resources */,
			);
			runOnlyForDeploymentPostprocessing = 0;
		};
		21BDB3902C88E0180097F90E /* Resources */ = {
			isa = PBXResourcesBuildPhase;
			buildActionMask = 2147483647;
			files = (
				2103FDD82C8BA2090020D1AE /* PrivacyPolicy.pdf in Resources */,
				2103FEB92C9DEF990020D1AE /* adult_taboo_en.txt in Resources */,
				21BDB40D2C89C1200097F90E /* couples_close_en.txt in Resources */,
				21835FBA2CA16E24002A17E9 /* Click1.mp3 in Resources */,
				21BDB40E2C89C1200097F90E /* default_family_en.txt in Resources */,
				21BDB40A2C89B9D30097F90E /* default_simple_en.txt in Resources */,
				21BDB4432C8B664D0097F90E /* couples_closest_ru.txt in Resources */,
				2103FEBD2C9DF1FF0020D1AE /* adult_sex_en.txt in Resources */,
				21835FB82CA16C60002A17E9 /* CardSwipe.mp3 in Resources */,
				2103FEAB2C9C35E90020D1AE /* default_family_ru.txt in Resources */,
				21BDB4232C8A4DAB0097F90E /* created.txt in Resources */,
				2103FEAF2C9C37290020D1AE /* couples_closest_en.txt in Resources */,
				2103FEB72C9DEF890020D1AE /* adult_taboo_ru.txt in Resources */,
				21BDB4142C89C87B0097F90E /* PlayfairDisplay-SemiBold.ttf in Resources */,
				21BDB3F92C899E970097F90E /* PlayfairDisplay-Regular.ttf in Resources */,
				21BDB3FD2C89A0220097F90E /* Preview Assets.xcassets in Resources */,
				21BDB43F2C8B66220097F90E /* default_simple_ru.txt in Resources */,
				21BDB4472C8B69630097F90E /* Localizable.strings in Resources */,
				2103FEAA2C9C35E30020D1AE /* couples_closer_ru.txt in Resources */,
				2103FEAD2C9C37130020D1AE /* couples_closer_en.txt in Resources */,
				2103FEBB2C9DF1ED0020D1AE /* adult_sex_ru.txt in Resources */,
				21BDB4212C8A4C380097F90E /* favorites.txt in Resources */,
				2103FDD62C8BA1660020D1AE /* TermsOfUse.pdf in Resources */,
				21BDB3D82C899ADD0097F90E /* Assets.xcassets in Resources */,
				21BDB4412C8B663E0097F90E /* couples_close_ru.txt in Resources */,
			);
			runOnlyForDeploymentPostprocessing = 0;
		};
/* End PBXResourcesBuildPhase section */

/* Begin PBXShellScriptBuildPhase section */
		86FF3BC669654373AC503E56 /* [CP] Check Pods Manifest.lock */ = {
			isa = PBXShellScriptBuildPhase;
			buildActionMask = 2147483647;
			files = (
			);
			inputFileListPaths = (
			);
			inputPaths = (
				"${PODS_PODFILE_DIR_PATH}/Podfile.lock",
				"${PODS_ROOT}/Manifest.lock",
			);
			name = "[CP] Check Pods Manifest.lock";
			outputFileListPaths = (
			);
			outputPaths = (
				"$(DERIVED_FILE_DIR)/Pods-hearttalk-checkManifestLockResult.txt",
			);
			runOnlyForDeploymentPostprocessing = 0;
			shellPath = /bin/sh;
			shellScript = "diff \"${PODS_PODFILE_DIR_PATH}/Podfile.lock\" \"${PODS_ROOT}/Manifest.lock\" > /dev/null\nif [ $? != 0 ] ; then\n    # print error to STDERR\n    echo \"error: The sandbox is not in sync with the Podfile.lock. Run 'pod install' or update your CocoaPods installation.\" >&2\n    exit 1\nfi\n# This output is used by Xcode 'outputs' to avoid re-running this script phase.\necho \"SUCCESS\" > \"${SCRIPT_OUTPUT_FILE_0}\"\n";
			showEnvVarsInLog = 0;
		};
		A254E21A2EF0A44458BA721D /* [CP] Embed Pods Frameworks */ = {
			isa = PBXShellScriptBuildPhase;
			buildActionMask = 2147483647;
			files = (
			);
			inputFileListPaths = (
				"${PODS_ROOT}/Target Support Files/Pods-hearttalk/Pods-hearttalk-frameworks-${CONFIGURATION}-input-files.xcfilelist",
			);
			name = "[CP] Embed Pods Frameworks";
			outputFileListPaths = (
				"${PODS_ROOT}/Target Support Files/Pods-hearttalk/Pods-hearttalk-frameworks-${CONFIGURATION}-output-files.xcfilelist",
			);
			runOnlyForDeploymentPostprocessing = 0;
			shellPath = /bin/sh;
			shellScript = "\"${PODS_ROOT}/Target Support Files/Pods-hearttalk/Pods-hearttalk-frameworks.sh\"\n";
			showEnvVarsInLog = 0;
		};
		E09788E8A4A885BE2C014755 /* [CP] Check Pods Manifest.lock */ = {
			isa = PBXShellScriptBuildPhase;
			buildActionMask = 2147483647;
			files = (
			);
			inputFileListPaths = (
			);
			inputPaths = (
				"${PODS_PODFILE_DIR_PATH}/Podfile.lock",
				"${PODS_ROOT}/Manifest.lock",
			);
			name = "[CP] Check Pods Manifest.lock";
			outputFileListPaths = (
			);
			outputPaths = (
				"$(DERIVED_FILE_DIR)/Pods-hearttalkWidgetExtensionExtension-checkManifestLockResult.txt",
			);
			runOnlyForDeploymentPostprocessing = 0;
			shellPath = /bin/sh;
			shellScript = "diff \"${PODS_PODFILE_DIR_PATH}/Podfile.lock\" \"${PODS_ROOT}/Manifest.lock\" > /dev/null\nif [ $? != 0 ] ; then\n    # print error to STDERR\n    echo \"error: The sandbox is not in sync with the Podfile.lock. Run 'pod install' or update your CocoaPods installation.\" >&2\n    exit 1\nfi\n# This output is used by Xcode 'outputs' to avoid re-running this script phase.\necho \"SUCCESS\" > \"${SCRIPT_OUTPUT_FILE_0}\"\n";
			showEnvVarsInLog = 0;
		};
/* End PBXShellScriptBuildPhase section */

/* Begin PBXSourcesBuildPhase section */
		21835FBB2CA3002E002A17E9 /* Sources */ = {
			isa = PBXSourcesBuildPhase;
			buildActionMask = 2147483647;
			files = (
				21835FD72CA3008E002A17E9 /* AddCardWidget.swift in Sources */,
				21835FC62CA3002E002A17E9 /* hearttalkWidgetExtensionBundle.swift in Sources */,
				21835FDC2CA30CEC002A17E9 /* Localization.swift in Sources */,
				21A18B842CA319ED00D0EB6B /* Cards.swift in Sources */,
				21A18B872CA3F14C00D0EB6B /* View+.swift in Sources */,
				21835FDA2CA30B85002A17E9 /* DailyCardWidget.swift in Sources */,
				21A18B832CA319DF00D0EB6B /* String+.swift in Sources */,
				21835FDE2CA3109C002A17E9 /* RealmManager.swift in Sources */,
			);
			runOnlyForDeploymentPostprocessing = 0;
		};
		21BDB38E2C88E0180097F90E /* Sources */ = {
			isa = PBXSourcesBuildPhase;
			buildActionMask = 2147483647;
			files = (
				21BDB4372C8B1F6F0097F90E /* Vibration.swift in Sources */,
				21BDB4102C89C2B50097F90E /* Questions.swift in Sources */,
				21835FAF2CA144F6002A17E9 /* SettingsListItem.swift in Sources */,
				2103FEBF2C9EA0A80020D1AE /* ColorPicker.swift in Sources */,
				2103FEC72CA0558D0020D1AE /* TextView.swift in Sources */,
				21BDB3F32C899ADD0097F90E /* LoadingScreen.swift in Sources */,
				21BDB4272C8AFC0B0097F90E /* CardForShare.swift in Sources */,
				21BDB4332C8B1D140097F90E /* OpenAI.swift in Sources */,
				21BDB4072C89B8E20097F90E /* Color+.swift in Sources */,
				21BDB42B2C8AFC4B0097F90E /* View+.swift in Sources */,
				21BDB3EA2C899ADD0097F90E /* Enums.swift in Sources */,
				21BDB4182C89CB970097F90E /* AboutListItem.swift in Sources */,
				21BDB3DE2C899ADD0097F90E /* ViewModel.swift in Sources */,
				2103FEA32C9C1DF70020D1AE /* HomePacks.swift in Sources */,
				2103FDCF2C8B9ECA0020D1AE /* PDFScreen.swift in Sources */,
				21BDB4012C89A35C0097F90E /* HomeCards.swift in Sources */,
				21BDB4252C8AE0390097F90E /* Card.swift in Sources */,
				21BDB3FF2C89A1940097F90E /* NavigationBar.swift in Sources */,
				21BDB4052C89B4A00097F90E /* Cards.swift in Sources */,
				2103FEC32CA04D4C0020D1AE /* Notes.swift in Sources */,
				21BDB42F2C8B195A0097F90E /* NetworkManager.swift in Sources */,
				21BDB4352C8B1E300097F90E /* UIApplication+.swift in Sources */,
				21BDB4122C89C7D40097F90E /* ListItem.swift in Sources */,
				21BDB4162C89CA440097F90E /* AboutApp.swift in Sources */,
				21BDB3D42C899ADD0097F90E /* ProjectApp.swift in Sources */,
				21BDB3DD2C899ADD0097F90E /* RequestManager.swift in Sources */,
				21BDB4032C89B42D0097F90E /* RealmManager.swift in Sources */,
				2103FEC52CA04E520020D1AE /* NoteCard.swift in Sources */,
				21BDB41F2C8A33540097F90E /* CustomRoundedRectangle.swift in Sources */,
				2103FEC12CA0457A0020D1AE /* CreateNote.swift in Sources */,
				21BDB42D2C8B0B4A0097F90E /* ActivityView.swift in Sources */,
				21BDB3F12C899ADD0097F90E /* HomeScreen.swift in Sources */,
				21BDB3D52C899ADD0097F90E /* Localization.swift in Sources */,
				21BDB43D2C8B61820097F90E /* WhatIsCard.swift in Sources */,
				21BDB43B2C8B61330097F90E /* WhatIsTheApp.swift in Sources */,
				21835FAD2CA13F96002A17E9 /* Settings.swift in Sources */,
				21835FB52CA16B57002A17E9 /* Sound.swift in Sources */,
				21BDB4312C8B1B160097F90E /* GenerateScreen.swift in Sources */,
				21BDB41A2C8A2EA80097F90E /* CreateScreen.swift in Sources */,
				2103FDD12C8B9EF10020D1AE /* PDF.swift in Sources */,
				2103FEA52C9C1F3E0020D1AE /* PacksScreen.swift in Sources */,
				21835FB32CA1545A002A17E9 /* String+.swift in Sources */,
				21BDB41C2C8A2F900097F90E /* FillField.swift in Sources */,
			);
			runOnlyForDeploymentPostprocessing = 0;
		};
/* End PBXSourcesBuildPhase section */

/* Begin PBXTargetDependency section */
		21835FCF2CA30030002A17E9 /* PBXTargetDependency */ = {
			isa = PBXTargetDependency;
			target = 21835FBE2CA3002E002A17E9 /* hearttalkWidgetExtensionExtension */;
			targetProxy = 21835FCE2CA30030002A17E9 /* PBXContainerItemProxy */;
		};
/* End PBXTargetDependency section */

/* Begin PBXVariantGroup section */
		21BDB4452C8B69630097F90E /* Localizable.strings */ = {
			isa = PBXVariantGroup;
			children = (
				21BDB4462C8B69630097F90E /* en */,
				21BDB4482C8B696A0097F90E /* ru */,
			);
			name = Localizable.strings;
			sourceTree = "<group>";
		};
/* End PBXVariantGroup section */

/* Begin XCBuildConfiguration section */
		21835FD22CA30030002A17E9 /* Debug */ = {
			isa = XCBuildConfiguration;
			baseConfigurationReference = F8E8BD01C39DB58DFAFB74AD /* Pods-hearttalkWidgetExtensionExtension.debug.xcconfig */;
			buildSettings = {
				ASSETCATALOG_COMPILER_GLOBAL_ACCENT_COLOR_NAME = AccentColor;
				ASSETCATALOG_COMPILER_WIDGET_BACKGROUND_COLOR_NAME = WidgetBackground;
				CODE_SIGN_ENTITLEMENTS = hearttalkWidgetExtensionExtension.entitlements;
				CODE_SIGN_STYLE = Automatic;
				CURRENT_PROJECT_VERSION = 1;
				DEVELOPMENT_TEAM = QN6RC23FCQ;
				GENERATE_INFOPLIST_FILE = YES;
				INFOPLIST_FILE = hearttalkWidgetExtension/Info.plist;
				INFOPLIST_KEY_CFBundleDisplayName = hearttalkWidgetExtension;
				INFOPLIST_KEY_NSHumanReadableCopyright = "";
				LD_RUNPATH_SEARCH_PATHS = (
					"$(inherited)",
					"@executable_path/Frameworks",
					"@executable_path/../../Frameworks",
				);
				MARKETING_VERSION = 1.0;
				PRODUCT_BUNDLE_IDENTIFIER = ruslanparastaev.hearttalk.hearttalkWidgetExtension;
				PRODUCT_NAME = "$(TARGET_NAME)";
				SKIP_INSTALL = YES;
				SWIFT_EMIT_LOC_STRINGS = YES;
				SWIFT_VERSION = 5.0;
				TARGETED_DEVICE_FAMILY = "1,2";
			};
			name = Debug;
		};
		21835FD32CA30030002A17E9 /* Release */ = {
			isa = XCBuildConfiguration;
			baseConfigurationReference = 8E46BEC5504BE82D606C22EB /* Pods-hearttalkWidgetExtensionExtension.release.xcconfig */;
			buildSettings = {
				ASSETCATALOG_COMPILER_GLOBAL_ACCENT_COLOR_NAME = AccentColor;
				ASSETCATALOG_COMPILER_WIDGET_BACKGROUND_COLOR_NAME = WidgetBackground;
				CODE_SIGN_ENTITLEMENTS = hearttalkWidgetExtensionExtension.entitlements;
				CODE_SIGN_STYLE = Automatic;
				CURRENT_PROJECT_VERSION = 1;
				DEVELOPMENT_TEAM = QN6RC23FCQ;
				GENERATE_INFOPLIST_FILE = YES;
				INFOPLIST_FILE = hearttalkWidgetExtension/Info.plist;
				INFOPLIST_KEY_CFBundleDisplayName = hearttalkWidgetExtension;
				INFOPLIST_KEY_NSHumanReadableCopyright = "";
				LD_RUNPATH_SEARCH_PATHS = (
					"$(inherited)",
					"@executable_path/Frameworks",
					"@executable_path/../../Frameworks",
				);
				MARKETING_VERSION = 1.0;
				PRODUCT_BUNDLE_IDENTIFIER = ruslanparastaev.hearttalk.hearttalkWidgetExtension;
				PRODUCT_NAME = "$(TARGET_NAME)";
				SKIP_INSTALL = YES;
				SWIFT_EMIT_LOC_STRINGS = YES;
				SWIFT_VERSION = 5.0;
				TARGETED_DEVICE_FAMILY = "1,2";
			};
			name = Release;
		};
		21BDB39E2C88E01A0097F90E /* Debug */ = {
			isa = XCBuildConfiguration;
			buildSettings = {
				ALWAYS_SEARCH_USER_PATHS = NO;
				ASSETCATALOG_COMPILER_GENERATE_SWIFT_ASSET_SYMBOL_EXTENSIONS = YES;
				CLANG_ANALYZER_NONNULL = YES;
				CLANG_ANALYZER_NUMBER_OBJECT_CONVERSION = YES_AGGRESSIVE;
				CLANG_CXX_LANGUAGE_STANDARD = "gnu++20";
				CLANG_ENABLE_MODULES = YES;
				CLANG_ENABLE_OBJC_ARC = YES;
				CLANG_ENABLE_OBJC_WEAK = YES;
				CLANG_WARN_BLOCK_CAPTURE_AUTORELEASING = YES;
				CLANG_WARN_BOOL_CONVERSION = YES;
				CLANG_WARN_COMMA = YES;
				CLANG_WARN_CONSTANT_CONVERSION = YES;
				CLANG_WARN_DEPRECATED_OBJC_IMPLEMENTATIONS = YES;
				CLANG_WARN_DIRECT_OBJC_ISA_USAGE = YES_ERROR;
				CLANG_WARN_DOCUMENTATION_COMMENTS = YES;
				CLANG_WARN_EMPTY_BODY = YES;
				CLANG_WARN_ENUM_CONVERSION = YES;
				CLANG_WARN_INFINITE_RECURSION = YES;
				CLANG_WARN_INT_CONVERSION = YES;
				CLANG_WARN_NON_LITERAL_NULL_CONVERSION = YES;
				CLANG_WARN_OBJC_IMPLICIT_RETAIN_SELF = YES;
				CLANG_WARN_OBJC_LITERAL_CONVERSION = YES;
				CLANG_WARN_OBJC_ROOT_CLASS = YES_ERROR;
				CLANG_WARN_QUOTED_INCLUDE_IN_FRAMEWORK_HEADER = YES;
				CLANG_WARN_RANGE_LOOP_ANALYSIS = YES;
				CLANG_WARN_STRICT_PROTOTYPES = YES;
				CLANG_WARN_SUSPICIOUS_MOVE = YES;
				CLANG_WARN_UNGUARDED_AVAILABILITY = YES_AGGRESSIVE;
				CLANG_WARN_UNREACHABLE_CODE = YES;
				CLANG_WARN__DUPLICATE_METHOD_MATCH = YES;
				COPY_PHASE_STRIP = NO;
				DEBUG_INFORMATION_FORMAT = dwarf;
				ENABLE_STRICT_OBJC_MSGSEND = YES;
				ENABLE_TESTABILITY = YES;
				ENABLE_USER_SCRIPT_SANDBOXING = YES;
				GCC_C_LANGUAGE_STANDARD = gnu17;
				GCC_DYNAMIC_NO_PIC = NO;
				GCC_NO_COMMON_BLOCKS = YES;
				GCC_OPTIMIZATION_LEVEL = 0;
				GCC_PREPROCESSOR_DEFINITIONS = (
					"DEBUG=1",
					"$(inherited)",
				);
				GCC_WARN_64_TO_32_BIT_CONVERSION = YES;
				GCC_WARN_ABOUT_RETURN_TYPE = YES_ERROR;
				GCC_WARN_UNDECLARED_SELECTOR = YES;
				GCC_WARN_UNINITIALIZED_AUTOS = YES_AGGRESSIVE;
				GCC_WARN_UNUSED_FUNCTION = YES;
				GCC_WARN_UNUSED_VARIABLE = YES;
				IPHONEOS_DEPLOYMENT_TARGET = 17.0;
				LOCALIZATION_PREFERS_STRING_CATALOGS = YES;
				MTL_ENABLE_DEBUG_INFO = INCLUDE_SOURCE;
				MTL_FAST_MATH = YES;
				ONLY_ACTIVE_ARCH = YES;
				SDKROOT = iphoneos;
				SWIFT_ACTIVE_COMPILATION_CONDITIONS = "DEBUG $(inherited)";
				SWIFT_OPTIMIZATION_LEVEL = "-Onone";
			};
			name = Debug;
		};
		21BDB39F2C88E01A0097F90E /* Release */ = {
			isa = XCBuildConfiguration;
			buildSettings = {
				ALWAYS_SEARCH_USER_PATHS = NO;
				ASSETCATALOG_COMPILER_GENERATE_SWIFT_ASSET_SYMBOL_EXTENSIONS = YES;
				CLANG_ANALYZER_NONNULL = YES;
				CLANG_ANALYZER_NUMBER_OBJECT_CONVERSION = YES_AGGRESSIVE;
				CLANG_CXX_LANGUAGE_STANDARD = "gnu++20";
				CLANG_ENABLE_MODULES = YES;
				CLANG_ENABLE_OBJC_ARC = YES;
				CLANG_ENABLE_OBJC_WEAK = YES;
				CLANG_WARN_BLOCK_CAPTURE_AUTORELEASING = YES;
				CLANG_WARN_BOOL_CONVERSION = YES;
				CLANG_WARN_COMMA = YES;
				CLANG_WARN_CONSTANT_CONVERSION = YES;
				CLANG_WARN_DEPRECATED_OBJC_IMPLEMENTATIONS = YES;
				CLANG_WARN_DIRECT_OBJC_ISA_USAGE = YES_ERROR;
				CLANG_WARN_DOCUMENTATION_COMMENTS = YES;
				CLANG_WARN_EMPTY_BODY = YES;
				CLANG_WARN_ENUM_CONVERSION = YES;
				CLANG_WARN_INFINITE_RECURSION = YES;
				CLANG_WARN_INT_CONVERSION = YES;
				CLANG_WARN_NON_LITERAL_NULL_CONVERSION = YES;
				CLANG_WARN_OBJC_IMPLICIT_RETAIN_SELF = YES;
				CLANG_WARN_OBJC_LITERAL_CONVERSION = YES;
				CLANG_WARN_OBJC_ROOT_CLASS = YES_ERROR;
				CLANG_WARN_QUOTED_INCLUDE_IN_FRAMEWORK_HEADER = YES;
				CLANG_WARN_RANGE_LOOP_ANALYSIS = YES;
				CLANG_WARN_STRICT_PROTOTYPES = YES;
				CLANG_WARN_SUSPICIOUS_MOVE = YES;
				CLANG_WARN_UNGUARDED_AVAILABILITY = YES_AGGRESSIVE;
				CLANG_WARN_UNREACHABLE_CODE = YES;
				CLANG_WARN__DUPLICATE_METHOD_MATCH = YES;
				COPY_PHASE_STRIP = NO;
				DEBUG_INFORMATION_FORMAT = "dwarf-with-dsym";
				ENABLE_NS_ASSERTIONS = NO;
				ENABLE_STRICT_OBJC_MSGSEND = YES;
				ENABLE_USER_SCRIPT_SANDBOXING = YES;
				GCC_C_LANGUAGE_STANDARD = gnu17;
				GCC_NO_COMMON_BLOCKS = YES;
				GCC_WARN_64_TO_32_BIT_CONVERSION = YES;
				GCC_WARN_ABOUT_RETURN_TYPE = YES_ERROR;
				GCC_WARN_UNDECLARED_SELECTOR = YES;
				GCC_WARN_UNINITIALIZED_AUTOS = YES_AGGRESSIVE;
				GCC_WARN_UNUSED_FUNCTION = YES;
				GCC_WARN_UNUSED_VARIABLE = YES;
				IPHONEOS_DEPLOYMENT_TARGET = 17.0;
				LOCALIZATION_PREFERS_STRING_CATALOGS = YES;
				MTL_ENABLE_DEBUG_INFO = NO;
				MTL_FAST_MATH = YES;
				SDKROOT = iphoneos;
				SWIFT_COMPILATION_MODE = wholemodule;
				VALIDATE_PRODUCT = YES;
			};
			name = Release;
		};
		21BDB3A12C88E01A0097F90E /* Debug */ = {
			isa = XCBuildConfiguration;
			baseConfigurationReference = 11F8054245486A51C275701B /* Pods-hearttalk.debug.xcconfig */;
			buildSettings = {
				ALWAYS_EMBED_SWIFT_STANDARD_LIBRARIES = YES;
				ASSETCATALOG_COMPILER_APPICON_NAME = AppIcon;
				ASSETCATALOG_COMPILER_GLOBAL_ACCENT_COLOR_NAME = AccentColor;
				CLANG_ENABLE_MODULES = YES;
				CODE_SIGN_ENTITLEMENTS = hearttalk/hearttalk.entitlements;
				CODE_SIGN_STYLE = Automatic;
				CURRENT_PROJECT_VERSION = 1;
				DEVELOPMENT_ASSET_PATHS = "\"hearttalk/Preview Content\"";
				DEVELOPMENT_TEAM = QN6RC23FCQ;
				ENABLE_PREVIEWS = YES;
				ENABLE_USER_SCRIPT_SANDBOXING = NO;
				GENERATE_INFOPLIST_FILE = YES;
				INFOPLIST_FILE = hearttalk/Info.plist;
				INFOPLIST_KEY_CFBundleDisplayName = "Heart Talk";
				INFOPLIST_KEY_NSMicrophoneUsageDescription = "Microphone access is required for this app.";
				INFOPLIST_KEY_NSSpeechRecognitionUsageDescription = "This app requires speech recognition.";
				INFOPLIST_KEY_UIApplicationSceneManifest_Generation = YES;
				INFOPLIST_KEY_UIApplicationSupportsIndirectInputEvents = YES;
				INFOPLIST_KEY_UIStatusBarStyle = UIStatusBarStyleLightContent;
				INFOPLIST_KEY_UISupportedInterfaceOrientations_iPad = "UIInterfaceOrientationPortrait UIInterfaceOrientationPortraitUpsideDown UIInterfaceOrientationLandscapeLeft UIInterfaceOrientationLandscapeRight";
				INFOPLIST_KEY_UISupportedInterfaceOrientations_iPhone = "UIInterfaceOrientationPortrait UIInterfaceOrientationLandscapeLeft UIInterfaceOrientationLandscapeRight";
				LD_RUNPATH_SEARCH_PATHS = (
					"$(inherited)",
					"@executable_path/Frameworks",
				);
				MARKETING_VERSION = 1.0;
				PRODUCT_BUNDLE_IDENTIFIER = ruslanparastaev.hearttalk;
				PRODUCT_NAME = "$(TARGET_NAME)";
				SWIFT_EMIT_LOC_STRINGS = YES;
				SWIFT_OPTIMIZATION_LEVEL = "-Onone";
				SWIFT_VERSION = 5.0;
				TARGETED_DEVICE_FAMILY = "1,2";
			};
			name = Debug;
		};
		21BDB3A22C88E01A0097F90E /* Release */ = {
			isa = XCBuildConfiguration;
			baseConfigurationReference = F1B06A95D27A6D9B24797D32 /* Pods-hearttalk.release.xcconfig */;
			buildSettings = {
				ALWAYS_EMBED_SWIFT_STANDARD_LIBRARIES = YES;
				ASSETCATALOG_COMPILER_APPICON_NAME = AppIcon;
				ASSETCATALOG_COMPILER_GLOBAL_ACCENT_COLOR_NAME = AccentColor;
				CLANG_ENABLE_MODULES = YES;
				CODE_SIGN_ENTITLEMENTS = hearttalk/hearttalk.entitlements;
				CODE_SIGN_STYLE = Automatic;
				CURRENT_PROJECT_VERSION = 1;
				DEVELOPMENT_ASSET_PATHS = "\"hearttalk/Preview Content\"";
				DEVELOPMENT_TEAM = QN6RC23FCQ;
				ENABLE_PREVIEWS = YES;
				ENABLE_USER_SCRIPT_SANDBOXING = NO;
				GENERATE_INFOPLIST_FILE = YES;
				INFOPLIST_FILE = hearttalk/Info.plist;
				INFOPLIST_KEY_CFBundleDisplayName = "Heart Talk";
				INFOPLIST_KEY_NSMicrophoneUsageDescription = "Microphone access is required for this app.";
				INFOPLIST_KEY_NSSpeechRecognitionUsageDescription = "This app requires speech recognition.";
				INFOPLIST_KEY_UIApplicationSceneManifest_Generation = YES;
				INFOPLIST_KEY_UIApplicationSupportsIndirectInputEvents = YES;
				INFOPLIST_KEY_UIStatusBarStyle = UIStatusBarStyleLightContent;
				INFOPLIST_KEY_UISupportedInterfaceOrientations_iPad = "UIInterfaceOrientationPortrait UIInterfaceOrientationPortraitUpsideDown UIInterfaceOrientationLandscapeLeft UIInterfaceOrientationLandscapeRight";
				INFOPLIST_KEY_UISupportedInterfaceOrientations_iPhone = "UIInterfaceOrientationPortrait UIInterfaceOrientationLandscapeLeft UIInterfaceOrientationLandscapeRight";
				LD_RUNPATH_SEARCH_PATHS = (
					"$(inherited)",
					"@executable_path/Frameworks",
				);
				MARKETING_VERSION = 1.0;
				PRODUCT_BUNDLE_IDENTIFIER = ruslanparastaev.hearttalk;
				PRODUCT_NAME = "$(TARGET_NAME)";
				SWIFT_EMIT_LOC_STRINGS = YES;
				SWIFT_VERSION = 5.0;
				TARGETED_DEVICE_FAMILY = "1,2";
			};
			name = Release;
		};
/* End XCBuildConfiguration section */

/* Begin XCConfigurationList section */
		21835FD12CA30030002A17E9 /* Build configuration list for PBXNativeTarget "hearttalkWidgetExtensionExtension" */ = {
			isa = XCConfigurationList;
			buildConfigurations = (
				21835FD22CA30030002A17E9 /* Debug */,
				21835FD32CA30030002A17E9 /* Release */,
			);
			defaultConfigurationIsVisible = 0;
			defaultConfigurationName = Release;
		};
		21BDB38D2C88E0180097F90E /* Build configuration list for PBXProject "hearttalk" */ = {
			isa = XCConfigurationList;
			buildConfigurations = (
				21BDB39E2C88E01A0097F90E /* Debug */,
				21BDB39F2C88E01A0097F90E /* Release */,
			);
			defaultConfigurationIsVisible = 0;
			defaultConfigurationName = Release;
		};
		21BDB3A02C88E01A0097F90E /* Build configuration list for PBXNativeTarget "hearttalk" */ = {
			isa = XCConfigurationList;
			buildConfigurations = (
				21BDB3A12C88E01A0097F90E /* Debug */,
				21BDB3A22C88E01A0097F90E /* Release */,
			);
			defaultConfigurationIsVisible = 0;
			defaultConfigurationName = Release;
		};
/* End XCConfigurationList section */
	};
	rootObject = 21BDB38A2C88E0180097F90E /* Project object */;
}
