// !$*UTF8*$!
{
	archiveVersion = 1;
	classes = {
	};
	objectVersion = 56;
	objects = {

/* Begin PBXBuildFile section */
		2103FDCF2C8B9ECA0020D1AE /* PDFScreen.swift in Sources */ = {isa = PBXBuildFile; fileRef = 2103FDCE2C8B9ECA0020D1AE /* PDFScreen.swift */; };
		2103FDD12C8B9EF10020D1AE /* PDF.swift in Sources */ = {isa = PBXBuildFile; fileRef = 2103FDD02C8B9EF10020D1AE /* PDF.swift */; };
		2103FDD62C8BA1660020D1AE /* TermsOfUse.pdf in Resources */ = {isa = PBXBuildFile; fileRef = 2103FDD52C8BA1660020D1AE /* TermsOfUse.pdf */; };
		2103FDD82C8BA2090020D1AE /* PrivacyPolicy.pdf in Resources */ = {isa = PBXBuildFile; fileRef = 2103FDD72C8BA2090020D1AE /* PrivacyPolicy.pdf */; };
		2103FDDC2C8E09D80020D1AE /* Info.plist in Resources */ = {isa = PBXBuildFile; fileRef = 2103FDDB2C8E09D80020D1AE /* Info.plist */; };
		21BDB3D42C899ADD0097F90E /* ProjectApp.swift in Sources */ = {isa = PBXBuildFile; fileRef = 21BDB3A42C899ADD0097F90E /* ProjectApp.swift */; };
		21BDB3D52C899ADD0097F90E /* Localization.swift in Sources */ = {isa = PBXBuildFile; fileRef = 21BDB3A52C899ADD0097F90E /* Localization.swift */; };
		21BDB3D82C899ADD0097F90E /* Assets.xcassets in Resources */ = {isa = PBXBuildFile; fileRef = 21BDB3AA2C899ADD0097F90E /* Assets.xcassets */; };
		21BDB3DE2C899ADD0097F90E /* ViewModel.swift in Sources */ = {isa = PBXBuildFile; fileRef = 21BDB3B12C899ADD0097F90E /* ViewModel.swift */; };
		21BDB3EA2C899ADD0097F90E /* Enums.swift in Sources */ = {isa = PBXBuildFile; fileRef = 21BDB3C12C899ADD0097F90E /* Enums.swift */; };
		21BDB3F12C899ADD0097F90E /* HomeScreen.swift in Sources */ = {isa = PBXBuildFile; fileRef = 21BDB3CB2C899ADD0097F90E /* HomeScreen.swift */; };
		21BDB3F32C899ADD0097F90E /* LoadingScreen.swift in Sources */ = {isa = PBXBuildFile; fileRef = 21BDB3CD2C899ADD0097F90E /* LoadingScreen.swift */; };
		21BDB3F92C899E970097F90E /* PlayfairDisplay-Regular.ttf in Resources */ = {isa = PBXBuildFile; fileRef = 21BDB3F82C899E970097F90E /* PlayfairDisplay-Regular.ttf */; };
		21BDB3FD2C89A0220097F90E /* Preview Assets.xcassets in Resources */ = {isa = PBXBuildFile; fileRef = 21BDB3FB2C89A0220097F90E /* Preview Assets.xcassets */; };
		21BDB3FF2C89A1940097F90E /* NavigationBar.swift in Sources */ = {isa = PBXBuildFile; fileRef = 21BDB3FE2C89A1940097F90E /* NavigationBar.swift */; };
		21BDB4012C89A35C0097F90E /* HomeCards.swift in Sources */ = {isa = PBXBuildFile; fileRef = 21BDB4002C89A35C0097F90E /* HomeCards.swift */; };
		21BDB4032C89B42D0097F90E /* RealmManager.swift in Sources */ = {isa = PBXBuildFile; fileRef = 21BDB4022C89B42D0097F90E /* RealmManager.swift */; };
		21BDB4052C89B4A00097F90E /* Cards.swift in Sources */ = {isa = PBXBuildFile; fileRef = 21BDB4042C89B4A00097F90E /* Cards.swift */; };
		21BDB4072C89B8E20097F90E /* Color+.swift in Sources */ = {isa = PBXBuildFile; fileRef = 21BDB4062C89B8E20097F90E /* Color+.swift */; };
		21BDB40A2C89B9D30097F90E /* default_en.txt in Resources */ = {isa = PBXBuildFile; fileRef = 21BDB4092C89B9D30097F90E /* default_en.txt */; };
		21BDB40D2C89C1200097F90E /* couples_en.txt in Resources */ = {isa = PBXBuildFile; fileRef = 21BDB40B2C89BB060097F90E /* couples_en.txt */; };
		21BDB40E2C89C1200097F90E /* family_en.txt in Resources */ = {isa = PBXBuildFile; fileRef = 21BDB40C2C89BB5A0097F90E /* family_en.txt */; };
		21BDB4102C89C2B50097F90E /* Questions.swift in Sources */ = {isa = PBXBuildFile; fileRef = 21BDB40F2C89C2B50097F90E /* Questions.swift */; };
		21BDB4122C89C7D40097F90E /* ListItem.swift in Sources */ = {isa = PBXBuildFile; fileRef = 21BDB4112C89C7D40097F90E /* ListItem.swift */; };
		21BDB4142C89C87B0097F90E /* PlayfairDisplay-SemiBold.ttf in Resources */ = {isa = PBXBuildFile; fileRef = 21BDB4132C89C87B0097F90E /* PlayfairDisplay-SemiBold.ttf */; };
		21BDB4162C89CA440097F90E /* AboutApp.swift in Sources */ = {isa = PBXBuildFile; fileRef = 21BDB4152C89CA440097F90E /* AboutApp.swift */; };
		21BDB4182C89CB970097F90E /* AboutListItem.swift in Sources */ = {isa = PBXBuildFile; fileRef = 21BDB4172C89CB970097F90E /* AboutListItem.swift */; };
		21BDB41A2C8A2EA80097F90E /* CreateScreen.swift in Sources */ = {isa = PBXBuildFile; fileRef = 21BDB4192C8A2EA80097F90E /* CreateScreen.swift */; };
		21BDB41C2C8A2F900097F90E /* FillField.swift in Sources */ = {isa = PBXBuildFile; fileRef = 21BDB41B2C8A2F900097F90E /* FillField.swift */; };
		21BDB41F2C8A33540097F90E /* CustomRoundedRectangle.swift in Sources */ = {isa = PBXBuildFile; fileRef = 21BDB41E2C8A33540097F90E /* CustomRoundedRectangle.swift */; };
		21BDB4212C8A4C380097F90E /* favorites.txt in Resources */ = {isa = PBXBuildFile; fileRef = 21BDB4202C8A4C380097F90E /* favorites.txt */; };
		21BDB4232C8A4DAB0097F90E /* my.txt in Resources */ = {isa = PBXBuildFile; fileRef = 21BDB4222C8A4DAB0097F90E /* my.txt */; };
		21BDB4252C8AE0390097F90E /* Card.swift in Sources */ = {isa = PBXBuildFile; fileRef = 21BDB4242C8AE0390097F90E /* Card.swift */; };
		21BDB4272C8AFC0B0097F90E /* CardForShare.swift in Sources */ = {isa = PBXBuildFile; fileRef = 21BDB4262C8AFC0A0097F90E /* CardForShare.swift */; };
		21BDB42B2C8AFC4B0097F90E /* View+.swift in Sources */ = {isa = PBXBuildFile; fileRef = 21BDB42A2C8AFC4B0097F90E /* View+.swift */; };
		21BDB42D2C8B0B4A0097F90E /* ActivityView.swift in Sources */ = {isa = PBXBuildFile; fileRef = 21BDB42C2C8B0B4A0097F90E /* ActivityView.swift */; };
		21BDB4352C8B1E300097F90E /* UIApplication+.swift in Sources */ = {isa = PBXBuildFile; fileRef = 21BDB4342C8B1E300097F90E /* UIApplication+.swift */; };
		21BDB4372C8B1F6F0097F90E /* Vibration.swift in Sources */ = {isa = PBXBuildFile; fileRef = 21BDB4362C8B1F6F0097F90E /* Vibration.swift */; };
		21BDB43B2C8B61330097F90E /* WhatIsTheApp.swift in Sources */ = {isa = PBXBuildFile; fileRef = 21BDB43A2C8B61330097F90E /* WhatIsTheApp.swift */; };
		21BDB43D2C8B61820097F90E /* WhatIsCard.swift in Sources */ = {isa = PBXBuildFile; fileRef = 21BDB43C2C8B61820097F90E /* WhatIsCard.swift */; };
		21BDB43F2C8B66220097F90E /* default_ru.txt in Resources */ = {isa = PBXBuildFile; fileRef = 21BDB43E2C8B66220097F90E /* default_ru.txt */; };
		21BDB4412C8B663E0097F90E /* couples_ru.txt in Resources */ = {isa = PBXBuildFile; fileRef = 21BDB4402C8B663E0097F90E /* couples_ru.txt */; };
		21BDB4432C8B664D0097F90E /* family_ru.txt in Resources */ = {isa = PBXBuildFile; fileRef = 21BDB4422C8B664D0097F90E /* family_ru.txt */; };
		21BDB4472C8B69630097F90E /* Localizable.strings in Resources */ = {isa = PBXBuildFile; fileRef = 21BDB4452C8B69630097F90E /* Localizable.strings */; };
		27203AAEFEE5F8D249BCCBB5 /* Pods_hearttalk.framework in Frameworks */ = {isa = PBXBuildFile; fileRef = 7F04D0D3CFAA742CBEF7DDEB /* Pods_hearttalk.framework */; };
/* End PBXBuildFile section */

/* Begin PBXFileReference section */
		11F8054245486A51C275701B /* Pods-hearttalk.debug.xcconfig */ = {isa = PBXFileReference; includeInIndex = 1; lastKnownFileType = text.xcconfig; name = "Pods-hearttalk.debug.xcconfig"; path = "Target Support Files/Pods-hearttalk/Pods-hearttalk.debug.xcconfig"; sourceTree = "<group>"; };
		2103FDCE2C8B9ECA0020D1AE /* PDFScreen.swift */ = {isa = PBXFileReference; lastKnownFileType = sourcecode.swift; path = PDFScreen.swift; sourceTree = "<group>"; };
		2103FDD02C8B9EF10020D1AE /* PDF.swift */ = {isa = PBXFileReference; lastKnownFileType = sourcecode.swift; path = PDF.swift; sourceTree = "<group>"; };
		2103FDD52C8BA1660020D1AE /* TermsOfUse.pdf */ = {isa = PBXFileReference; lastKnownFileType = image.pdf; path = TermsOfUse.pdf; sourceTree = "<group>"; };
		2103FDD72C8BA2090020D1AE /* PrivacyPolicy.pdf */ = {isa = PBXFileReference; lastKnownFileType = image.pdf; path = PrivacyPolicy.pdf; sourceTree = "<group>"; };
		2103FDDA2C8E09D80020D1AE /* en */ = {isa = PBXFileReference; lastKnownFileType = text.plist.xml; name = en; path = en.lproj/Info.plist; sourceTree = "<group>"; };
		2103FDDD2C8E09DB0020D1AE /* ru */ = {isa = PBXFileReference; lastKnownFileType = text.plist.xml; name = ru; path = ru.lproj/Info.plist; sourceTree = "<group>"; };
		21BDB3922C88E0180097F90E /* hearttalk.app */ = {isa = PBXFileReference; explicitFileType = wrapper.application; includeInIndex = 0; path = hearttalk.app; sourceTree = BUILT_PRODUCTS_DIR; };
		21BDB3A42C899ADD0097F90E /* ProjectApp.swift */ = {isa = PBXFileReference; fileEncoding = 4; lastKnownFileType = sourcecode.swift; path = ProjectApp.swift; sourceTree = "<group>"; };
		21BDB3A52C899ADD0097F90E /* Localization.swift */ = {isa = PBXFileReference; fileEncoding = 4; lastKnownFileType = sourcecode.swift; path = Localization.swift; sourceTree = "<group>"; };
		21BDB3AA2C899ADD0097F90E /* Assets.xcassets */ = {isa = PBXFileReference; lastKnownFileType = folder.assetcatalog; path = Assets.xcassets; sourceTree = "<group>"; };
		21BDB3B12C899ADD0097F90E /* ViewModel.swift */ = {isa = PBXFileReference; fileEncoding = 4; lastKnownFileType = sourcecode.swift; path = ViewModel.swift; sourceTree = "<group>"; };
		21BDB3C12C899ADD0097F90E /* Enums.swift */ = {isa = PBXFileReference; fileEncoding = 4; lastKnownFileType = sourcecode.swift; path = Enums.swift; sourceTree = "<group>"; };
		21BDB3CB2C899ADD0097F90E /* HomeScreen.swift */ = {isa = PBXFileReference; fileEncoding = 4; lastKnownFileType = sourcecode.swift; path = HomeScreen.swift; sourceTree = "<group>"; };
		21BDB3CD2C899ADD0097F90E /* LoadingScreen.swift */ = {isa = PBXFileReference; fileEncoding = 4; lastKnownFileType = sourcecode.swift; path = LoadingScreen.swift; sourceTree = "<group>"; };
		21BDB3F82C899E970097F90E /* PlayfairDisplay-Regular.ttf */ = {isa = PBXFileReference; lastKnownFileType = file; path = "PlayfairDisplay-Regular.ttf"; sourceTree = "<group>"; };
		21BDB3FB2C89A0220097F90E /* Preview Assets.xcassets */ = {isa = PBXFileReference; lastKnownFileType = folder.assetcatalog; path = "Preview Assets.xcassets"; sourceTree = "<group>"; };
		21BDB3FE2C89A1940097F90E /* NavigationBar.swift */ = {isa = PBXFileReference; lastKnownFileType = sourcecode.swift; path = NavigationBar.swift; sourceTree = "<group>"; };
		21BDB4002C89A35C0097F90E /* HomeCards.swift */ = {isa = PBXFileReference; lastKnownFileType = sourcecode.swift; path = HomeCards.swift; sourceTree = "<group>"; };
		21BDB4022C89B42D0097F90E /* RealmManager.swift */ = {isa = PBXFileReference; lastKnownFileType = sourcecode.swift; path = RealmManager.swift; sourceTree = "<group>"; };
		21BDB4042C89B4A00097F90E /* Cards.swift */ = {isa = PBXFileReference; lastKnownFileType = sourcecode.swift; path = Cards.swift; sourceTree = "<group>"; };
		21BDB4062C89B8E20097F90E /* Color+.swift */ = {isa = PBXFileReference; lastKnownFileType = sourcecode.swift; path = "Color+.swift"; sourceTree = "<group>"; };
		21BDB4092C89B9D30097F90E /* default_en.txt */ = {isa = PBXFileReference; lastKnownFileType = text; path = default_en.txt; sourceTree = "<group>"; };
		21BDB40B2C89BB060097F90E /* couples_en.txt */ = {isa = PBXFileReference; lastKnownFileType = text; path = couples_en.txt; sourceTree = "<group>"; };
		21BDB40C2C89BB5A0097F90E /* family_en.txt */ = {isa = PBXFileReference; lastKnownFileType = text; path = family_en.txt; sourceTree = "<group>"; };
		21BDB40F2C89C2B50097F90E /* Questions.swift */ = {isa = PBXFileReference; lastKnownFileType = sourcecode.swift; path = Questions.swift; sourceTree = "<group>"; };
		21BDB4112C89C7D40097F90E /* ListItem.swift */ = {isa = PBXFileReference; lastKnownFileType = sourcecode.swift; path = ListItem.swift; sourceTree = "<group>"; };
		21BDB4132C89C87B0097F90E /* PlayfairDisplay-SemiBold.ttf */ = {isa = PBXFileReference; lastKnownFileType = file; name = "PlayfairDisplay-SemiBold.ttf"; path = "../../../../../../../../Downloads/Playfair_Display/static/PlayfairDisplay-SemiBold.ttf"; sourceTree = "<group>"; };
		21BDB4152C89CA440097F90E /* AboutApp.swift */ = {isa = PBXFileReference; lastKnownFileType = sourcecode.swift; path = AboutApp.swift; sourceTree = "<group>"; };
		21BDB4172C89CB970097F90E /* AboutListItem.swift */ = {isa = PBXFileReference; lastKnownFileType = sourcecode.swift; path = AboutListItem.swift; sourceTree = "<group>"; };
		21BDB4192C8A2EA80097F90E /* CreateScreen.swift */ = {isa = PBXFileReference; lastKnownFileType = sourcecode.swift; path = CreateScreen.swift; sourceTree = "<group>"; };
		21BDB41B2C8A2F900097F90E /* FillField.swift */ = {isa = PBXFileReference; lastKnownFileType = sourcecode.swift; path = FillField.swift; sourceTree = "<group>"; };
		21BDB41E2C8A33540097F90E /* CustomRoundedRectangle.swift */ = {isa = PBXFileReference; lastKnownFileType = sourcecode.swift; path = CustomRoundedRectangle.swift; sourceTree = "<group>"; };
		21BDB4202C8A4C380097F90E /* favorites.txt */ = {isa = PBXFileReference; lastKnownFileType = text; path = favorites.txt; sourceTree = "<group>"; };
		21BDB4222C8A4DAB0097F90E /* my.txt */ = {isa = PBXFileReference; lastKnownFileType = text; path = my.txt; sourceTree = "<group>"; };
		21BDB4242C8AE0390097F90E /* Card.swift */ = {isa = PBXFileReference; lastKnownFileType = sourcecode.swift; path = Card.swift; sourceTree = "<group>"; };
		21BDB4262C8AFC0A0097F90E /* CardForShare.swift */ = {isa = PBXFileReference; lastKnownFileType = sourcecode.swift; path = CardForShare.swift; sourceTree = "<group>"; };
		21BDB42A2C8AFC4B0097F90E /* View+.swift */ = {isa = PBXFileReference; lastKnownFileType = sourcecode.swift; path = "View+.swift"; sourceTree = "<group>"; };
		21BDB42C2C8B0B4A0097F90E /* ActivityView.swift */ = {isa = PBXFileReference; lastKnownFileType = sourcecode.swift; path = ActivityView.swift; sourceTree = "<group>"; };
		21BDB4342C8B1E300097F90E /* UIApplication+.swift */ = {isa = PBXFileReference; lastKnownFileType = sourcecode.swift; path = "UIApplication+.swift"; sourceTree = "<group>"; };
		21BDB4362C8B1F6F0097F90E /* Vibration.swift */ = {isa = PBXFileReference; lastKnownFileType = sourcecode.swift; path = Vibration.swift; sourceTree = "<group>"; };
		21BDB43A2C8B61330097F90E /* WhatIsTheApp.swift */ = {isa = PBXFileReference; lastKnownFileType = sourcecode.swift; path = WhatIsTheApp.swift; sourceTree = "<group>"; };
		21BDB43C2C8B61820097F90E /* WhatIsCard.swift */ = {isa = PBXFileReference; lastKnownFileType = sourcecode.swift; path = WhatIsCard.swift; sourceTree = "<group>"; };
		21BDB43E2C8B66220097F90E /* default_ru.txt */ = {isa = PBXFileReference; lastKnownFileType = text; path = default_ru.txt; sourceTree = "<group>"; };
		21BDB4402C8B663E0097F90E /* couples_ru.txt */ = {isa = PBXFileReference; lastKnownFileType = text; path = couples_ru.txt; sourceTree = "<group>"; };
		21BDB4422C8B664D0097F90E /* family_ru.txt */ = {isa = PBXFileReference; lastKnownFileType = text; path = family_ru.txt; sourceTree = "<group>"; };
		21BDB4462C8B69630097F90E /* en */ = {isa = PBXFileReference; lastKnownFileType = text.plist.strings; name = en; path = en.lproj/Localizable.strings; sourceTree = "<group>"; };
		21BDB4482C8B696A0097F90E /* ru */ = {isa = PBXFileReference; lastKnownFileType = text.plist.strings; name = ru; path = ru.lproj/Localizable.strings; sourceTree = "<group>"; };
		7F04D0D3CFAA742CBEF7DDEB /* Pods_hearttalk.framework */ = {isa = PBXFileReference; explicitFileType = wrapper.framework; includeInIndex = 0; path = Pods_hearttalk.framework; sourceTree = BUILT_PRODUCTS_DIR; };
		F1B06A95D27A6D9B24797D32 /* Pods-hearttalk.release.xcconfig */ = {isa = PBXFileReference; includeInIndex = 1; lastKnownFileType = text.xcconfig; name = "Pods-hearttalk.release.xcconfig"; path = "Target Support Files/Pods-hearttalk/Pods-hearttalk.release.xcconfig"; sourceTree = "<group>"; };
/* End PBXFileReference section */

/* Begin PBXFrameworksBuildPhase section */
		21BDB38F2C88E0180097F90E /* Frameworks */ = {
			isa = PBXFrameworksBuildPhase;
			buildActionMask = 2147483647;
			files = (
				27203AAEFEE5F8D249BCCBB5 /* Pods_hearttalk.framework in Frameworks */,
			);
			runOnlyForDeploymentPostprocessing = 0;
		};
/* End PBXFrameworksBuildPhase section */

/* Begin PBXGroup section */
		1AF8A86639B2CE8FEFC5B808 /* Pods */ = {
			isa = PBXGroup;
			children = (
				11F8054245486A51C275701B /* Pods-hearttalk.debug.xcconfig */,
				F1B06A95D27A6D9B24797D32 /* Pods-hearttalk.release.xcconfig */,
			);
			path = Pods;
			sourceTree = "<group>";
		};
		2103FDD22C8B9F9E0020D1AE /* PDF */ = {
			isa = PBXGroup;
			children = (
				2103FDD72C8BA2090020D1AE /* PrivacyPolicy.pdf */,
				2103FDD52C8BA1660020D1AE /* TermsOfUse.pdf */,
			);
			path = PDF;
			sourceTree = "<group>";
		};
		21BDB3892C88E0180097F90E = {
			isa = PBXGroup;
			children = (
				21BDB3942C88E0180097F90E /* hearttalk */,
				21BDB3932C88E0180097F90E /* Products */,
				1AF8A86639B2CE8FEFC5B808 /* Pods */,
				7E650386A8608DAEA832AA7B /* Frameworks */,
			);
			sourceTree = "<group>";
		};
		21BDB3932C88E0180097F90E /* Products */ = {
			isa = PBXGroup;
			children = (
				21BDB3922C88E0180097F90E /* hearttalk.app */,
			);
			name = Products;
			sourceTree = "<group>";
		};
		21BDB3942C88E0180097F90E /* hearttalk */ = {
			isa = PBXGroup;
			children = (
				21BDB3FC2C89A0220097F90E /* Preview Content */,
				2103FDDB2C8E09D80020D1AE /* Info.plist */,
				21BDB3AB2C899ADD0097F90E /* Assets */,
				21BDB3C22C899ADD0097F90E /* Extensions */,
				21BDB3C62C899ADD0097F90E /* Models */,
				21BDB3A42C899ADD0097F90E /* ProjectApp.swift */,
				21BDB3B22C899ADD0097F90E /* ViewModels */,
				21BDB3D22C899ADD0097F90E /* Views */,
			);
			path = hearttalk;
			sourceTree = "<group>";
		};
		21BDB3A72C899ADD0097F90E /* Fonts */ = {
			isa = PBXGroup;
			children = (
				21BDB4132C89C87B0097F90E /* PlayfairDisplay-SemiBold.ttf */,
				21BDB3F82C899E970097F90E /* PlayfairDisplay-Regular.ttf */,
			);
			path = Fonts;
			sourceTree = "<group>";
		};
		21BDB3AB2C899ADD0097F90E /* Assets */ = {
			isa = PBXGroup;
			children = (
				21BDB4442C8B69520097F90E /* Localization */,
				2103FDD22C8B9F9E0020D1AE /* PDF */,
				21BDB4082C89B9940097F90E /* TextContent */,
				21BDB3A72C899ADD0097F90E /* Fonts */,
				21BDB3AA2C899ADD0097F90E /* Assets.xcassets */,
			);
			path = Assets;
			sourceTree = "<group>";
		};
		21BDB3B22C899ADD0097F90E /* ViewModels */ = {
			isa = PBXGroup;
			children = (
				21BDB4022C89B42D0097F90E /* RealmManager.swift */,
				21BDB3B12C899ADD0097F90E /* ViewModel.swift */,
			);
			path = ViewModels;
			sourceTree = "<group>";
		};
		21BDB3BA2C899ADD0097F90E /* Structs */ = {
			isa = PBXGroup;
			children = (
				21BDB3FE2C89A1940097F90E /* NavigationBar.swift */,
				21BDB4002C89A35C0097F90E /* HomeCards.swift */,
				21BDB4112C89C7D40097F90E /* ListItem.swift */,
				21BDB4172C89CB970097F90E /* AboutListItem.swift */,
				21BDB41B2C8A2F900097F90E /* FillField.swift */,
				21BDB4242C8AE0390097F90E /* Card.swift */,
				21BDB43C2C8B61820097F90E /* WhatIsCard.swift */,
				21BDB4262C8AFC0A0097F90E /* CardForShare.swift */,
				2103FDD02C8B9EF10020D1AE /* PDF.swift */,
			);
			path = Structs;
			sourceTree = "<group>";
		};
		21BDB3BC2C899ADD0097F90E /* SwiftUI */ = {
			isa = PBXGroup;
			children = (
				21BDB4062C89B8E20097F90E /* Color+.swift */,
				21BDB42A2C8AFC4B0097F90E /* View+.swift */,
			);
			path = SwiftUI;
			sourceTree = "<group>";
		};
		21BDB3BF2C899ADD0097F90E /* UIKit */ = {
			isa = PBXGroup;
			children = (
				21BDB42C2C8B0B4A0097F90E /* ActivityView.swift */,
				21BDB4342C8B1E300097F90E /* UIApplication+.swift */,
				21BDB4362C8B1F6F0097F90E /* Vibration.swift */,
			);
			path = UIKit;
			sourceTree = "<group>";
		};
		21BDB3C22C899ADD0097F90E /* Extensions */ = {
			isa = PBXGroup;
			children = (
				21BDB41D2C8A33310097F90E /* Shape */,
				21BDB3BA2C899ADD0097F90E /* Structs */,
				21BDB3BC2C899ADD0097F90E /* SwiftUI */,
				21BDB3BF2C899ADD0097F90E /* UIKit */,
				21BDB3C12C899ADD0097F90E /* Enums.swift */,
			);
			path = Extensions;
			sourceTree = "<group>";
		};
		21BDB3C62C899ADD0097F90E /* Models */ = {
			isa = PBXGroup;
			children = (
				21BDB4042C89B4A00097F90E /* Cards.swift */,
			);
			path = Models;
			sourceTree = "<group>";
		};
		21BDB3D22C899ADD0097F90E /* Views */ = {
			isa = PBXGroup;
			children = (
				21BDB3CD2C899ADD0097F90E /* LoadingScreen.swift */,
				21BDB3CB2C899ADD0097F90E /* HomeScreen.swift */,
				21BDB40F2C89C2B50097F90E /* Questions.swift */,
				21BDB4152C89CA440097F90E /* AboutApp.swift */,
				21BDB4192C8A2EA80097F90E /* CreateScreen.swift */,
				21BDB43A2C8B61330097F90E /* WhatIsTheApp.swift */,
				2103FDCE2C8B9ECA0020D1AE /* PDFScreen.swift */,
			);
			path = Views;
			sourceTree = "<group>";
		};
		21BDB3FC2C89A0220097F90E /* Preview Content */ = {
			isa = PBXGroup;
			children = (
				21BDB3FB2C89A0220097F90E /* Preview Assets.xcassets */,
			);
			path = "Preview Content";
			sourceTree = "<group>";
		};
		21BDB4082C89B9940097F90E /* TextContent */ = {
			isa = PBXGroup;
			children = (
				21BDB4222C8A4DAB0097F90E /* my.txt */,
				21BDB4202C8A4C380097F90E /* favorites.txt */,
				21BDB4392C8B24210097F90E /* Ru */,
				21BDB4382C8B24160097F90E /* En */,
			);
			path = TextContent;
			sourceTree = "<group>";
		};
		21BDB41D2C8A33310097F90E /* Shape */ = {
			isa = PBXGroup;
			children = (
				21BDB41E2C8A33540097F90E /* CustomRoundedRectangle.swift */,
			);
			path = Shape;
			sourceTree = "<group>";
		};
		21BDB4382C8B24160097F90E /* En */ = {
			isa = PBXGroup;
			children = (
				21BDB4092C89B9D30097F90E /* default_en.txt */,
				21BDB40B2C89BB060097F90E /* couples_en.txt */,
				21BDB40C2C89BB5A0097F90E /* family_en.txt */,
			);
			path = En;
			sourceTree = "<group>";
		};
		21BDB4392C8B24210097F90E /* Ru */ = {
			isa = PBXGroup;
			children = (
				21BDB43E2C8B66220097F90E /* default_ru.txt */,
				21BDB4402C8B663E0097F90E /* couples_ru.txt */,
				21BDB4422C8B664D0097F90E /* family_ru.txt */,
			);
			path = Ru;
			sourceTree = "<group>";
		};
		21BDB4442C8B69520097F90E /* Localization */ = {
			isa = PBXGroup;
			children = (
				21BDB3A52C899ADD0097F90E /* Localization.swift */,
				21BDB4452C8B69630097F90E /* Localizable.strings */,
			);
			path = Localization;
			sourceTree = "<group>";
		};
		7E650386A8608DAEA832AA7B /* Frameworks */ = {
			isa = PBXGroup;
			children = (
				7F04D0D3CFAA742CBEF7DDEB /* Pods_hearttalk.framework */,
			);
			name = Frameworks;
			sourceTree = "<group>";
		};
/* End PBXGroup section */

/* Begin PBXNativeTarget section */
		21BDB3912C88E0180097F90E /* hearttalk */ = {
			isa = PBXNativeTarget;
			buildConfigurationList = 21BDB3A02C88E01A0097F90E /* Build configuration list for PBXNativeTarget "hearttalk" */;
			buildPhases = (
				86FF3BC669654373AC503E56 /* [CP] Check Pods Manifest.lock */,
				21BDB38E2C88E0180097F90E /* Sources */,
				21BDB38F2C88E0180097F90E /* Frameworks */,
				21BDB3902C88E0180097F90E /* Resources */,
				A254E21A2EF0A44458BA721D /* [CP] Embed Pods Frameworks */,
			);
			buildRules = (
			);
			dependencies = (
			);
			name = hearttalk;
			productName = hearttalk;
			productReference = 21BDB3922C88E0180097F90E /* hearttalk.app */;
			productType = "com.apple.product-type.application";
		};
/* End PBXNativeTarget section */

/* Begin PBXProject section */
		21BDB38A2C88E0180097F90E /* Project object */ = {
			isa = PBXProject;
			attributes = {
				BuildIndependentTargetsInParallel = 1;
				LastSwiftUpdateCheck = 1530;
				LastUpgradeCheck = 1530;
				TargetAttributes = {
					21BDB3912C88E0180097F90E = {
						CreatedOnToolsVersion = 15.3;
						LastSwiftMigration = 1530;
					};
				};
			};
			buildConfigurationList = 21BDB38D2C88E0180097F90E /* Build configuration list for PBXProject "hearttalk" */;
			compatibilityVersion = "Xcode 14.0";
			developmentRegion = en;
			hasScannedForEncodings = 0;
			knownRegions = (
				en,
				Base,
				ru,
			);
			mainGroup = 21BDB3892C88E0180097F90E;
			productRefGroup = 21BDB3932C88E0180097F90E /* Products */;
			projectDirPath = "";
			projectRoot = "";
			targets = (
				21BDB3912C88E0180097F90E /* hearttalk */,
			);
		};
/* End PBXProject section */

/* Begin PBXResourcesBuildPhase section */
		21BDB3902C88E0180097F90E /* Resources */ = {
			isa = PBXResourcesBuildPhase;
			buildActionMask = 2147483647;
			files = (
				2103FDDC2C8E09D80020D1AE /* Info.plist in Resources */,
				2103FDD82C8BA2090020D1AE /* PrivacyPolicy.pdf in Resources */,
				21BDB40D2C89C1200097F90E /* couples_en.txt in Resources */,
				21BDB40E2C89C1200097F90E /* family_en.txt in Resources */,
				21BDB40A2C89B9D30097F90E /* default_en.txt in Resources */,
				21BDB4432C8B664D0097F90E /* family_ru.txt in Resources */,
				21BDB4232C8A4DAB0097F90E /* my.txt in Resources */,
				21BDB4142C89C87B0097F90E /* PlayfairDisplay-SemiBold.ttf in Resources */,
				21BDB3F92C899E970097F90E /* PlayfairDisplay-Regular.ttf in Resources */,
				21BDB3FD2C89A0220097F90E /* Preview Assets.xcassets in Resources */,
				21BDB43F2C8B66220097F90E /* default_ru.txt in Resources */,
				21BDB4472C8B69630097F90E /* Localizable.strings in Resources */,
				21BDB4212C8A4C380097F90E /* favorites.txt in Resources */,
				2103FDD62C8BA1660020D1AE /* TermsOfUse.pdf in Resources */,
				21BDB3D82C899ADD0097F90E /* Assets.xcassets in Resources */,
				21BDB4412C8B663E0097F90E /* couples_ru.txt in Resources */,
			);
			runOnlyForDeploymentPostprocessing = 0;
		};
/* End PBXResourcesBuildPhase section */

/* Begin PBXShellScriptBuildPhase section */
		86FF3BC669654373AC503E56 /* [CP] Check Pods Manifest.lock */ = {
			isa = PBXShellScriptBuildPhase;
			buildActionMask = 2147483647;
			files = (
			);
			inputFileListPaths = (
			);
			inputPaths = (
				"${PODS_PODFILE_DIR_PATH}/Podfile.lock",
				"${PODS_ROOT}/Manifest.lock",
			);
			name = "[CP] Check Pods Manifest.lock";
			outputFileListPaths = (
			);
			outputPaths = (
				"$(DERIVED_FILE_DIR)/Pods-hearttalk-checkManifestLockResult.txt",
			);
			runOnlyForDeploymentPostprocessing = 0;
			shellPath = /bin/sh;
			shellScript = "diff \"${PODS_PODFILE_DIR_PATH}/Podfile.lock\" \"${PODS_ROOT}/Manifest.lock\" > /dev/null\nif [ $? != 0 ] ; then\n    # print error to STDERR\n    echo \"error: The sandbox is not in sync with the Podfile.lock. Run 'pod install' or update your CocoaPods installation.\" >&2\n    exit 1\nfi\n# This output is used by Xcode 'outputs' to avoid re-running this script phase.\necho \"SUCCESS\" > \"${SCRIPT_OUTPUT_FILE_0}\"\n";
			showEnvVarsInLog = 0;
		};
		A254E21A2EF0A44458BA721D /* [CP] Embed Pods Frameworks */ = {
			isa = PBXShellScriptBuildPhase;
			buildActionMask = 2147483647;
			files = (
			);
			inputFileListPaths = (
				"${PODS_ROOT}/Target Support Files/Pods-hearttalk/Pods-hearttalk-frameworks-${CONFIGURATION}-input-files.xcfilelist",
			);
			name = "[CP] Embed Pods Frameworks";
			outputFileListPaths = (
				"${PODS_ROOT}/Target Support Files/Pods-hearttalk/Pods-hearttalk-frameworks-${CONFIGURATION}-output-files.xcfilelist",
			);
			runOnlyForDeploymentPostprocessing = 0;
			shellPath = /bin/sh;
			shellScript = "\"${PODS_ROOT}/Target Support Files/Pods-hearttalk/Pods-hearttalk-frameworks.sh\"\n";
			showEnvVarsInLog = 0;
		};
/* End PBXShellScriptBuildPhase section */

/* Begin PBXSourcesBuildPhase section */
		21BDB38E2C88E0180097F90E /* Sources */ = {
			isa = PBXSourcesBuildPhase;
			buildActionMask = 2147483647;
			files = (
				21BDB4372C8B1F6F0097F90E /* Vibration.swift in Sources */,
				21BDB4102C89C2B50097F90E /* Questions.swift in Sources */,
				21BDB3F32C899ADD0097F90E /* LoadingScreen.swift in Sources */,
				21BDB4272C8AFC0B0097F90E /* CardForShare.swift in Sources */,
				21BDB4072C89B8E20097F90E /* Color+.swift in Sources */,
				21BDB42B2C8AFC4B0097F90E /* View+.swift in Sources */,
				21BDB3EA2C899ADD0097F90E /* Enums.swift in Sources */,
				21BDB4182C89CB970097F90E /* AboutListItem.swift in Sources */,
				21BDB3DE2C899ADD0097F90E /* ViewModel.swift in Sources */,
				2103FDCF2C8B9ECA0020D1AE /* PDFScreen.swift in Sources */,
				21BDB4012C89A35C0097F90E /* HomeCards.swift in Sources */,
				21BDB4252C8AE0390097F90E /* Card.swift in Sources */,
				21BDB3FF2C89A1940097F90E /* NavigationBar.swift in Sources */,
				21BDB4052C89B4A00097F90E /* Cards.swift in Sources */,
				21BDB4352C8B1E300097F90E /* UIApplication+.swift in Sources */,
				21BDB4122C89C7D40097F90E /* ListItem.swift in Sources */,
				21BDB4162C89CA440097F90E /* AboutApp.swift in Sources */,
				21BDB3D42C899ADD0097F90E /* ProjectApp.swift in Sources */,
				21BDB4032C89B42D0097F90E /* RealmManager.swift in Sources */,
				21BDB41F2C8A33540097F90E /* CustomRoundedRectangle.swift in Sources */,
				21BDB42D2C8B0B4A0097F90E /* ActivityView.swift in Sources */,
				21BDB3F12C899ADD0097F90E /* HomeScreen.swift in Sources */,
				21BDB3D52C899ADD0097F90E /* Localization.swift in Sources */,
				21BDB43D2C8B61820097F90E /* WhatIsCard.swift in Sources */,
				21BDB43B2C8B61330097F90E /* WhatIsTheApp.swift in Sources */,
				21BDB41A2C8A2EA80097F90E /* CreateScreen.swift in Sources */,
				2103FDD12C8B9EF10020D1AE /* PDF.swift in Sources */,
				21BDB41C2C8A2F900097F90E /* FillField.swift in Sources */,
			);
			runOnlyForDeploymentPostprocessing = 0;
		};
/* End PBXSourcesBuildPhase section */

/* Begin PBXVariantGroup section */
		2103FDDB2C8E09D80020D1AE /* Info.plist */ = {
			isa = PBXVariantGroup;
			children = (
				2103FDDA2C8E09D80020D1AE /* en */,
				2103FDDD2C8E09DB0020D1AE /* ru */,
			);
			name = Info.plist;
			sourceTree = "<group>";
		};
		21BDB4452C8B69630097F90E /* Localizable.strings */ = {
			isa = PBXVariantGroup;
			children = (
				21BDB4462C8B69630097F90E /* en */,
				21BDB4482C8B696A0097F90E /* ru */,
			);
			name = Localizable.strings;
			sourceTree = "<group>";
		};
/* End PBXVariantGroup section */

/* Begin XCBuildConfiguration section */
		21BDB39E2C88E01A0097F90E /* Debug */ = {
			isa = XCBuildConfiguration;
			buildSettings = {
				ALWAYS_SEARCH_USER_PATHS = NO;
				ASSETCATALOG_COMPILER_GENERATE_SWIFT_ASSET_SYMBOL_EXTENSIONS = YES;
				CLANG_ANALYZER_NONNULL = YES;
				CLANG_ANALYZER_NUMBER_OBJECT_CONVERSION = YES_AGGRESSIVE;
				CLANG_CXX_LANGUAGE_STANDARD = "gnu++20";
				CLANG_ENABLE_MODULES = YES;
				CLANG_ENABLE_OBJC_ARC = YES;
				CLANG_ENABLE_OBJC_WEAK = YES;
				CLANG_WARN_BLOCK_CAPTURE_AUTORELEASING = YES;
				CLANG_WARN_BOOL_CONVERSION = YES;
				CLANG_WARN_COMMA = YES;
				CLANG_WARN_CONSTANT_CONVERSION = YES;
				CLANG_WARN_DEPRECATED_OBJC_IMPLEMENTATIONS = YES;
				CLANG_WARN_DIRECT_OBJC_ISA_USAGE = YES_ERROR;
				CLANG_WARN_DOCUMENTATION_COMMENTS = YES;
				CLANG_WARN_EMPTY_BODY = YES;
				CLANG_WARN_ENUM_CONVERSION = YES;
				CLANG_WARN_INFINITE_RECURSION = YES;
				CLANG_WARN_INT_CONVERSION = YES;
				CLANG_WARN_NON_LITERAL_NULL_CONVERSION = YES;
				CLANG_WARN_OBJC_IMPLICIT_RETAIN_SELF = YES;
				CLANG_WARN_OBJC_LITERAL_CONVERSION = YES;
				CLANG_WARN_OBJC_ROOT_CLASS = YES_ERROR;
				CLANG_WARN_QUOTED_INCLUDE_IN_FRAMEWORK_HEADER = YES;
				CLANG_WARN_RANGE_LOOP_ANALYSIS = YES;
				CLANG_WARN_STRICT_PROTOTYPES = YES;
				CLANG_WARN_SUSPICIOUS_MOVE = YES;
				CLANG_WARN_UNGUARDED_AVAILABILITY = YES_AGGRESSIVE;
				CLANG_WARN_UNREACHABLE_CODE = YES;
				CLANG_WARN__DUPLICATE_METHOD_MATCH = YES;
				COPY_PHASE_STRIP = NO;
				DEBUG_INFORMATION_FORMAT = dwarf;
				ENABLE_STRICT_OBJC_MSGSEND = YES;
				ENABLE_TESTABILITY = YES;
				ENABLE_USER_SCRIPT_SANDBOXING = YES;
				GCC_C_LANGUAGE_STANDARD = gnu17;
				GCC_DYNAMIC_NO_PIC = NO;
				GCC_NO_COMMON_BLOCKS = YES;
				GCC_OPTIMIZATION_LEVEL = 0;
				GCC_PREPROCESSOR_DEFINITIONS = (
					"DEBUG=1",
					"$(inherited)",
				);
				GCC_WARN_64_TO_32_BIT_CONVERSION = YES;
				GCC_WARN_ABOUT_RETURN_TYPE = YES_ERROR;
				GCC_WARN_UNDECLARED_SELECTOR = YES;
				GCC_WARN_UNINITIALIZED_AUTOS = YES_AGGRESSIVE;
				GCC_WARN_UNUSED_FUNCTION = YES;
				GCC_WARN_UNUSED_VARIABLE = YES;
				IPHONEOS_DEPLOYMENT_TARGET = 15.0;
				LOCALIZATION_PREFERS_STRING_CATALOGS = YES;
				MTL_ENABLE_DEBUG_INFO = INCLUDE_SOURCE;
				MTL_FAST_MATH = YES;
				ONLY_ACTIVE_ARCH = YES;
				SDKROOT = iphoneos;
				SWIFT_ACTIVE_COMPILATION_CONDITIONS = "DEBUG $(inherited)";
				SWIFT_OPTIMIZATION_LEVEL = "-Onone";
			};
			name = Debug;
		};
		21BDB39F2C88E01A0097F90E /* Release */ = {
			isa = XCBuildConfiguration;
			buildSettings = {
				ALWAYS_SEARCH_USER_PATHS = NO;
				ASSETCATALOG_COMPILER_GENERATE_SWIFT_ASSET_SYMBOL_EXTENSIONS = YES;
				CLANG_ANALYZER_NONNULL = YES;
				CLANG_ANALYZER_NUMBER_OBJECT_CONVERSION = YES_AGGRESSIVE;
				CLANG_CXX_LANGUAGE_STANDARD = "gnu++20";
				CLANG_ENABLE_MODULES = YES;
				CLANG_ENABLE_OBJC_ARC = YES;
				CLANG_ENABLE_OBJC_WEAK = YES;
				CLANG_WARN_BLOCK_CAPTURE_AUTORELEASING = YES;
				CLANG_WARN_BOOL_CONVERSION = YES;
				CLANG_WARN_COMMA = YES;
				CLANG_WARN_CONSTANT_CONVERSION = YES;
				CLANG_WARN_DEPRECATED_OBJC_IMPLEMENTATIONS = YES;
				CLANG_WARN_DIRECT_OBJC_ISA_USAGE = YES_ERROR;
				CLANG_WARN_DOCUMENTATION_COMMENTS = YES;
				CLANG_WARN_EMPTY_BODY = YES;
				CLANG_WARN_ENUM_CONVERSION = YES;
				CLANG_WARN_INFINITE_RECURSION = YES;
				CLANG_WARN_INT_CONVERSION = YES;
				CLANG_WARN_NON_LITERAL_NULL_CONVERSION = YES;
				CLANG_WARN_OBJC_IMPLICIT_RETAIN_SELF = YES;
				CLANG_WARN_OBJC_LITERAL_CONVERSION = YES;
				CLANG_WARN_OBJC_ROOT_CLASS = YES_ERROR;
				CLANG_WARN_QUOTED_INCLUDE_IN_FRAMEWORK_HEADER = YES;
				CLANG_WARN_RANGE_LOOP_ANALYSIS = YES;
				CLANG_WARN_STRICT_PROTOTYPES = YES;
				CLANG_WARN_SUSPICIOUS_MOVE = YES;
				CLANG_WARN_UNGUARDED_AVAILABILITY = YES_AGGRESSIVE;
				CLANG_WARN_UNREACHABLE_CODE = YES;
				CLANG_WARN__DUPLICATE_METHOD_MATCH = YES;
				COPY_PHASE_STRIP = NO;
				DEBUG_INFORMATION_FORMAT = "dwarf-with-dsym";
				ENABLE_NS_ASSERTIONS = NO;
				ENABLE_STRICT_OBJC_MSGSEND = YES;
				ENABLE_USER_SCRIPT_SANDBOXING = YES;
				GCC_C_LANGUAGE_STANDARD = gnu17;
				GCC_NO_COMMON_BLOCKS = YES;
				GCC_WARN_64_TO_32_BIT_CONVERSION = YES;
				GCC_WARN_ABOUT_RETURN_TYPE = YES_ERROR;
				GCC_WARN_UNDECLARED_SELECTOR = YES;
				GCC_WARN_UNINITIALIZED_AUTOS = YES_AGGRESSIVE;
				GCC_WARN_UNUSED_FUNCTION = YES;
				GCC_WARN_UNUSED_VARIABLE = YES;
				IPHONEOS_DEPLOYMENT_TARGET = 15.0;
				LOCALIZATION_PREFERS_STRING_CATALOGS = YES;
				MTL_ENABLE_DEBUG_INFO = NO;
				MTL_FAST_MATH = YES;
				SDKROOT = iphoneos;
				SWIFT_COMPILATION_MODE = wholemodule;
				VALIDATE_PRODUCT = YES;
			};
			name = Release;
		};
		21BDB3A12C88E01A0097F90E /* Debug */ = {
			isa = XCBuildConfiguration;
			baseConfigurationReference = 11F8054245486A51C275701B /* Pods-hearttalk.debug.xcconfig */;
			buildSettings = {
				ASSETCATALOG_COMPILER_APPICON_NAME = AppIcon;
				ASSETCATALOG_COMPILER_GLOBAL_ACCENT_COLOR_NAME = AccentColor;
				CLANG_ENABLE_MODULES = YES;
				CODE_SIGN_STYLE = Automatic;
				CURRENT_PROJECT_VERSION = 1;
				DEVELOPMENT_ASSET_PATHS = "\"hearttalk/Preview Content\"";
				DEVELOPMENT_TEAM = QN6RC23FCQ;
				ENABLE_PREVIEWS = YES;
				ENABLE_USER_SCRIPT_SANDBOXING = NO;
				GENERATE_INFOPLIST_FILE = YES;
				INFOPLIST_FILE = hearttalk/Info.plist;
				INFOPLIST_KEY_CFBundleDisplayName = "Heart Talk";
				INFOPLIST_KEY_LSApplicationCategoryType = "public.app-category.entertainment";
				INFOPLIST_KEY_NSMicrophoneUsageDescription = "Microphone access is required for this app.";
				INFOPLIST_KEY_UIApplicationSceneManifest_Generation = YES;
				INFOPLIST_KEY_UIApplicationSupportsIndirectInputEvents = YES;
				INFOPLIST_KEY_UIStatusBarHidden = YES;
				INFOPLIST_KEY_UIStatusBarStyle = UIStatusBarStyleLightContent;
				INFOPLIST_KEY_UISupportedInterfaceOrientations = UIInterfaceOrientationPortrait;
				INFOPLIST_KEY_UISupportedInterfaceOrientations_iPad = "UIInterfaceOrientationPortrait UIInterfaceOrientationPortraitUpsideDown";
				IPHONEOS_DEPLOYMENT_TARGET = 15.0;
				LD_RUNPATH_SEARCH_PATHS = (
					"$(inherited)",
					"@executable_path/Frameworks",
				);
				MARKETING_VERSION = 1.0;
				PRODUCT_BUNDLE_IDENTIFIER = ruslanparastaev.hearttalk;
				PRODUCT_NAME = "$(TARGET_NAME)";
				SWIFT_EMIT_LOC_STRINGS = YES;
				SWIFT_OPTIMIZATION_LEVEL = "-Onone";
				SWIFT_VERSION = 5.0;
				TARGETED_DEVICE_FAMILY = "1,2";
			};
			name = Debug;
		};
		21BDB3A22C88E01A0097F90E /* Release */ = {
			isa = XCBuildConfiguration;
			baseConfigurationReference = F1B06A95D27A6D9B24797D32 /* Pods-hearttalk.release.xcconfig */;
			buildSettings = {
				ASSETCATALOG_COMPILER_APPICON_NAME = AppIcon;
				ASSETCATALOG_COMPILER_GLOBAL_ACCENT_COLOR_NAME = AccentColor;
				CLANG_ENABLE_MODULES = YES;
				CODE_SIGN_STYLE = Automatic;
				CURRENT_PROJECT_VERSION = 1;
				DEVELOPMENT_ASSET_PATHS = "\"hearttalk/Preview Content\"";
				DEVELOPMENT_TEAM = QN6RC23FCQ;
				ENABLE_PREVIEWS = YES;
				ENABLE_USER_SCRIPT_SANDBOXING = NO;
				GENERATE_INFOPLIST_FILE = YES;
				INFOPLIST_FILE = hearttalk/Info.plist;
				INFOPLIST_KEY_CFBundleDisplayName = "Heart Talk";
				INFOPLIST_KEY_LSApplicationCategoryType = "public.app-category.entertainment";
				INFOPLIST_KEY_NSMicrophoneUsageDescription = "Microphone access is required for this app.";
				INFOPLIST_KEY_UIApplicationSceneManifest_Generation = YES;
				INFOPLIST_KEY_UIApplicationSupportsIndirectInputEvents = YES;
				INFOPLIST_KEY_UIStatusBarHidden = YES;
				INFOPLIST_KEY_UIStatusBarStyle = UIStatusBarStyleLightContent;
				INFOPLIST_KEY_UISupportedInterfaceOrientations = UIInterfaceOrientationPortrait;
				INFOPLIST_KEY_UISupportedInterfaceOrientations_iPad = "UIInterfaceOrientationPortrait UIInterfaceOrientationPortraitUpsideDown";
				IPHONEOS_DEPLOYMENT_TARGET = 15.0;
				LD_RUNPATH_SEARCH_PATHS = (
					"$(inherited)",
					"@executable_path/Frameworks",
				);
				MARKETING_VERSION = 1.0;
				PRODUCT_BUNDLE_IDENTIFIER = ruslanparastaev.hearttalk;
				PRODUCT_NAME = "$(TARGET_NAME)";
				SWIFT_EMIT_LOC_STRINGS = YES;
				SWIFT_VERSION = 5.0;
				TARGETED_DEVICE_FAMILY = "1,2";
			};
			name = Release;
		};
/* End XCBuildConfiguration section */

/* Begin XCConfigurationList section */
		21BDB38D2C88E0180097F90E /* Build configuration list for PBXProject "hearttalk" */ = {
			isa = XCConfigurationList;
			buildConfigurations = (
				21BDB39E2C88E01A0097F90E /* Debug */,
				21BDB39F2C88E01A0097F90E /* Release */,
			);
			defaultConfigurationIsVisible = 0;
			defaultConfigurationName = Release;
		};
		21BDB3A02C88E01A0097F90E /* Build configuration list for PBXNativeTarget "hearttalk" */ = {
			isa = XCConfigurationList;
			buildConfigurations = (
				21BDB3A12C88E01A0097F90E /* Debug */,
				21BDB3A22C88E01A0097F90E /* Release */,
			);
			defaultConfigurationIsVisible = 0;
			defaultConfigurationName = Release;
		};
/* End XCConfigurationList section */
	};
	rootObject = 21BDB38A2C88E0180097F90E /* Project object */;
}
