// !$*UTF8*$!
{
	archiveVersion = 1;
	classes = {
	};
	objectVersion = 56;
	objects = {

/* Begin PBXBuildFile section */
		2103FEBF2C9EA0A80020D1AE /* ColorPicker.swift in Sources */ = {isa = PBXBuildFile; fileRef = 2103FEBE2C9EA0A80020D1AE /* ColorPicker.swift */; };
		2103FEC12CA0457A0020D1AE /* CreateNoteScreen.swift in Sources */ = {isa = PBXBuildFile; fileRef = 2103FEC02CA0457A0020D1AE /* CreateNoteScreen.swift */; };
		2103FEC32CA04D4C0020D1AE /* NotesScreen.swift in Sources */ = {isa = PBXBuildFile; fileRef = 2103FEC22CA04D4C0020D1AE /* NotesScreen.swift */; };
		212B91462CA6BFA2009F9344 /* AppData.swift in Sources */ = {isa = PBXBuildFile; fileRef = 212B91452CA6BF96009F9344 /* AppData.swift */; };
		215186C32D43CBA800FFB614 /* Vibration.swift in Sources */ = {isa = PBXBuildFile; fileRef = 215186C22D43CBA500FFB614 /* Vibration.swift */; };
		215186C52D43CD7B00FFB614 /* Cards.swift in Sources */ = {isa = PBXBuildFile; fileRef = 215186C42D43CD7800FFB614 /* Cards.swift */; };
		215186C62D43CD7B00FFB614 /* Cards.swift in Sources */ = {isa = PBXBuildFile; fileRef = 215186C42D43CD7800FFB614 /* Cards.swift */; };
		215186CB2D45241600FFB614 /* sex_en.txt in Resources */ = {isa = PBXBuildFile; fileRef = 215186CA2D45240600FFB614 /* sex_en.txt */; };
		215186CE2D45262F00FFB614 /* TextFileManager.swift in Sources */ = {isa = PBXBuildFile; fileRef = 215186CD2D45262100FFB614 /* TextFileManager.swift */; };
		215186D32D452D1F00FFB614 /* taboo_en.txt in Resources */ = {isa = PBXBuildFile; fileRef = 215186D22D452D1600FFB614 /* taboo_en.txt */; };
		215186D52D452D6900FFB614 /* family_en.txt in Resources */ = {isa = PBXBuildFile; fileRef = 215186D42D452D5B00FFB614 /* family_en.txt */; };
		215186D92D452EA300FFB614 /* simple_en.txt in Resources */ = {isa = PBXBuildFile; fileRef = 215186D82D452E9D00FFB614 /* simple_en.txt */; };
		215186DB2D452EE100FFB614 /* couples_en.txt in Resources */ = {isa = PBXBuildFile; fileRef = 215186DA2D452EDA00FFB614 /* couples_en.txt */; };
		215186DE2D452F6300FFB614 /* sex_ru.txt in Resources */ = {isa = PBXBuildFile; fileRef = 215186DD2D452F5800FFB614 /* sex_ru.txt */; };
		215186E02D452F6E00FFB614 /* taboo_ru.txt in Resources */ = {isa = PBXBuildFile; fileRef = 215186DF2D452F6500FFB614 /* taboo_ru.txt */; };
		215186E22D452F7700FFB614 /* family_ru.txt in Resources */ = {isa = PBXBuildFile; fileRef = 215186E12D452F7000FFB614 /* family_ru.txt */; };
		215186E42D452F7F00FFB614 /* simple_ru.txt in Resources */ = {isa = PBXBuildFile; fileRef = 215186E32D452F7900FFB614 /* simple_ru.txt */; };
		215186E82D452F9900FFB614 /* couples_ru.txt in Resources */ = {isa = PBXBuildFile; fileRef = 215186E72D452F9200FFB614 /* couples_ru.txt */; };
		215186EA2D453F2B00FFB614 /* OnlineViewModel.swift in Sources */ = {isa = PBXBuildFile; fileRef = 215186E92D453F2700FFB614 /* OnlineViewModel.swift */; };
		215186EC2D453F8000FFB614 /* OnlineScreen.swift in Sources */ = {isa = PBXBuildFile; fileRef = 215186EB2D453F7C00FFB614 /* OnlineScreen.swift */; };
		215186EE2D45502100FFB614 /* GoogleService-Info.plist in Resources */ = {isa = PBXBuildFile; fileRef = 215186ED2D45502100FFB614 /* GoogleService-Info.plist */; };
		215186F02D45579900FFB614 /* FirebasePack.swift in Sources */ = {isa = PBXBuildFile; fileRef = 215186EF2D45579200FFB614 /* FirebasePack.swift */; };
		215186F12D45579900FFB614 /* FirebasePack.swift in Sources */ = {isa = PBXBuildFile; fileRef = 215186EF2D45579200FFB614 /* FirebasePack.swift */; };
		215186F42D455E5800FFB614 /* FirebaseUser.swift in Sources */ = {isa = PBXBuildFile; fileRef = 215186F22D455E5200FFB614 /* FirebaseUser.swift */; };
		215186F82D45695200FFB614 /* SignScreen.swift in Sources */ = {isa = PBXBuildFile; fileRef = 215186F72D45694F00FFB614 /* SignScreen.swift */; };
		215187082D46B46D00FFB614 /* ChangeTextScreen.swift in Sources */ = {isa = PBXBuildFile; fileRef = 215187072D46B46700FFB614 /* ChangeTextScreen.swift */; };
		2151870E2D4A1E3F00FFB614 /* PackView.swift in Sources */ = {isa = PBXBuildFile; fileRef = 2151870D2D4A1E3D00FFB614 /* PackView.swift */; };
		215187112D4A1E7400FFB614 /* Poppins-Regular.ttf in Resources */ = {isa = PBXBuildFile; fileRef = 2151870F2D4A1E7400FFB614 /* Poppins-Regular.ttf */; };
		215187122D4A1E7400FFB614 /* Poppins-SemiBold.ttf in Resources */ = {isa = PBXBuildFile; fileRef = 215187102D4A1E7400FFB614 /* Poppins-SemiBold.ttf */; };
		215187132D4A1E7400FFB614 /* Poppins-Regular.ttf in Resources */ = {isa = PBXBuildFile; fileRef = 2151870F2D4A1E7400FFB614 /* Poppins-Regular.ttf */; };
		215187142D4A1E7400FFB614 /* Poppins-SemiBold.ttf in Resources */ = {isa = PBXBuildFile; fileRef = 215187102D4A1E7400FFB614 /* Poppins-SemiBold.ttf */; };
		215187162D4A210200FFB614 /* HomeTopBar.swift in Sources */ = {isa = PBXBuildFile; fileRef = 215187152D4A20FC00FFB614 /* HomeTopBar.swift */; };
		215187192D4A213700FFB614 /* Icon.swift in Sources */ = {isa = PBXBuildFile; fileRef = 215187182D4A213500FFB614 /* Icon.swift */; };
		2151871B2D4A22C200FFB614 /* SingleBackTopBar.swift in Sources */ = {isa = PBXBuildFile; fileRef = 2151871A2D4A22BB00FFB614 /* SingleBackTopBar.swift */; };
		2151871D2D4A230100FFB614 /* BackTopBar.swift in Sources */ = {isa = PBXBuildFile; fileRef = 2151871C2D4A22FA00FFB614 /* BackTopBar.swift */; };
		2151871F2D4A23FF00FFB614 /* LoadingView.swift in Sources */ = {isa = PBXBuildFile; fileRef = 2151871E2D4A23FB00FFB614 /* LoadingView.swift */; };
		215187212D4A24B500FFB614 /* SettingsButton.swift in Sources */ = {isa = PBXBuildFile; fileRef = 215187202D4A24AC00FFB614 /* SettingsButton.swift */; };
		215187232D4A258F00FFB614 /* SettingsToggle.swift in Sources */ = {isa = PBXBuildFile; fileRef = 215187222D4A258700FFB614 /* SettingsToggle.swift */; };
		215187252D4A260E00FFB614 /* SettingsValueButton.swift in Sources */ = {isa = PBXBuildFile; fileRef = 215187242D4A260700FFB614 /* SettingsValueButton.swift */; };
		215187272D4A264600FFB614 /* SettingsEraseButton.swift in Sources */ = {isa = PBXBuildFile; fileRef = 215187262D4A264000FFB614 /* SettingsEraseButton.swift */; };
		215187292D4A26DE00FFB614 /* CardsListItem.swift in Sources */ = {isa = PBXBuildFile; fileRef = 215187282D4A26D600FFB614 /* CardsListItem.swift */; };
		2151872B2D4A279400FFB614 /* CardView.swift in Sources */ = {isa = PBXBuildFile; fileRef = 2151872A2D4A279100FFB614 /* CardView.swift */; };
		2151872D2D4A2A2D00FFB614 /* CustomTextField.swift in Sources */ = {isa = PBXBuildFile; fileRef = 2151872C2D4A2A1C00FFB614 /* CustomTextField.swift */; };
		215187312D4A2B4A00FFB614 /* QuestionToggle.swift in Sources */ = {isa = PBXBuildFile; fileRef = 215187302D4A2B3C00FFB614 /* QuestionToggle.swift */; };
		215187332D4A2BD800FFB614 /* NoteTextField.swift in Sources */ = {isa = PBXBuildFile; fileRef = 215187322D4A2BD300FFB614 /* NoteTextField.swift */; };
		215187352D4A307100FFB614 /* NoteImageField.swift in Sources */ = {isa = PBXBuildFile; fileRef = 215187342D4A306D00FFB614 /* NoteImageField.swift */; };
		215187372D4A48B500FFB614 /* Safari.swift in Sources */ = {isa = PBXBuildFile; fileRef = 215187362D4A48B200FFB614 /* Safari.swift */; };
		2151873B2D4A4FC900FFB614 /* CreatePackScreen.swift in Sources */ = {isa = PBXBuildFile; fileRef = 2151873A2D4A4FC500FFB614 /* CreatePackScreen.swift */; };
		2151873D2D4A50E700FFB614 /* CreateCardScreen.swift in Sources */ = {isa = PBXBuildFile; fileRef = 2151873C2D4A50DF00FFB614 /* CreateCardScreen.swift */; };
		2151873F2D4A653200FFB614 /* SearchBar.swift in Sources */ = {isa = PBXBuildFile; fileRef = 2151873E2D4A652F00FFB614 /* SearchBar.swift */; };
		215187412D4A757C00FFB614 /* TextView.swift in Sources */ = {isa = PBXBuildFile; fileRef = 215187402D4A757800FFB614 /* TextView.swift */; };
		215187432D4A769500FFB614 /* NoteDrawField.swift in Sources */ = {isa = PBXBuildFile; fileRef = 215187422D4A768E00FFB614 /* NoteDrawField.swift */; };
		215187452D4A7B8D00FFB614 /* TextNoteView.swift in Sources */ = {isa = PBXBuildFile; fileRef = 215187442D4A7B8700FFB614 /* TextNoteView.swift */; };
		215187472D4A7BDC00FFB614 /* ImageNoteView.swift in Sources */ = {isa = PBXBuildFile; fileRef = 215187462D4A7BD800FFB614 /* ImageNoteView.swift */; };
		215187492D4A87D300FFB614 /* PhotoPickerView.swift in Sources */ = {isa = PBXBuildFile; fileRef = 215187482D4A87CC00FFB614 /* PhotoPickerView.swift */; };
		2151874B2D4AA5EB00FFB614 /* countries_quiz_en.txt in Resources */ = {isa = PBXBuildFile; fileRef = 2151874A2D4AA5DE00FFB614 /* countries_quiz_en.txt */; };
		2151874D2D4AA63B00FFB614 /* countries_quiz_ru.txt in Resources */ = {isa = PBXBuildFile; fileRef = 2151874C2D4AA63700FFB614 /* countries_quiz_ru.txt */; };
		215187502D4B768500FFB614 /* OnlinePreviewCard.swift in Sources */ = {isa = PBXBuildFile; fileRef = 2151874F2D4B767B00FFB614 /* OnlinePreviewCard.swift */; };
		215187522D4B774300FFB614 /* OnlinePreviewPack.swift in Sources */ = {isa = PBXBuildFile; fileRef = 215187512D4B773F00FFB614 /* OnlinePreviewPack.swift */; };
		215187542D4B77F100FFB614 /* OnlineProfilePreview.swift in Sources */ = {isa = PBXBuildFile; fileRef = 215187532D4B77E700FFB614 /* OnlineProfilePreview.swift */; };
		215187562D4B7DAF00FFB614 /* OnlineCreatePackScreen.swift in Sources */ = {isa = PBXBuildFile; fileRef = 215187552D4B7D9E00FFB614 /* OnlineCreatePackScreen.swift */; };
		215187582D4B7E5700FFB614 /* OnlineCreateCardScreen.swift in Sources */ = {isa = PBXBuildFile; fileRef = 215187572D4B7E5100FFB614 /* OnlineCreateCardScreen.swift */; };
		2151875A2D4B801A00FFB614 /* TagsTextField.swift in Sources */ = {isa = PBXBuildFile; fileRef = 215187592D4B801900FFB614 /* TagsTextField.swift */; };
		2151875C2D4C188500FFB614 /* CreateLinkScreen.swift in Sources */ = {isa = PBXBuildFile; fileRef = 2151875B2D4C188300FFB614 /* CreateLinkScreen.swift */; };
		2151875E2D4C1A0200FFB614 /* WebBrowser.swift in Sources */ = {isa = PBXBuildFile; fileRef = 2151875D2D4C19C600FFB614 /* WebBrowser.swift */; };
		215187602D4C1ADF00FFB614 /* WebView.swift in Sources */ = {isa = PBXBuildFile; fileRef = 2151875F2D4C1ADA00FFB614 /* WebView.swift */; };
		215187622D4C243A00FFB614 /* WebBrowserTopBar.swift in Sources */ = {isa = PBXBuildFile; fileRef = 215187612D4C243500FFB614 /* WebBrowserTopBar.swift */; };
		215187662D4C2C7200FFB614 /* Date+.swift in Sources */ = {isa = PBXBuildFile; fileRef = 215187652D4C2C7000FFB614 /* Date+.swift */; };
		215187682D4CA9F000FFB614 /* ImportCardsScreen.swift in Sources */ = {isa = PBXBuildFile; fileRef = 215187672D4CA9E000FFB614 /* ImportCardsScreen.swift */; };
		2151876A2D4CACDA00FFB614 /* ImportOption.swift in Sources */ = {isa = PBXBuildFile; fileRef = 215187692D4CACD700FFB614 /* ImportOption.swift */; };
		2151876C2D4CB45A00FFB614 /* GenerateCardsScreen.swift in Sources */ = {isa = PBXBuildFile; fileRef = 2151876B2D4CB45800FFB614 /* GenerateCardsScreen.swift */; };
		215187712D4D4CEC00FFB614 /* PasswordTextField.swift in Sources */ = {isa = PBXBuildFile; fileRef = 215187702D4D4CE700FFB614 /* PasswordTextField.swift */; };
		215187732D4E8F0400FFB614 /* OnlineQuestions.swift in Sources */ = {isa = PBXBuildFile; fileRef = 215187722D4E8EFD00FFB614 /* OnlineQuestions.swift */; };
		215187752D4E933500FFB614 /* OnlineCardView.swift in Sources */ = {isa = PBXBuildFile; fileRef = 215187742D4E933200FFB614 /* OnlineCardView.swift */; };
		215187772D4E948400FFB614 /* OpenFunctions.swift in Sources */ = {isa = PBXBuildFile; fileRef = 215187762D4E948000FFB614 /* OpenFunctions.swift */; };
		21835FB32CA1545A002A17E9 /* String+.swift in Sources */ = {isa = PBXBuildFile; fileRef = 21835FB22CA1545A002A17E9 /* String+.swift */; };
		21835FB52CA16B57002A17E9 /* Sound.swift in Sources */ = {isa = PBXBuildFile; fileRef = 21835FB42CA16B57002A17E9 /* Sound.swift */; };
		21835FB82CA16C60002A17E9 /* CardSwipe.mp3 in Resources */ = {isa = PBXBuildFile; fileRef = 21835FB72CA16C60002A17E9 /* CardSwipe.mp3 */; };
		21835FBA2CA16E24002A17E9 /* Click1.mp3 in Resources */ = {isa = PBXBuildFile; fileRef = 21835FB92CA16E24002A17E9 /* Click1.mp3 */; };
		21835FC12CA3002E002A17E9 /* WidgetKit.framework in Frameworks */ = {isa = PBXBuildFile; fileRef = 21835FC02CA3002E002A17E9 /* WidgetKit.framework */; };
		21835FC32CA3002E002A17E9 /* SwiftUI.framework in Frameworks */ = {isa = PBXBuildFile; fileRef = 21835FC22CA3002E002A17E9 /* SwiftUI.framework */; };
		21835FC62CA3002E002A17E9 /* hearttalkWidgetExtensionBundle.swift in Sources */ = {isa = PBXBuildFile; fileRef = 21835FC52CA3002E002A17E9 /* hearttalkWidgetExtensionBundle.swift */; };
		21835FCC2CA30030002A17E9 /* Assets.xcassets in Resources */ = {isa = PBXBuildFile; fileRef = 21835FCB2CA30030002A17E9 /* Assets.xcassets */; };
		21835FD02CA30030002A17E9 /* hearttalkWidgetExtensionExtension.appex in Embed Foundation Extensions */ = {isa = PBXBuildFile; fileRef = 21835FBF2CA3002E002A17E9 /* hearttalkWidgetExtensionExtension.appex */; settings = {ATTRIBUTES = (RemoveHeadersOnCopy, ); }; };
		21835FD72CA3008E002A17E9 /* AddCardWidget.swift in Sources */ = {isa = PBXBuildFile; fileRef = 21835FD62CA3008E002A17E9 /* AddCardWidget.swift */; };
		21835FDA2CA30B85002A17E9 /* DailyCardWidget.swift in Sources */ = {isa = PBXBuildFile; fileRef = 21835FD92CA30B85002A17E9 /* DailyCardWidget.swift */; };
		21835FDC2CA30CEC002A17E9 /* Localization.swift in Sources */ = {isa = PBXBuildFile; fileRef = 21BDB3A52C899ADD0097F90E /* Localization.swift */; };
		21835FDE2CA3109C002A17E9 /* RealmManager.swift in Sources */ = {isa = PBXBuildFile; fileRef = 21BDB4022C89B42D0097F90E /* RealmManager.swift */; };
		219979732CAAB776008688A5 /* RemoteConfigManager.swift in Sources */ = {isa = PBXBuildFile; fileRef = 219979722CAAB76E008688A5 /* RemoteConfigManager.swift */; };
		219979752CAED2D3008688A5 /* AppDelegate.swift in Sources */ = {isa = PBXBuildFile; fileRef = 219979742CAED2B5008688A5 /* AppDelegate.swift */; };
		219979772CAED8F3008688A5 /* QuickActions.swift in Sources */ = {isa = PBXBuildFile; fileRef = 219979762CAED8EE008688A5 /* QuickActions.swift */; };
		21A18B832CA319DF00D0EB6B /* String+.swift in Sources */ = {isa = PBXBuildFile; fileRef = 21835FB22CA1545A002A17E9 /* String+.swift */; };
		21A18B872CA3F14C00D0EB6B /* View+.swift in Sources */ = {isa = PBXBuildFile; fileRef = 21BDB42A2C8AFC4B0097F90E /* View+.swift */; };
		21BDB3D42C899ADD0097F90E /* ProjectApp.swift in Sources */ = {isa = PBXBuildFile; fileRef = 21BDB3A42C899ADD0097F90E /* ProjectApp.swift */; };
		21BDB3D52C899ADD0097F90E /* Localization.swift in Sources */ = {isa = PBXBuildFile; fileRef = 21BDB3A52C899ADD0097F90E /* Localization.swift */; };
		21BDB3D82C899ADD0097F90E /* Assets.xcassets in Resources */ = {isa = PBXBuildFile; fileRef = 21BDB3AA2C899ADD0097F90E /* Assets.xcassets */; };
		21BDB3DD2C899ADD0097F90E /* RequestManager.swift in Sources */ = {isa = PBXBuildFile; fileRef = 21BDB3B02C899ADD0097F90E /* RequestManager.swift */; };
		21BDB3DE2C899ADD0097F90E /* ViewModel.swift in Sources */ = {isa = PBXBuildFile; fileRef = 21BDB3B12C899ADD0097F90E /* ViewModel.swift */; };
		21BDB3EA2C899ADD0097F90E /* Enums.swift in Sources */ = {isa = PBXBuildFile; fileRef = 21BDB3C12C899ADD0097F90E /* Enums.swift */; };
		21BDB3F12C899ADD0097F90E /* HomeScreen.swift in Sources */ = {isa = PBXBuildFile; fileRef = 21BDB3CB2C899ADD0097F90E /* HomeScreen.swift */; };
		21BDB3F32C899ADD0097F90E /* LoadingScreen.swift in Sources */ = {isa = PBXBuildFile; fileRef = 21BDB3CD2C899ADD0097F90E /* LoadingScreen.swift */; };
		21BDB3FD2C89A0220097F90E /* Preview Assets.xcassets in Resources */ = {isa = PBXBuildFile; fileRef = 21BDB3FB2C89A0220097F90E /* Preview Assets.xcassets */; };
		21BDB4032C89B42D0097F90E /* RealmManager.swift in Sources */ = {isa = PBXBuildFile; fileRef = 21BDB4022C89B42D0097F90E /* RealmManager.swift */; };
		21BDB4072C89B8E20097F90E /* Color+.swift in Sources */ = {isa = PBXBuildFile; fileRef = 21BDB4062C89B8E20097F90E /* Color+.swift */; };
		21BDB4102C89C2B50097F90E /* Questions.swift in Sources */ = {isa = PBXBuildFile; fileRef = 21BDB40F2C89C2B50097F90E /* Questions.swift */; };
		21BDB4162C89CA440097F90E /* Settings.swift in Sources */ = {isa = PBXBuildFile; fileRef = 21BDB4152C89CA440097F90E /* Settings.swift */; };
		21BDB4272C8AFC0B0097F90E /* CardForShare.swift in Sources */ = {isa = PBXBuildFile; fileRef = 21BDB4262C8AFC0A0097F90E /* CardForShare.swift */; };
		21BDB42B2C8AFC4B0097F90E /* View+.swift in Sources */ = {isa = PBXBuildFile; fileRef = 21BDB42A2C8AFC4B0097F90E /* View+.swift */; };
		21BDB42D2C8B0B4A0097F90E /* ActivityView.swift in Sources */ = {isa = PBXBuildFile; fileRef = 21BDB42C2C8B0B4A0097F90E /* ActivityView.swift */; };
		21BDB4352C8B1E300097F90E /* UIApplication+.swift in Sources */ = {isa = PBXBuildFile; fileRef = 21BDB4342C8B1E300097F90E /* UIApplication+.swift */; };
		21BDB43B2C8B61330097F90E /* WhatIsTheApp.swift in Sources */ = {isa = PBXBuildFile; fileRef = 21BDB43A2C8B61330097F90E /* WhatIsTheApp.swift */; };
		21BDB43D2C8B61820097F90E /* WhatIsCard.swift in Sources */ = {isa = PBXBuildFile; fileRef = 21BDB43C2C8B61820097F90E /* WhatIsCard.swift */; };
		21BDB4472C8B69630097F90E /* Localizable.strings in Resources */ = {isa = PBXBuildFile; fileRef = 21BDB4452C8B69630097F90E /* Localizable.strings */; };
		21F4DCB92CA99D82008B3589 /* Pack.swift in Sources */ = {isa = PBXBuildFile; fileRef = 21F4DCB82CA99D80008B3589 /* Pack.swift */; };
		21F4DCBA2CA99D82008B3589 /* Pack.swift in Sources */ = {isa = PBXBuildFile; fileRef = 21F4DCB82CA99D80008B3589 /* Pack.swift */; };
		21F4DCBC2CA99D96008B3589 /* Note.swift in Sources */ = {isa = PBXBuildFile; fileRef = 21F4DCBB2CA99D94008B3589 /* Note.swift */; };
		21F4DCBD2CA99D96008B3589 /* Note.swift in Sources */ = {isa = PBXBuildFile; fileRef = 21F4DCBB2CA99D94008B3589 /* Note.swift */; };
		21F4DCBF2CA99E0C008B3589 /* UserDefaultsManager.swift in Sources */ = {isa = PBXBuildFile; fileRef = 21F4DCBE2CA99E00008B3589 /* UserDefaultsManager.swift */; };
		21F4DDCB2CAA8A04008B3589 /* FirebaseManager.swift in Sources */ = {isa = PBXBuildFile; fileRef = 21F4DDCA2CAA89F9008B3589 /* FirebaseManager.swift */; };
		21FB93AD2D5248BC002C5E30 /* OnlineAccountScreen.swift in Sources */ = {isa = PBXBuildFile; fileRef = 21FB93AC2D5248B6002C5E30 /* OnlineAccountScreen.swift */; };
		21FB93AF2D5249C3002C5E30 /* OnlineAccountInfo.swift in Sources */ = {isa = PBXBuildFile; fileRef = 21FB93AE2D5249BE002C5E30 /* OnlineAccountInfo.swift */; };
		21FB93B12D5392B7002C5E30 /* TabScreen.swift in Sources */ = {isa = PBXBuildFile; fileRef = 21FB93B02D5392B0002C5E30 /* TabScreen.swift */; };
		21FB93B32D539A67002C5E30 /* ProfileScreen.swift in Sources */ = {isa = PBXBuildFile; fileRef = 21FB93B22D539A65002C5E30 /* ProfileScreen.swift */; };
		21FB93B72D53A17F002C5E30 /* LoginButton.swift in Sources */ = {isa = PBXBuildFile; fileRef = 21FB93B62D53A17B002C5E30 /* LoginButton.swift */; };
		21FB93B92D53D444002C5E30 /* Credential.swift in Sources */ = {isa = PBXBuildFile; fileRef = 21FB93B82D53D440002C5E30 /* Credential.swift */; };
		21FB93BB2D53D8B8002C5E30 /* PrivacyScreen.swift in Sources */ = {isa = PBXBuildFile; fileRef = 21FB93BA2D53D8B4002C5E30 /* PrivacyScreen.swift */; };
		21FB93BD2D53DA37002C5E30 /* ResetPasswordScreen.swift in Sources */ = {isa = PBXBuildFile; fileRef = 21FB93BC2D53DA2F002C5E30 /* ResetPasswordScreen.swift */; };
		21FB93BF2D53DD4D002C5E30 /* OnlinePreviewScreen.swift in Sources */ = {isa = PBXBuildFile; fileRef = 21FB93BE2D53DD3C002C5E30 /* OnlinePreviewScreen.swift */; };
		21FB93C12D5523AB002C5E30 /* Data+.swift in Sources */ = {isa = PBXBuildFile; fileRef = 21FB93C02D5523A9002C5E30 /* Data+.swift */; };
		21FB93C32D552587002C5E30 /* SpeechManager.swift in Sources */ = {isa = PBXBuildFile; fileRef = 21FB93C22D552581002C5E30 /* SpeechManager.swift */; };
		21FB93C72D554CAC002C5E30 /* PhotoPicker.swift in Sources */ = {isa = PBXBuildFile; fileRef = 21FB93C62D554CA5002C5E30 /* PhotoPicker.swift */; };
		21FB93C92D55F603002C5E30 /* DeleteAccountScreen.swift in Sources */ = {isa = PBXBuildFile; fileRef = 21FB93C82D55F5FA002C5E30 /* DeleteAccountScreen.swift */; };
		27203AAEFEE5F8D249BCCBB5 /* Pods_hearttalk.framework in Frameworks */ = {isa = PBXBuildFile; fileRef = 7F04D0D3CFAA742CBEF7DDEB /* Pods_hearttalk.framework */; };
		DC053A994C992465AD2BF698 /* Pods_hearttalkWidgetExtensionExtension.framework in Frameworks */ = {isa = PBXBuildFile; fileRef = 018A66986B786D8101FFA613 /* Pods_hearttalkWidgetExtensionExtension.framework */; };
/* End PBXBuildFile section */

/* Begin PBXContainerItemProxy section */
		21835FCE2CA30030002A17E9 /* PBXContainerItemProxy */ = {
			isa = PBXContainerItemProxy;
			containerPortal = 21BDB38A2C88E0180097F90E /* Project object */;
			proxyType = 1;
			remoteGlobalIDString = 21835FBE2CA3002E002A17E9;
			remoteInfo = hearttalkWidgetExtensionExtension;
		};
/* End PBXContainerItemProxy section */

/* Begin PBXCopyFilesBuildPhase section */
		21835FD42CA30030002A17E9 /* Embed Foundation Extensions */ = {
			isa = PBXCopyFilesBuildPhase;
			buildActionMask = 2147483647;
			dstPath = "";
			dstSubfolderSpec = 13;
			files = (
				21835FD02CA30030002A17E9 /* hearttalkWidgetExtensionExtension.appex in Embed Foundation Extensions */,
			);
			name = "Embed Foundation Extensions";
			runOnlyForDeploymentPostprocessing = 0;
		};
/* End PBXCopyFilesBuildPhase section */

/* Begin PBXFileReference section */
		018A66986B786D8101FFA613 /* Pods_hearttalkWidgetExtensionExtension.framework */ = {isa = PBXFileReference; explicitFileType = wrapper.framework; includeInIndex = 0; path = Pods_hearttalkWidgetExtensionExtension.framework; sourceTree = BUILT_PRODUCTS_DIR; };
		11F8054245486A51C275701B /* Pods-hearttalk.debug.xcconfig */ = {isa = PBXFileReference; includeInIndex = 1; lastKnownFileType = text.xcconfig; name = "Pods-hearttalk.debug.xcconfig"; path = "Target Support Files/Pods-hearttalk/Pods-hearttalk.debug.xcconfig"; sourceTree = "<group>"; };
		2103FEBE2C9EA0A80020D1AE /* ColorPicker.swift */ = {isa = PBXFileReference; lastKnownFileType = sourcecode.swift; path = ColorPicker.swift; sourceTree = "<group>"; };
		2103FEC02CA0457A0020D1AE /* CreateNoteScreen.swift */ = {isa = PBXFileReference; lastKnownFileType = sourcecode.swift; path = CreateNoteScreen.swift; sourceTree = "<group>"; };
		2103FEC22CA04D4C0020D1AE /* NotesScreen.swift */ = {isa = PBXFileReference; lastKnownFileType = sourcecode.swift; path = NotesScreen.swift; sourceTree = "<group>"; };
		212B91452CA6BF96009F9344 /* AppData.swift */ = {isa = PBXFileReference; lastKnownFileType = sourcecode.swift; path = AppData.swift; sourceTree = "<group>"; };
		215186C22D43CBA500FFB614 /* Vibration.swift */ = {isa = PBXFileReference; lastKnownFileType = sourcecode.swift; path = Vibration.swift; sourceTree = "<group>"; };
		215186C42D43CD7800FFB614 /* Cards.swift */ = {isa = PBXFileReference; lastKnownFileType = sourcecode.swift; path = Cards.swift; sourceTree = "<group>"; };
		215186CA2D45240600FFB614 /* sex_en.txt */ = {isa = PBXFileReference; lastKnownFileType = text; path = sex_en.txt; sourceTree = "<group>"; };
		215186CD2D45262100FFB614 /* TextFileManager.swift */ = {isa = PBXFileReference; lastKnownFileType = sourcecode.swift; path = TextFileManager.swift; sourceTree = "<group>"; };
		215186D22D452D1600FFB614 /* taboo_en.txt */ = {isa = PBXFileReference; lastKnownFileType = text; path = taboo_en.txt; sourceTree = "<group>"; };
		215186D42D452D5B00FFB614 /* family_en.txt */ = {isa = PBXFileReference; lastKnownFileType = text; path = family_en.txt; sourceTree = "<group>"; };
		215186D82D452E9D00FFB614 /* simple_en.txt */ = {isa = PBXFileReference; lastKnownFileType = text; path = simple_en.txt; sourceTree = "<group>"; };
		215186DA2D452EDA00FFB614 /* couples_en.txt */ = {isa = PBXFileReference; lastKnownFileType = text; path = couples_en.txt; sourceTree = "<group>"; };
		215186DD2D452F5800FFB614 /* sex_ru.txt */ = {isa = PBXFileReference; lastKnownFileType = text; path = sex_ru.txt; sourceTree = "<group>"; };
		215186DF2D452F6500FFB614 /* taboo_ru.txt */ = {isa = PBXFileReference; lastKnownFileType = text; path = taboo_ru.txt; sourceTree = "<group>"; };
		215186E12D452F7000FFB614 /* family_ru.txt */ = {isa = PBXFileReference; lastKnownFileType = text; path = family_ru.txt; sourceTree = "<group>"; };
		215186E32D452F7900FFB614 /* simple_ru.txt */ = {isa = PBXFileReference; lastKnownFileType = text; path = simple_ru.txt; sourceTree = "<group>"; };
		215186E72D452F9200FFB614 /* couples_ru.txt */ = {isa = PBXFileReference; lastKnownFileType = text; path = couples_ru.txt; sourceTree = "<group>"; };
		215186E92D453F2700FFB614 /* OnlineViewModel.swift */ = {isa = PBXFileReference; lastKnownFileType = sourcecode.swift; path = OnlineViewModel.swift; sourceTree = "<group>"; };
		215186EB2D453F7C00FFB614 /* OnlineScreen.swift */ = {isa = PBXFileReference; lastKnownFileType = sourcecode.swift; path = OnlineScreen.swift; sourceTree = "<group>"; };
		215186ED2D45502100FFB614 /* GoogleService-Info.plist */ = {isa = PBXFileReference; lastKnownFileType = text.plist.xml; path = "GoogleService-Info.plist"; sourceTree = "<group>"; };
		215186EF2D45579200FFB614 /* FirebasePack.swift */ = {isa = PBXFileReference; lastKnownFileType = sourcecode.swift; path = FirebasePack.swift; sourceTree = "<group>"; };
		215186F22D455E5200FFB614 /* FirebaseUser.swift */ = {isa = PBXFileReference; lastKnownFileType = sourcecode.swift; path = FirebaseUser.swift; sourceTree = "<group>"; };
		215186F72D45694F00FFB614 /* SignScreen.swift */ = {isa = PBXFileReference; lastKnownFileType = sourcecode.swift; path = SignScreen.swift; sourceTree = "<group>"; };
		215187072D46B46700FFB614 /* ChangeTextScreen.swift */ = {isa = PBXFileReference; lastKnownFileType = sourcecode.swift; path = ChangeTextScreen.swift; sourceTree = "<group>"; };
		2151870D2D4A1E3D00FFB614 /* PackView.swift */ = {isa = PBXFileReference; lastKnownFileType = sourcecode.swift; path = PackView.swift; sourceTree = "<group>"; };
		2151870F2D4A1E7400FFB614 /* Poppins-Regular.ttf */ = {isa = PBXFileReference; lastKnownFileType = file; path = "Poppins-Regular.ttf"; sourceTree = "<group>"; };
		215187102D4A1E7400FFB614 /* Poppins-SemiBold.ttf */ = {isa = PBXFileReference; lastKnownFileType = file; path = "Poppins-SemiBold.ttf"; sourceTree = "<group>"; };
		215187152D4A20FC00FFB614 /* HomeTopBar.swift */ = {isa = PBXFileReference; lastKnownFileType = sourcecode.swift; path = HomeTopBar.swift; sourceTree = "<group>"; };
		215187182D4A213500FFB614 /* Icon.swift */ = {isa = PBXFileReference; lastKnownFileType = sourcecode.swift; path = Icon.swift; sourceTree = "<group>"; };
		2151871A2D4A22BB00FFB614 /* SingleBackTopBar.swift */ = {isa = PBXFileReference; lastKnownFileType = sourcecode.swift; path = SingleBackTopBar.swift; sourceTree = "<group>"; };
		2151871C2D4A22FA00FFB614 /* BackTopBar.swift */ = {isa = PBXFileReference; lastKnownFileType = sourcecode.swift; path = BackTopBar.swift; sourceTree = "<group>"; };
		2151871E2D4A23FB00FFB614 /* LoadingView.swift */ = {isa = PBXFileReference; lastKnownFileType = sourcecode.swift; path = LoadingView.swift; sourceTree = "<group>"; };
		215187202D4A24AC00FFB614 /* SettingsButton.swift */ = {isa = PBXFileReference; lastKnownFileType = sourcecode.swift; path = SettingsButton.swift; sourceTree = "<group>"; };
		215187222D4A258700FFB614 /* SettingsToggle.swift */ = {isa = PBXFileReference; lastKnownFileType = sourcecode.swift; path = SettingsToggle.swift; sourceTree = "<group>"; };
		215187242D4A260700FFB614 /* SettingsValueButton.swift */ = {isa = PBXFileReference; lastKnownFileType = sourcecode.swift; path = SettingsValueButton.swift; sourceTree = "<group>"; };
		215187262D4A264000FFB614 /* SettingsEraseButton.swift */ = {isa = PBXFileReference; lastKnownFileType = sourcecode.swift; path = SettingsEraseButton.swift; sourceTree = "<group>"; };
		215187282D4A26D600FFB614 /* CardsListItem.swift */ = {isa = PBXFileReference; lastKnownFileType = sourcecode.swift; path = CardsListItem.swift; sourceTree = "<group>"; };
		2151872A2D4A279100FFB614 /* CardView.swift */ = {isa = PBXFileReference; lastKnownFileType = sourcecode.swift; path = CardView.swift; sourceTree = "<group>"; };
		2151872C2D4A2A1C00FFB614 /* CustomTextField.swift */ = {isa = PBXFileReference; lastKnownFileType = sourcecode.swift; path = CustomTextField.swift; sourceTree = "<group>"; };
		215187302D4A2B3C00FFB614 /* QuestionToggle.swift */ = {isa = PBXFileReference; lastKnownFileType = sourcecode.swift; path = QuestionToggle.swift; sourceTree = "<group>"; };
		215187322D4A2BD300FFB614 /* NoteTextField.swift */ = {isa = PBXFileReference; lastKnownFileType = sourcecode.swift; path = NoteTextField.swift; sourceTree = "<group>"; };
		215187342D4A306D00FFB614 /* NoteImageField.swift */ = {isa = PBXFileReference; lastKnownFileType = sourcecode.swift; path = NoteImageField.swift; sourceTree = "<group>"; };
		215187362D4A48B200FFB614 /* Safari.swift */ = {isa = PBXFileReference; lastKnownFileType = sourcecode.swift; path = Safari.swift; sourceTree = "<group>"; };
		2151873A2D4A4FC500FFB614 /* CreatePackScreen.swift */ = {isa = PBXFileReference; lastKnownFileType = sourcecode.swift; path = CreatePackScreen.swift; sourceTree = "<group>"; };
		2151873C2D4A50DF00FFB614 /* CreateCardScreen.swift */ = {isa = PBXFileReference; lastKnownFileType = sourcecode.swift; path = CreateCardScreen.swift; sourceTree = "<group>"; };
		2151873E2D4A652F00FFB614 /* SearchBar.swift */ = {isa = PBXFileReference; lastKnownFileType = sourcecode.swift; path = SearchBar.swift; sourceTree = "<group>"; };
		215187402D4A757800FFB614 /* TextView.swift */ = {isa = PBXFileReference; lastKnownFileType = sourcecode.swift; path = TextView.swift; sourceTree = "<group>"; };
		215187422D4A768E00FFB614 /* NoteDrawField.swift */ = {isa = PBXFileReference; lastKnownFileType = sourcecode.swift; path = NoteDrawField.swift; sourceTree = "<group>"; };
		215187442D4A7B8700FFB614 /* TextNoteView.swift */ = {isa = PBXFileReference; lastKnownFileType = sourcecode.swift; path = TextNoteView.swift; sourceTree = "<group>"; };
		215187462D4A7BD800FFB614 /* ImageNoteView.swift */ = {isa = PBXFileReference; lastKnownFileType = sourcecode.swift; path = ImageNoteView.swift; sourceTree = "<group>"; };
		215187482D4A87CC00FFB614 /* PhotoPickerView.swift */ = {isa = PBXFileReference; lastKnownFileType = sourcecode.swift; path = PhotoPickerView.swift; sourceTree = "<group>"; };
		2151874A2D4AA5DE00FFB614 /* countries_quiz_en.txt */ = {isa = PBXFileReference; lastKnownFileType = text; path = countries_quiz_en.txt; sourceTree = "<group>"; };
		2151874C2D4AA63700FFB614 /* countries_quiz_ru.txt */ = {isa = PBXFileReference; lastKnownFileType = text; path = countries_quiz_ru.txt; sourceTree = "<group>"; };
		2151874F2D4B767B00FFB614 /* OnlinePreviewCard.swift */ = {isa = PBXFileReference; lastKnownFileType = sourcecode.swift; path = OnlinePreviewCard.swift; sourceTree = "<group>"; };
		215187512D4B773F00FFB614 /* OnlinePreviewPack.swift */ = {isa = PBXFileReference; lastKnownFileType = sourcecode.swift; path = OnlinePreviewPack.swift; sourceTree = "<group>"; };
		215187532D4B77E700FFB614 /* OnlineProfilePreview.swift */ = {isa = PBXFileReference; lastKnownFileType = sourcecode.swift; path = OnlineProfilePreview.swift; sourceTree = "<group>"; };
		215187552D4B7D9E00FFB614 /* OnlineCreatePackScreen.swift */ = {isa = PBXFileReference; lastKnownFileType = sourcecode.swift; path = OnlineCreatePackScreen.swift; sourceTree = "<group>"; };
		215187572D4B7E5100FFB614 /* OnlineCreateCardScreen.swift */ = {isa = PBXFileReference; lastKnownFileType = sourcecode.swift; path = OnlineCreateCardScreen.swift; sourceTree = "<group>"; };
		215187592D4B801900FFB614 /* TagsTextField.swift */ = {isa = PBXFileReference; lastKnownFileType = sourcecode.swift; path = TagsTextField.swift; sourceTree = "<group>"; };
		2151875B2D4C188300FFB614 /* CreateLinkScreen.swift */ = {isa = PBXFileReference; lastKnownFileType = sourcecode.swift; path = CreateLinkScreen.swift; sourceTree = "<group>"; };
		2151875D2D4C19C600FFB614 /* WebBrowser.swift */ = {isa = PBXFileReference; lastKnownFileType = sourcecode.swift; path = WebBrowser.swift; sourceTree = "<group>"; };
		2151875F2D4C1ADA00FFB614 /* WebView.swift */ = {isa = PBXFileReference; lastKnownFileType = sourcecode.swift; path = WebView.swift; sourceTree = "<group>"; };
		215187612D4C243500FFB614 /* WebBrowserTopBar.swift */ = {isa = PBXFileReference; lastKnownFileType = sourcecode.swift; path = WebBrowserTopBar.swift; sourceTree = "<group>"; };
		215187652D4C2C7000FFB614 /* Date+.swift */ = {isa = PBXFileReference; lastKnownFileType = sourcecode.swift; path = "Date+.swift"; sourceTree = "<group>"; };
		215187672D4CA9E000FFB614 /* ImportCardsScreen.swift */ = {isa = PBXFileReference; lastKnownFileType = sourcecode.swift; path = ImportCardsScreen.swift; sourceTree = "<group>"; };
		215187692D4CACD700FFB614 /* ImportOption.swift */ = {isa = PBXFileReference; lastKnownFileType = sourcecode.swift; path = ImportOption.swift; sourceTree = "<group>"; };
		2151876B2D4CB45800FFB614 /* GenerateCardsScreen.swift */ = {isa = PBXFileReference; lastKnownFileType = sourcecode.swift; path = GenerateCardsScreen.swift; sourceTree = "<group>"; };
		215187702D4D4CE700FFB614 /* PasswordTextField.swift */ = {isa = PBXFileReference; lastKnownFileType = sourcecode.swift; path = PasswordTextField.swift; sourceTree = "<group>"; };
		215187722D4E8EFD00FFB614 /* OnlineQuestions.swift */ = {isa = PBXFileReference; lastKnownFileType = sourcecode.swift; path = OnlineQuestions.swift; sourceTree = "<group>"; };
		215187742D4E933200FFB614 /* OnlineCardView.swift */ = {isa = PBXFileReference; lastKnownFileType = sourcecode.swift; path = OnlineCardView.swift; sourceTree = "<group>"; };
		215187762D4E948000FFB614 /* OpenFunctions.swift */ = {isa = PBXFileReference; lastKnownFileType = sourcecode.swift; path = OpenFunctions.swift; sourceTree = "<group>"; };
		21835FB22CA1545A002A17E9 /* String+.swift */ = {isa = PBXFileReference; lastKnownFileType = sourcecode.swift; path = "String+.swift"; sourceTree = "<group>"; };
		21835FB42CA16B57002A17E9 /* Sound.swift */ = {isa = PBXFileReference; lastKnownFileType = sourcecode.swift; path = Sound.swift; sourceTree = "<group>"; };
		21835FB72CA16C60002A17E9 /* CardSwipe.mp3 */ = {isa = PBXFileReference; lastKnownFileType = audio.mp3; path = CardSwipe.mp3; sourceTree = "<group>"; };
		21835FB92CA16E24002A17E9 /* Click1.mp3 */ = {isa = PBXFileReference; lastKnownFileType = audio.mp3; path = Click1.mp3; sourceTree = "<group>"; };
		21835FBF2CA3002E002A17E9 /* hearttalkWidgetExtensionExtension.appex */ = {isa = PBXFileReference; explicitFileType = "wrapper.app-extension"; includeInIndex = 0; path = hearttalkWidgetExtensionExtension.appex; sourceTree = BUILT_PRODUCTS_DIR; };
		21835FC02CA3002E002A17E9 /* WidgetKit.framework */ = {isa = PBXFileReference; lastKnownFileType = wrapper.framework; name = WidgetKit.framework; path = System/Library/Frameworks/WidgetKit.framework; sourceTree = SDKROOT; };
		21835FC22CA3002E002A17E9 /* SwiftUI.framework */ = {isa = PBXFileReference; lastKnownFileType = wrapper.framework; name = SwiftUI.framework; path = System/Library/Frameworks/SwiftUI.framework; sourceTree = SDKROOT; };
		21835FC52CA3002E002A17E9 /* hearttalkWidgetExtensionBundle.swift */ = {isa = PBXFileReference; lastKnownFileType = sourcecode.swift; path = hearttalkWidgetExtensionBundle.swift; sourceTree = "<group>"; };
		21835FCB2CA30030002A17E9 /* Assets.xcassets */ = {isa = PBXFileReference; lastKnownFileType = folder.assetcatalog; path = Assets.xcassets; sourceTree = "<group>"; };
		21835FCD2CA30030002A17E9 /* Info.plist */ = {isa = PBXFileReference; lastKnownFileType = text.plist.xml; path = Info.plist; sourceTree = "<group>"; };
		21835FD62CA3008E002A17E9 /* AddCardWidget.swift */ = {isa = PBXFileReference; lastKnownFileType = sourcecode.swift; path = AddCardWidget.swift; sourceTree = "<group>"; };
		21835FD92CA30B85002A17E9 /* DailyCardWidget.swift */ = {isa = PBXFileReference; lastKnownFileType = sourcecode.swift; path = DailyCardWidget.swift; sourceTree = "<group>"; };
		219979722CAAB76E008688A5 /* RemoteConfigManager.swift */ = {isa = PBXFileReference; lastKnownFileType = sourcecode.swift; path = RemoteConfigManager.swift; sourceTree = "<group>"; };
		219979742CAED2B5008688A5 /* AppDelegate.swift */ = {isa = PBXFileReference; lastKnownFileType = sourcecode.swift; path = AppDelegate.swift; sourceTree = "<group>"; };
		219979762CAED8EE008688A5 /* QuickActions.swift */ = {isa = PBXFileReference; lastKnownFileType = sourcecode.swift; path = QuickActions.swift; sourceTree = "<group>"; };
		21A18B852CA323A200D0EB6B /* hearttalk.entitlements */ = {isa = PBXFileReference; lastKnownFileType = text.plist.entitlements; path = hearttalk.entitlements; sourceTree = "<group>"; };
		21A18B862CA323BD00D0EB6B /* hearttalkWidgetExtensionExtension.entitlements */ = {isa = PBXFileReference; lastKnownFileType = text.plist.entitlements; path = hearttalkWidgetExtensionExtension.entitlements; sourceTree = "<group>"; };
		21BDB3922C88E0180097F90E /* hearttalk.app */ = {isa = PBXFileReference; explicitFileType = wrapper.application; includeInIndex = 0; path = hearttalk.app; sourceTree = BUILT_PRODUCTS_DIR; };
		21BDB3A42C899ADD0097F90E /* ProjectApp.swift */ = {isa = PBXFileReference; fileEncoding = 4; lastKnownFileType = sourcecode.swift; path = ProjectApp.swift; sourceTree = "<group>"; };
		21BDB3A52C899ADD0097F90E /* Localization.swift */ = {isa = PBXFileReference; fileEncoding = 4; lastKnownFileType = sourcecode.swift; path = Localization.swift; sourceTree = "<group>"; };
		21BDB3AA2C899ADD0097F90E /* Assets.xcassets */ = {isa = PBXFileReference; lastKnownFileType = folder.assetcatalog; path = Assets.xcassets; sourceTree = "<group>"; };
		21BDB3B02C899ADD0097F90E /* RequestManager.swift */ = {isa = PBXFileReference; fileEncoding = 4; lastKnownFileType = sourcecode.swift; path = RequestManager.swift; sourceTree = "<group>"; };
		21BDB3B12C899ADD0097F90E /* ViewModel.swift */ = {isa = PBXFileReference; fileEncoding = 4; lastKnownFileType = sourcecode.swift; path = ViewModel.swift; sourceTree = "<group>"; };
		21BDB3C12C899ADD0097F90E /* Enums.swift */ = {isa = PBXFileReference; fileEncoding = 4; lastKnownFileType = sourcecode.swift; path = Enums.swift; sourceTree = "<group>"; };
		21BDB3CB2C899ADD0097F90E /* HomeScreen.swift */ = {isa = PBXFileReference; fileEncoding = 4; lastKnownFileType = sourcecode.swift; path = HomeScreen.swift; sourceTree = "<group>"; };
		21BDB3CD2C899ADD0097F90E /* LoadingScreen.swift */ = {isa = PBXFileReference; fileEncoding = 4; lastKnownFileType = sourcecode.swift; path = LoadingScreen.swift; sourceTree = "<group>"; };
		21BDB3FA2C899ED50097F90E /* Info.plist */ = {isa = PBXFileReference; lastKnownFileType = text.plist; path = Info.plist; sourceTree = "<group>"; };
		21BDB3FB2C89A0220097F90E /* Preview Assets.xcassets */ = {isa = PBXFileReference; lastKnownFileType = folder.assetcatalog; path = "Preview Assets.xcassets"; sourceTree = "<group>"; };
		21BDB4022C89B42D0097F90E /* RealmManager.swift */ = {isa = PBXFileReference; lastKnownFileType = sourcecode.swift; path = RealmManager.swift; sourceTree = "<group>"; };
		21BDB4062C89B8E20097F90E /* Color+.swift */ = {isa = PBXFileReference; lastKnownFileType = sourcecode.swift; path = "Color+.swift"; sourceTree = "<group>"; };
		21BDB40F2C89C2B50097F90E /* Questions.swift */ = {isa = PBXFileReference; lastKnownFileType = sourcecode.swift; path = Questions.swift; sourceTree = "<group>"; };
		21BDB4152C89CA440097F90E /* Settings.swift */ = {isa = PBXFileReference; lastKnownFileType = sourcecode.swift; path = Settings.swift; sourceTree = "<group>"; };
		21BDB4262C8AFC0A0097F90E /* CardForShare.swift */ = {isa = PBXFileReference; lastKnownFileType = sourcecode.swift; path = CardForShare.swift; sourceTree = "<group>"; };
		21BDB42A2C8AFC4B0097F90E /* View+.swift */ = {isa = PBXFileReference; lastKnownFileType = sourcecode.swift; path = "View+.swift"; sourceTree = "<group>"; };
		21BDB42C2C8B0B4A0097F90E /* ActivityView.swift */ = {isa = PBXFileReference; lastKnownFileType = sourcecode.swift; path = ActivityView.swift; sourceTree = "<group>"; };
		21BDB4342C8B1E300097F90E /* UIApplication+.swift */ = {isa = PBXFileReference; lastKnownFileType = sourcecode.swift; path = "UIApplication+.swift"; sourceTree = "<group>"; };
		21BDB43A2C8B61330097F90E /* WhatIsTheApp.swift */ = {isa = PBXFileReference; lastKnownFileType = sourcecode.swift; path = WhatIsTheApp.swift; sourceTree = "<group>"; };
		21BDB43C2C8B61820097F90E /* WhatIsCard.swift */ = {isa = PBXFileReference; lastKnownFileType = sourcecode.swift; path = WhatIsCard.swift; sourceTree = "<group>"; };
		21BDB4462C8B69630097F90E /* en */ = {isa = PBXFileReference; lastKnownFileType = text.plist.strings; name = en; path = en.lproj/Localizable.strings; sourceTree = "<group>"; };
		21BDB4482C8B696A0097F90E /* ru */ = {isa = PBXFileReference; lastKnownFileType = text.plist.strings; name = ru; path = ru.lproj/Localizable.strings; sourceTree = "<group>"; };
		21F4DCB82CA99D80008B3589 /* Pack.swift */ = {isa = PBXFileReference; lastKnownFileType = sourcecode.swift; path = Pack.swift; sourceTree = "<group>"; };
		21F4DCBB2CA99D94008B3589 /* Note.swift */ = {isa = PBXFileReference; lastKnownFileType = sourcecode.swift; path = Note.swift; sourceTree = "<group>"; };
		21F4DCBE2CA99E00008B3589 /* UserDefaultsManager.swift */ = {isa = PBXFileReference; lastKnownFileType = sourcecode.swift; path = UserDefaultsManager.swift; sourceTree = "<group>"; };
		21F4DDCA2CAA89F9008B3589 /* FirebaseManager.swift */ = {isa = PBXFileReference; lastKnownFileType = sourcecode.swift; path = FirebaseManager.swift; sourceTree = "<group>"; };
		21FB93AC2D5248B6002C5E30 /* OnlineAccountScreen.swift */ = {isa = PBXFileReference; lastKnownFileType = sourcecode.swift; path = OnlineAccountScreen.swift; sourceTree = "<group>"; };
		21FB93AE2D5249BE002C5E30 /* OnlineAccountInfo.swift */ = {isa = PBXFileReference; lastKnownFileType = sourcecode.swift; path = OnlineAccountInfo.swift; sourceTree = "<group>"; };
		21FB93B02D5392B0002C5E30 /* TabScreen.swift */ = {isa = PBXFileReference; lastKnownFileType = sourcecode.swift; path = TabScreen.swift; sourceTree = "<group>"; };
		21FB93B22D539A65002C5E30 /* ProfileScreen.swift */ = {isa = PBXFileReference; lastKnownFileType = sourcecode.swift; path = ProfileScreen.swift; sourceTree = "<group>"; };
		21FB93B62D53A17B002C5E30 /* LoginButton.swift */ = {isa = PBXFileReference; lastKnownFileType = sourcecode.swift; path = LoginButton.swift; sourceTree = "<group>"; };
		21FB93B82D53D440002C5E30 /* Credential.swift */ = {isa = PBXFileReference; lastKnownFileType = sourcecode.swift; path = Credential.swift; sourceTree = "<group>"; };
		21FB93BA2D53D8B4002C5E30 /* PrivacyScreen.swift */ = {isa = PBXFileReference; lastKnownFileType = sourcecode.swift; path = PrivacyScreen.swift; sourceTree = "<group>"; };
		21FB93BC2D53DA2F002C5E30 /* ResetPasswordScreen.swift */ = {isa = PBXFileReference; lastKnownFileType = sourcecode.swift; path = ResetPasswordScreen.swift; sourceTree = "<group>"; };
		21FB93BE2D53DD3C002C5E30 /* OnlinePreviewScreen.swift */ = {isa = PBXFileReference; lastKnownFileType = sourcecode.swift; path = OnlinePreviewScreen.swift; sourceTree = "<group>"; };
		21FB93C02D5523A9002C5E30 /* Data+.swift */ = {isa = PBXFileReference; lastKnownFileType = sourcecode.swift; path = "Data+.swift"; sourceTree = "<group>"; };
		21FB93C22D552581002C5E30 /* SpeechManager.swift */ = {isa = PBXFileReference; lastKnownFileType = sourcecode.swift; path = SpeechManager.swift; sourceTree = "<group>"; };
		21FB93C62D554CA5002C5E30 /* PhotoPicker.swift */ = {isa = PBXFileReference; lastKnownFileType = sourcecode.swift; path = PhotoPicker.swift; sourceTree = "<group>"; };
		21FB93C82D55F5FA002C5E30 /* DeleteAccountScreen.swift */ = {isa = PBXFileReference; lastKnownFileType = sourcecode.swift; path = DeleteAccountScreen.swift; sourceTree = "<group>"; };
		7F04D0D3CFAA742CBEF7DDEB /* Pods_hearttalk.framework */ = {isa = PBXFileReference; explicitFileType = wrapper.framework; includeInIndex = 0; path = Pods_hearttalk.framework; sourceTree = BUILT_PRODUCTS_DIR; };
		8E46BEC5504BE82D606C22EB /* Pods-hearttalkWidgetExtensionExtension.release.xcconfig */ = {isa = PBXFileReference; includeInIndex = 1; lastKnownFileType = text.xcconfig; name = "Pods-hearttalkWidgetExtensionExtension.release.xcconfig"; path = "Target Support Files/Pods-hearttalkWidgetExtensionExtension/Pods-hearttalkWidgetExtensionExtension.release.xcconfig"; sourceTree = "<group>"; };
		F1B06A95D27A6D9B24797D32 /* Pods-hearttalk.release.xcconfig */ = {isa = PBXFileReference; includeInIndex = 1; lastKnownFileType = text.xcconfig; name = "Pods-hearttalk.release.xcconfig"; path = "Target Support Files/Pods-hearttalk/Pods-hearttalk.release.xcconfig"; sourceTree = "<group>"; };
		F8E8BD01C39DB58DFAFB74AD /* Pods-hearttalkWidgetExtensionExtension.debug.xcconfig */ = {isa = PBXFileReference; includeInIndex = 1; lastKnownFileType = text.xcconfig; name = "Pods-hearttalkWidgetExtensionExtension.debug.xcconfig"; path = "Target Support Files/Pods-hearttalkWidgetExtensionExtension/Pods-hearttalkWidgetExtensionExtension.debug.xcconfig"; sourceTree = "<group>"; };
/* End PBXFileReference section */

/* Begin PBXFrameworksBuildPhase section */
		21835FBC2CA3002E002A17E9 /* Frameworks */ = {
			isa = PBXFrameworksBuildPhase;
			buildActionMask = 2147483647;
			files = (
				21835FC32CA3002E002A17E9 /* SwiftUI.framework in Frameworks */,
				21835FC12CA3002E002A17E9 /* WidgetKit.framework in Frameworks */,
				DC053A994C992465AD2BF698 /* Pods_hearttalkWidgetExtensionExtension.framework in Frameworks */,
			);
			runOnlyForDeploymentPostprocessing = 0;
		};
		21BDB38F2C88E0180097F90E /* Frameworks */ = {
			isa = PBXFrameworksBuildPhase;
			buildActionMask = 2147483647;
			files = (
				27203AAEFEE5F8D249BCCBB5 /* Pods_hearttalk.framework in Frameworks */,
			);
			runOnlyForDeploymentPostprocessing = 0;
		};
/* End PBXFrameworksBuildPhase section */

/* Begin PBXGroup section */
		1AF8A86639B2CE8FEFC5B808 /* Pods */ = {
			isa = PBXGroup;
			children = (
				11F8054245486A51C275701B /* Pods-hearttalk.debug.xcconfig */,
				F1B06A95D27A6D9B24797D32 /* Pods-hearttalk.release.xcconfig */,
				F8E8BD01C39DB58DFAFB74AD /* Pods-hearttalkWidgetExtensionExtension.debug.xcconfig */,
				8E46BEC5504BE82D606C22EB /* Pods-hearttalkWidgetExtensionExtension.release.xcconfig */,
			);
			path = Pods;
			sourceTree = "<group>";
		};
		215186C92D4523F600FFB614 /* Content */ = {
			isa = PBXGroup;
			children = (
				215186DC2D452F4800FFB614 /* ru */,
				215186CC2D45242900FFB614 /* en */,
			);
			path = Content;
			sourceTree = "<group>";
		};
		215186CC2D45242900FFB614 /* en */ = {
			isa = PBXGroup;
			children = (
				215186CA2D45240600FFB614 /* sex_en.txt */,
				215186D22D452D1600FFB614 /* taboo_en.txt */,
				215186D42D452D5B00FFB614 /* family_en.txt */,
				215186D82D452E9D00FFB614 /* simple_en.txt */,
				215186DA2D452EDA00FFB614 /* couples_en.txt */,
				2151874A2D4AA5DE00FFB614 /* countries_quiz_en.txt */,
			);
			path = en;
			sourceTree = "<group>";
		};
		215186CF2D45263200FFB614 /* Managers */ = {
			isa = PBXGroup;
			children = (
				21FB93C22D552581002C5E30 /* SpeechManager.swift */,
				219979722CAAB76E008688A5 /* RemoteConfigManager.swift */,
				21F4DDCA2CAA89F9008B3589 /* FirebaseManager.swift */,
				215186CD2D45262100FFB614 /* TextFileManager.swift */,
				21BDB3B02C899ADD0097F90E /* RequestManager.swift */,
				21BDB4022C89B42D0097F90E /* RealmManager.swift */,
				21F4DCBE2CA99E00008B3589 /* UserDefaultsManager.swift */,
			);
			path = Managers;
			sourceTree = "<group>";
		};
		215186DC2D452F4800FFB614 /* ru */ = {
			isa = PBXGroup;
			children = (
				215186DD2D452F5800FFB614 /* sex_ru.txt */,
				215186DF2D452F6500FFB614 /* taboo_ru.txt */,
				215186E12D452F7000FFB614 /* family_ru.txt */,
				215186E32D452F7900FFB614 /* simple_ru.txt */,
				215186E72D452F9200FFB614 /* couples_ru.txt */,
				2151874C2D4AA63700FFB614 /* countries_quiz_ru.txt */,
			);
			path = ru;
			sourceTree = "<group>";
		};
		215187172D4A213000FFB614 /* Basic */ = {
			isa = PBXGroup;
			children = (
				215187182D4A213500FFB614 /* Icon.swift */,
			);
			path = Basic;
			sourceTree = "<group>";
		};
		2151874E2D4B767500FFB614 /* Online */ = {
			isa = PBXGroup;
			children = (
				2151874F2D4B767B00FFB614 /* OnlinePreviewCard.swift */,
				215187512D4B773F00FFB614 /* OnlinePreviewPack.swift */,
				215187532D4B77E700FFB614 /* OnlineProfilePreview.swift */,
				215187742D4E933200FFB614 /* OnlineCardView.swift */,
				21FB93AE2D5249BE002C5E30 /* OnlineAccountInfo.swift */,
				21FB93B62D53A17B002C5E30 /* LoginButton.swift */,
			);
			path = Online;
			sourceTree = "<group>";
		};
		2151877B2D4F945C00FFB614 /* Online */ = {
			isa = PBXGroup;
			children = (
				21FB93B22D539A65002C5E30 /* ProfileScreen.swift */,
				215186F72D45694F00FFB614 /* SignScreen.swift */,
				215187552D4B7D9E00FFB614 /* OnlineCreatePackScreen.swift */,
				215187572D4B7E5100FFB614 /* OnlineCreateCardScreen.swift */,
				215187722D4E8EFD00FFB614 /* OnlineQuestions.swift */,
				21FB93AC2D5248B6002C5E30 /* OnlineAccountScreen.swift */,
				21FB93BA2D53D8B4002C5E30 /* PrivacyScreen.swift */,
				21FB93BC2D53DA2F002C5E30 /* ResetPasswordScreen.swift */,
				21FB93C82D55F5FA002C5E30 /* DeleteAccountScreen.swift */,
				21FB93BE2D53DD3C002C5E30 /* OnlinePreviewScreen.swift */,
				215186EB2D453F7C00FFB614 /* OnlineScreen.swift */,
			);
			path = Online;
			sourceTree = "<group>";
		};
		21835FB62CA16C50002A17E9 /* Sounds */ = {
			isa = PBXGroup;
			children = (
				21835FB92CA16E24002A17E9 /* Click1.mp3 */,
				21835FB72CA16C60002A17E9 /* CardSwipe.mp3 */,
			);
			path = Sounds;
			sourceTree = "<group>";
		};
		21835FC42CA3002E002A17E9 /* hearttalkWidgetExtension */ = {
			isa = PBXGroup;
			children = (
				21835FD52CA3005C002A17E9 /* Widgets */,
				21835FC52CA3002E002A17E9 /* hearttalkWidgetExtensionBundle.swift */,
				21835FCB2CA30030002A17E9 /* Assets.xcassets */,
				21835FCD2CA30030002A17E9 /* Info.plist */,
			);
			path = hearttalkWidgetExtension;
			sourceTree = "<group>";
		};
		21835FD52CA3005C002A17E9 /* Widgets */ = {
			isa = PBXGroup;
			children = (
				21835FD62CA3008E002A17E9 /* AddCardWidget.swift */,
				21835FD92CA30B85002A17E9 /* DailyCardWidget.swift */,
			);
			path = Widgets;
			sourceTree = "<group>";
		};
		21BDB3892C88E0180097F90E = {
			isa = PBXGroup;
			children = (
				21A18B862CA323BD00D0EB6B /* hearttalkWidgetExtensionExtension.entitlements */,
				21BDB3942C88E0180097F90E /* hearttalk */,
				21835FC42CA3002E002A17E9 /* hearttalkWidgetExtension */,
				21BDB3932C88E0180097F90E /* Products */,
				1AF8A86639B2CE8FEFC5B808 /* Pods */,
				7E650386A8608DAEA832AA7B /* Frameworks */,
			);
			sourceTree = "<group>";
		};
		21BDB3932C88E0180097F90E /* Products */ = {
			isa = PBXGroup;
			children = (
				21BDB3922C88E0180097F90E /* hearttalk.app */,
				21835FBF2CA3002E002A17E9 /* hearttalkWidgetExtensionExtension.appex */,
			);
			name = Products;
			sourceTree = "<group>";
		};
		21BDB3942C88E0180097F90E /* hearttalk */ = {
			isa = PBXGroup;
			children = (
				21A18B852CA323A200D0EB6B /* hearttalk.entitlements */,
				21BDB3FC2C89A0220097F90E /* Preview Content */,
				21BDB3FA2C899ED50097F90E /* Info.plist */,
				21BDB3AB2C899ADD0097F90E /* Assets */,
				21BDB3C22C899ADD0097F90E /* Extensions */,
				21BDB3C62C899ADD0097F90E /* Models */,
				21FB93C52D552DCD002C5E30 /* Core */,
				21BDB3B22C899ADD0097F90E /* ViewModels */,
				21BDB3D22C899ADD0097F90E /* Screens */,
			);
			path = hearttalk;
			sourceTree = "<group>";
		};
		21BDB3A72C899ADD0097F90E /* Fonts */ = {
			isa = PBXGroup;
			children = (
				2151870F2D4A1E7400FFB614 /* Poppins-Regular.ttf */,
				215187102D4A1E7400FFB614 /* Poppins-SemiBold.ttf */,
			);
			path = Fonts;
			sourceTree = "<group>";
		};
		21BDB3AB2C899ADD0097F90E /* Assets */ = {
			isa = PBXGroup;
			children = (
				215186ED2D45502100FFB614 /* GoogleService-Info.plist */,
				212B91452CA6BF96009F9344 /* AppData.swift */,
				215186C92D4523F600FFB614 /* Content */,
				21BDB4442C8B69520097F90E /* Localization */,
				21835FB62CA16C50002A17E9 /* Sounds */,
				21BDB3A72C899ADD0097F90E /* Fonts */,
				21BDB3AA2C899ADD0097F90E /* Assets.xcassets */,
			);
			path = Assets;
			sourceTree = "<group>";
		};
		21BDB3B22C899ADD0097F90E /* ViewModels */ = {
			isa = PBXGroup;
			children = (
				215186CF2D45263200FFB614 /* Managers */,
				21BDB3B12C899ADD0097F90E /* ViewModel.swift */,
				215186E92D453F2700FFB614 /* OnlineViewModel.swift */,
			);
			path = ViewModels;
			sourceTree = "<group>";
		};
		21BDB3BA2C899ADD0097F90E /* Views */ = {
			isa = PBXGroup;
			children = (
				215187402D4A757800FFB614 /* TextView.swift */,
				215187172D4A213000FFB614 /* Basic */,
				2151870D2D4A1E3D00FFB614 /* PackView.swift */,
				215187152D4A20FC00FFB614 /* HomeTopBar.swift */,
				2151871A2D4A22BB00FFB614 /* SingleBackTopBar.swift */,
				215187612D4C243500FFB614 /* WebBrowserTopBar.swift */,
				2151871C2D4A22FA00FFB614 /* BackTopBar.swift */,
				2151871E2D4A23FB00FFB614 /* LoadingView.swift */,
				215187202D4A24AC00FFB614 /* SettingsButton.swift */,
				215187222D4A258700FFB614 /* SettingsToggle.swift */,
				215187242D4A260700FFB614 /* SettingsValueButton.swift */,
				215187262D4A264000FFB614 /* SettingsEraseButton.swift */,
				215187282D4A26D600FFB614 /* CardsListItem.swift */,
				2151872A2D4A279100FFB614 /* CardView.swift */,
				2151872C2D4A2A1C00FFB614 /* CustomTextField.swift */,
				215187702D4D4CE700FFB614 /* PasswordTextField.swift */,
				215187592D4B801900FFB614 /* TagsTextField.swift */,
				2103FEBE2C9EA0A80020D1AE /* ColorPicker.swift */,
				215187302D4A2B3C00FFB614 /* QuestionToggle.swift */,
				215187322D4A2BD300FFB614 /* NoteTextField.swift */,
				215187342D4A306D00FFB614 /* NoteImageField.swift */,
				215187422D4A768E00FFB614 /* NoteDrawField.swift */,
				21BDB43C2C8B61820097F90E /* WhatIsCard.swift */,
				2151873E2D4A652F00FFB614 /* SearchBar.swift */,
				215187442D4A7B8700FFB614 /* TextNoteView.swift */,
				215187462D4A7BD800FFB614 /* ImageNoteView.swift */,
				215187692D4CACD700FFB614 /* ImportOption.swift */,
				2151874E2D4B767500FFB614 /* Online */,
				21F4DCB22CA99CB9008B3589 /* Sub */,
			);
			path = Views;
			sourceTree = "<group>";
		};
		21BDB3BC2C899ADD0097F90E /* SwiftUI */ = {
			isa = PBXGroup;
			children = (
				21BDB4062C89B8E20097F90E /* Color+.swift */,
				21BDB42A2C8AFC4B0097F90E /* View+.swift */,
			);
			path = SwiftUI;
			sourceTree = "<group>";
		};
		21BDB3BF2C899ADD0097F90E /* UIKit */ = {
			isa = PBXGroup;
			children = (
				21F4DCB32CA99D1E008B3589 /* Managers */,
				21BDB42C2C8B0B4A0097F90E /* ActivityView.swift */,
				21BDB4342C8B1E300097F90E /* UIApplication+.swift */,
				21835FB22CA1545A002A17E9 /* String+.swift */,
				215187652D4C2C7000FFB614 /* Date+.swift */,
				21FB93C02D5523A9002C5E30 /* Data+.swift */,
				215187362D4A48B200FFB614 /* Safari.swift */,
				2151875F2D4C1ADA00FFB614 /* WebView.swift */,
				21FB93C62D554CA5002C5E30 /* PhotoPicker.swift */,
			);
			path = UIKit;
			sourceTree = "<group>";
		};
		21BDB3C22C899ADD0097F90E /* Extensions */ = {
			isa = PBXGroup;
			children = (
				21BDB3BA2C899ADD0097F90E /* Views */,
				21BDB3BC2C899ADD0097F90E /* SwiftUI */,
				21BDB3BF2C899ADD0097F90E /* UIKit */,
				21BDB3C12C899ADD0097F90E /* Enums.swift */,
				215187762D4E948000FFB614 /* OpenFunctions.swift */,
			);
			path = Extensions;
			sourceTree = "<group>";
		};
		21BDB3C62C899ADD0097F90E /* Models */ = {
			isa = PBXGroup;
			children = (
				21FB93C42D552DC2002C5E30 /* Firebase */,
				21F4DCB42CA99D4F008B3589 /* Realm */,
			);
			path = Models;
			sourceTree = "<group>";
		};
		21BDB3D22C899ADD0097F90E /* Screens */ = {
			isa = PBXGroup;
			children = (
				21BDB3CD2C899ADD0097F90E /* LoadingScreen.swift */,
				21FB93B02D5392B0002C5E30 /* TabScreen.swift */,
				21BDB3CB2C899ADD0097F90E /* HomeScreen.swift */,
				21BDB4152C89CA440097F90E /* Settings.swift */,
				215187072D46B46700FFB614 /* ChangeTextScreen.swift */,
				21BDB40F2C89C2B50097F90E /* Questions.swift */,
				2151873A2D4A4FC500FFB614 /* CreatePackScreen.swift */,
				215187672D4CA9E000FFB614 /* ImportCardsScreen.swift */,
				2151876B2D4CB45800FFB614 /* GenerateCardsScreen.swift */,
				2151873C2D4A50DF00FFB614 /* CreateCardScreen.swift */,
				2103FEC02CA0457A0020D1AE /* CreateNoteScreen.swift */,
				2151875B2D4C188300FFB614 /* CreateLinkScreen.swift */,
				2151875D2D4C19C600FFB614 /* WebBrowser.swift */,
				2103FEC22CA04D4C0020D1AE /* NotesScreen.swift */,
				21BDB43A2C8B61330097F90E /* WhatIsTheApp.swift */,
				21FB93B82D53D440002C5E30 /* Credential.swift */,
				2151877B2D4F945C00FFB614 /* Online */,
			);
			path = Screens;
			sourceTree = "<group>";
		};
		21BDB3FC2C89A0220097F90E /* Preview Content */ = {
			isa = PBXGroup;
			children = (
				21BDB3FB2C89A0220097F90E /* Preview Assets.xcassets */,
			);
			path = "Preview Content";
			sourceTree = "<group>";
		};
		21BDB4442C8B69520097F90E /* Localization */ = {
			isa = PBXGroup;
			children = (
				21BDB3A52C899ADD0097F90E /* Localization.swift */,
				21BDB4452C8B69630097F90E /* Localizable.strings */,
			);
			path = Localization;
			sourceTree = "<group>";
		};
		21F4DCB22CA99CB9008B3589 /* Sub */ = {
			isa = PBXGroup;
			children = (
				215187482D4A87CC00FFB614 /* PhotoPickerView.swift */,
				21BDB4262C8AFC0A0097F90E /* CardForShare.swift */,
			);
			path = Sub;
			sourceTree = "<group>";
		};
		21F4DCB32CA99D1E008B3589 /* Managers */ = {
			isa = PBXGroup;
			children = (
				219979762CAED8EE008688A5 /* QuickActions.swift */,
				21835FB42CA16B57002A17E9 /* Sound.swift */,
				215186C22D43CBA500FFB614 /* Vibration.swift */,
			);
			path = Managers;
			sourceTree = "<group>";
		};
		21F4DCB42CA99D4F008B3589 /* Realm */ = {
			isa = PBXGroup;
			children = (
				21F4DCBB2CA99D94008B3589 /* Note.swift */,
				21F4DCB82CA99D80008B3589 /* Pack.swift */,
				215186C42D43CD7800FFB614 /* Cards.swift */,
			);
			path = Realm;
			sourceTree = "<group>";
		};
		21FB93C42D552DC2002C5E30 /* Firebase */ = {
			isa = PBXGroup;
			children = (
				215186EF2D45579200FFB614 /* FirebasePack.swift */,
				215186F22D455E5200FFB614 /* FirebaseUser.swift */,
			);
			path = Firebase;
			sourceTree = "<group>";
		};
		21FB93C52D552DCD002C5E30 /* Core */ = {
			isa = PBXGroup;
			children = (
				21BDB3A42C899ADD0097F90E /* ProjectApp.swift */,
				219979742CAED2B5008688A5 /* AppDelegate.swift */,
			);
			path = Core;
			sourceTree = "<group>";
		};
		7E650386A8608DAEA832AA7B /* Frameworks */ = {
			isa = PBXGroup;
			children = (
				7F04D0D3CFAA742CBEF7DDEB /* Pods_hearttalk.framework */,
				21835FC02CA3002E002A17E9 /* WidgetKit.framework */,
				21835FC22CA3002E002A17E9 /* SwiftUI.framework */,
				018A66986B786D8101FFA613 /* Pods_hearttalkWidgetExtensionExtension.framework */,
			);
			name = Frameworks;
			sourceTree = "<group>";
		};
/* End PBXGroup section */

/* Begin PBXNativeTarget section */
		21835FBE2CA3002E002A17E9 /* hearttalkWidgetExtensionExtension */ = {
			isa = PBXNativeTarget;
			buildConfigurationList = 21835FD12CA30030002A17E9 /* Build configuration list for PBXNativeTarget "hearttalkWidgetExtensionExtension" */;
			buildPhases = (
				E09788E8A4A885BE2C014755 /* [CP] Check Pods Manifest.lock */,
				21835FBB2CA3002E002A17E9 /* Sources */,
				21835FBC2CA3002E002A17E9 /* Frameworks */,
				21835FBD2CA3002E002A17E9 /* Resources */,
			);
			buildRules = (
			);
			dependencies = (
			);
			name = hearttalkWidgetExtensionExtension;
			productName = hearttalkWidgetExtensionExtension;
			productReference = 21835FBF2CA3002E002A17E9 /* hearttalkWidgetExtensionExtension.appex */;
			productType = "com.apple.product-type.app-extension";
		};
		21BDB3912C88E0180097F90E /* hearttalk */ = {
			isa = PBXNativeTarget;
			buildConfigurationList = 21BDB3A02C88E01A0097F90E /* Build configuration list for PBXNativeTarget "hearttalk" */;
			buildPhases = (
				86FF3BC669654373AC503E56 /* [CP] Check Pods Manifest.lock */,
				21BDB38E2C88E0180097F90E /* Sources */,
				21BDB38F2C88E0180097F90E /* Frameworks */,
				21BDB3902C88E0180097F90E /* Resources */,
				A254E21A2EF0A44458BA721D /* [CP] Embed Pods Frameworks */,
				21835FD42CA30030002A17E9 /* Embed Foundation Extensions */,
			);
			buildRules = (
			);
			dependencies = (
				21835FCF2CA30030002A17E9 /* PBXTargetDependency */,
			);
			name = hearttalk;
			productName = hearttalk;
			productReference = 21BDB3922C88E0180097F90E /* hearttalk.app */;
			productType = "com.apple.product-type.application";
		};
/* End PBXNativeTarget section */

/* Begin PBXProject section */
		21BDB38A2C88E0180097F90E /* Project object */ = {
			isa = PBXProject;
			attributes = {
				BuildIndependentTargetsInParallel = 1;
				LastSwiftUpdateCheck = 1530;
				LastUpgradeCheck = 1530;
				TargetAttributes = {
					21835FBE2CA3002E002A17E9 = {
						CreatedOnToolsVersion = 15.3;
					};
					21BDB3912C88E0180097F90E = {
						CreatedOnToolsVersion = 15.3;
						LastSwiftMigration = 1530;
					};
				};
			};
			buildConfigurationList = 21BDB38D2C88E0180097F90E /* Build configuration list for PBXProject "hearttalk" */;
			compatibilityVersion = "Xcode 14.0";
			developmentRegion = en;
			hasScannedForEncodings = 0;
			knownRegions = (
				en,
				Base,
				ru,
			);
			mainGroup = 21BDB3892C88E0180097F90E;
			productRefGroup = 21BDB3932C88E0180097F90E /* Products */;
			projectDirPath = "";
			projectRoot = "";
			targets = (
				21BDB3912C88E0180097F90E /* hearttalk */,
				21835FBE2CA3002E002A17E9 /* hearttalkWidgetExtensionExtension */,
			);
		};
/* End PBXProject section */

/* Begin PBXResourcesBuildPhase section */
		21835FBD2CA3002E002A17E9 /* Resources */ = {
			isa = PBXResourcesBuildPhase;
			buildActionMask = 2147483647;
			files = (
				215187132D4A1E7400FFB614 /* Poppins-Regular.ttf in Resources */,
				215187142D4A1E7400FFB614 /* Poppins-SemiBold.ttf in Resources */,
				21835FCC2CA30030002A17E9 /* Assets.xcassets in Resources */,
			);
			runOnlyForDeploymentPostprocessing = 0;
		};
		21BDB3902C88E0180097F90E /* Resources */ = {
			isa = PBXResourcesBuildPhase;
			buildActionMask = 2147483647;
			files = (
				215186DB2D452EE100FFB614 /* couples_en.txt in Resources */,
				215186D32D452D1F00FFB614 /* taboo_en.txt in Resources */,
				21835FBA2CA16E24002A17E9 /* Click1.mp3 in Resources */,
				21835FB82CA16C60002A17E9 /* CardSwipe.mp3 in Resources */,
				215186EE2D45502100FFB614 /* GoogleService-Info.plist in Resources */,
				215186E42D452F7F00FFB614 /* simple_ru.txt in Resources */,
				215186E02D452F6E00FFB614 /* taboo_ru.txt in Resources */,
				215186D92D452EA300FFB614 /* simple_en.txt in Resources */,
				215187112D4A1E7400FFB614 /* Poppins-Regular.ttf in Resources */,
				215187122D4A1E7400FFB614 /* Poppins-SemiBold.ttf in Resources */,
				21BDB3FD2C89A0220097F90E /* Preview Assets.xcassets in Resources */,
				215186D52D452D6900FFB614 /* family_en.txt in Resources */,
				215186DE2D452F6300FFB614 /* sex_ru.txt in Resources */,
				21BDB4472C8B69630097F90E /* Localizable.strings in Resources */,
				215186E22D452F7700FFB614 /* family_ru.txt in Resources */,
				215186CB2D45241600FFB614 /* sex_en.txt in Resources */,
				21BDB3D82C899ADD0097F90E /* Assets.xcassets in Resources */,
				2151874D2D4AA63B00FFB614 /* countries_quiz_ru.txt in Resources */,
				215186E82D452F9900FFB614 /* couples_ru.txt in Resources */,
				2151874B2D4AA5EB00FFB614 /* countries_quiz_en.txt in Resources */,
			);
			runOnlyForDeploymentPostprocessing = 0;
		};
/* End PBXResourcesBuildPhase section */

/* Begin PBXShellScriptBuildPhase section */
		86FF3BC669654373AC503E56 /* [CP] Check Pods Manifest.lock */ = {
			isa = PBXShellScriptBuildPhase;
			buildActionMask = 2147483647;
			files = (
			);
			inputFileListPaths = (
			);
			inputPaths = (
				"${PODS_PODFILE_DIR_PATH}/Podfile.lock",
				"${PODS_ROOT}/Manifest.lock",
			);
			name = "[CP] Check Pods Manifest.lock";
			outputFileListPaths = (
			);
			outputPaths = (
				"$(DERIVED_FILE_DIR)/Pods-hearttalk-checkManifestLockResult.txt",
			);
			runOnlyForDeploymentPostprocessing = 0;
			shellPath = /bin/sh;
			shellScript = "diff \"${PODS_PODFILE_DIR_PATH}/Podfile.lock\" \"${PODS_ROOT}/Manifest.lock\" > /dev/null\nif [ $? != 0 ] ; then\n    # print error to STDERR\n    echo \"error: The sandbox is not in sync with the Podfile.lock. Run 'pod install' or update your CocoaPods installation.\" >&2\n    exit 1\nfi\n# This output is used by Xcode 'outputs' to avoid re-running this script phase.\necho \"SUCCESS\" > \"${SCRIPT_OUTPUT_FILE_0}\"\n";
			showEnvVarsInLog = 0;
		};
		A254E21A2EF0A44458BA721D /* [CP] Embed Pods Frameworks */ = {
			isa = PBXShellScriptBuildPhase;
			buildActionMask = 2147483647;
			files = (
			);
			inputFileListPaths = (
				"${PODS_ROOT}/Target Support Files/Pods-hearttalk/Pods-hearttalk-frameworks-${CONFIGURATION}-input-files.xcfilelist",
			);
			name = "[CP] Embed Pods Frameworks";
			outputFileListPaths = (
				"${PODS_ROOT}/Target Support Files/Pods-hearttalk/Pods-hearttalk-frameworks-${CONFIGURATION}-output-files.xcfilelist",
			);
			runOnlyForDeploymentPostprocessing = 0;
			shellPath = /bin/sh;
			shellScript = "\"${PODS_ROOT}/Target Support Files/Pods-hearttalk/Pods-hearttalk-frameworks.sh\"\n";
			showEnvVarsInLog = 0;
		};
		E09788E8A4A885BE2C014755 /* [CP] Check Pods Manifest.lock */ = {
			isa = PBXShellScriptBuildPhase;
			buildActionMask = 2147483647;
			files = (
			);
			inputFileListPaths = (
			);
			inputPaths = (
				"${PODS_PODFILE_DIR_PATH}/Podfile.lock",
				"${PODS_ROOT}/Manifest.lock",
			);
			name = "[CP] Check Pods Manifest.lock";
			outputFileListPaths = (
			);
			outputPaths = (
				"$(DERIVED_FILE_DIR)/Pods-hearttalkWidgetExtensionExtension-checkManifestLockResult.txt",
			);
			runOnlyForDeploymentPostprocessing = 0;
			shellPath = /bin/sh;
			shellScript = "diff \"${PODS_PODFILE_DIR_PATH}/Podfile.lock\" \"${PODS_ROOT}/Manifest.lock\" > /dev/null\nif [ $? != 0 ] ; then\n    # print error to STDERR\n    echo \"error: The sandbox is not in sync with the Podfile.lock. Run 'pod install' or update your CocoaPods installation.\" >&2\n    exit 1\nfi\n# This output is used by Xcode 'outputs' to avoid re-running this script phase.\necho \"SUCCESS\" > \"${SCRIPT_OUTPUT_FILE_0}\"\n";
			showEnvVarsInLog = 0;
		};
/* End PBXShellScriptBuildPhase section */

/* Begin PBXSourcesBuildPhase section */
		21835FBB2CA3002E002A17E9 /* Sources */ = {
			isa = PBXSourcesBuildPhase;
			buildActionMask = 2147483647;
			files = (
				21835FD72CA3008E002A17E9 /* AddCardWidget.swift in Sources */,
				21835FC62CA3002E002A17E9 /* hearttalkWidgetExtensionBundle.swift in Sources */,
				215186F12D45579900FFB614 /* FirebasePack.swift in Sources */,
				215186C62D43CD7B00FFB614 /* Cards.swift in Sources */,
				21835FDC2CA30CEC002A17E9 /* Localization.swift in Sources */,
				21A18B872CA3F14C00D0EB6B /* View+.swift in Sources */,
				21835FDA2CA30B85002A17E9 /* DailyCardWidget.swift in Sources */,
				21A18B832CA319DF00D0EB6B /* String+.swift in Sources */,
				21835FDE2CA3109C002A17E9 /* RealmManager.swift in Sources */,
				21F4DCBA2CA99D82008B3589 /* Pack.swift in Sources */,
				21F4DCBC2CA99D96008B3589 /* Note.swift in Sources */,
			);
			runOnlyForDeploymentPostprocessing = 0;
		};
		21BDB38E2C88E0180097F90E /* Sources */ = {
			isa = PBXSourcesBuildPhase;
			buildActionMask = 2147483647;
			files = (
				21FB93AF2D5249C3002C5E30 /* OnlineAccountInfo.swift in Sources */,
				21BDB4102C89C2B50097F90E /* Questions.swift in Sources */,
				215187472D4A7BDC00FFB614 /* ImageNoteView.swift in Sources */,
				215187352D4A307100FFB614 /* NoteImageField.swift in Sources */,
				215187502D4B768500FFB614 /* OnlinePreviewCard.swift in Sources */,
				215187522D4B774300FFB614 /* OnlinePreviewPack.swift in Sources */,
				215187712D4D4CEC00FFB614 /* PasswordTextField.swift in Sources */,
				219979772CAED8F3008688A5 /* QuickActions.swift in Sources */,
				2103FEBF2C9EA0A80020D1AE /* ColorPicker.swift in Sources */,
				2151871B2D4A22C200FFB614 /* SingleBackTopBar.swift in Sources */,
				21F4DCB92CA99D82008B3589 /* Pack.swift in Sources */,
				219979732CAAB776008688A5 /* RemoteConfigManager.swift in Sources */,
				21BDB3F32C899ADD0097F90E /* LoadingScreen.swift in Sources */,
				21BDB4272C8AFC0B0097F90E /* CardForShare.swift in Sources */,
				21FB93BD2D53DA37002C5E30 /* ResetPasswordScreen.swift in Sources */,
				21FB93BB2D53D8B8002C5E30 /* PrivacyScreen.swift in Sources */,
				21FB93C32D552587002C5E30 /* SpeechManager.swift in Sources */,
				215186F82D45695200FFB614 /* SignScreen.swift in Sources */,
				2151875A2D4B801A00FFB614 /* TagsTextField.swift in Sources */,
				215187232D4A258F00FFB614 /* SettingsToggle.swift in Sources */,
				21BDB4072C89B8E20097F90E /* Color+.swift in Sources */,
				215186F42D455E5800FFB614 /* FirebaseUser.swift in Sources */,
				21BDB42B2C8AFC4B0097F90E /* View+.swift in Sources */,
				215187582D4B7E5700FFB614 /* OnlineCreateCardScreen.swift in Sources */,
				2151870E2D4A1E3F00FFB614 /* PackView.swift in Sources */,
				21BDB3EA2C899ADD0097F90E /* Enums.swift in Sources */,
				215187432D4A769500FFB614 /* NoteDrawField.swift in Sources */,
				215187212D4A24B500FFB614 /* SettingsButton.swift in Sources */,
				21FB93C72D554CAC002C5E30 /* PhotoPicker.swift in Sources */,
				219979752CAED2D3008688A5 /* AppDelegate.swift in Sources */,
				215187772D4E948400FFB614 /* OpenFunctions.swift in Sources */,
				2151876C2D4CB45A00FFB614 /* GenerateCardsScreen.swift in Sources */,
				215187682D4CA9F000FFB614 /* ImportCardsScreen.swift in Sources */,
				21FB93C12D5523AB002C5E30 /* Data+.swift in Sources */,
				215187162D4A210200FFB614 /* HomeTopBar.swift in Sources */,
				2151872D2D4A2A2D00FFB614 /* CustomTextField.swift in Sources */,
				21BDB3DE2C899ADD0097F90E /* ViewModel.swift in Sources */,
				212B91462CA6BFA2009F9344 /* AppData.swift in Sources */,
				215186EC2D453F8000FFB614 /* OnlineScreen.swift in Sources */,
				21F4DCBD2CA99D96008B3589 /* Note.swift in Sources */,
				215187292D4A26DE00FFB614 /* CardsListItem.swift in Sources */,
				215187732D4E8F0400FFB614 /* OnlineQuestions.swift in Sources */,
				2151871F2D4A23FF00FFB614 /* LoadingView.swift in Sources */,
				215186EA2D453F2B00FFB614 /* OnlineViewModel.swift in Sources */,
				215186C32D43CBA800FFB614 /* Vibration.swift in Sources */,
				215187622D4C243A00FFB614 /* WebBrowserTopBar.swift in Sources */,
				2103FEC32CA04D4C0020D1AE /* NotesScreen.swift in Sources */,
				215187602D4C1ADF00FFB614 /* WebView.swift in Sources */,
				215187662D4C2C7200FFB614 /* Date+.swift in Sources */,
				21BDB4352C8B1E300097F90E /* UIApplication+.swift in Sources */,
				215186C52D43CD7B00FFB614 /* Cards.swift in Sources */,
				21FB93C92D55F603002C5E30 /* DeleteAccountScreen.swift in Sources */,
				215187372D4A48B500FFB614 /* Safari.swift in Sources */,
				21BDB4162C89CA440097F90E /* Settings.swift in Sources */,
				21FB93B12D5392B7002C5E30 /* TabScreen.swift in Sources */,
				215187752D4E933500FFB614 /* OnlineCardView.swift in Sources */,
				21BDB3D42C899ADD0097F90E /* ProjectApp.swift in Sources */,
				21BDB3DD2C899ADD0097F90E /* RequestManager.swift in Sources */,
				21BDB4032C89B42D0097F90E /* RealmManager.swift in Sources */,
				21FB93B72D53A17F002C5E30 /* LoginButton.swift in Sources */,
				215187332D4A2BD800FFB614 /* NoteTextField.swift in Sources */,
				215187412D4A757C00FFB614 /* TextView.swift in Sources */,
				215187452D4A7B8D00FFB614 /* TextNoteView.swift in Sources */,
				2103FEC12CA0457A0020D1AE /* CreateNoteScreen.swift in Sources */,
				21FB93B32D539A67002C5E30 /* ProfileScreen.swift in Sources */,
				215186F02D45579900FFB614 /* FirebasePack.swift in Sources */,
				21BDB42D2C8B0B4A0097F90E /* ActivityView.swift in Sources */,
				215187082D46B46D00FFB614 /* ChangeTextScreen.swift in Sources */,
				2151871D2D4A230100FFB614 /* BackTopBar.swift in Sources */,
				21FB93AD2D5248BC002C5E30 /* OnlineAccountScreen.swift in Sources */,
				21BDB3F12C899ADD0097F90E /* HomeScreen.swift in Sources */,
				2151875C2D4C188500FFB614 /* CreateLinkScreen.swift in Sources */,
				21F4DDCB2CAA8A04008B3589 /* FirebaseManager.swift in Sources */,
				215186CE2D45262F00FFB614 /* TextFileManager.swift in Sources */,
				21BDB3D52C899ADD0097F90E /* Localization.swift in Sources */,
				21F4DCBF2CA99E0C008B3589 /* UserDefaultsManager.swift in Sources */,
				215187192D4A213700FFB614 /* Icon.swift in Sources */,
				215187252D4A260E00FFB614 /* SettingsValueButton.swift in Sources */,
				2151876A2D4CACDA00FFB614 /* ImportOption.swift in Sources */,
				215187312D4A2B4A00FFB614 /* QuestionToggle.swift in Sources */,
				215187542D4B77F100FFB614 /* OnlineProfilePreview.swift in Sources */,
				21FB93BF2D53DD4D002C5E30 /* OnlinePreviewScreen.swift in Sources */,
				2151872B2D4A279400FFB614 /* CardView.swift in Sources */,
				21BDB43D2C8B61820097F90E /* WhatIsCard.swift in Sources */,
				2151873D2D4A50E700FFB614 /* CreateCardScreen.swift in Sources */,
				215187562D4B7DAF00FFB614 /* OnlineCreatePackScreen.swift in Sources */,
				2151873F2D4A653200FFB614 /* SearchBar.swift in Sources */,
				21FB93B92D53D444002C5E30 /* Credential.swift in Sources */,
				2151873B2D4A4FC900FFB614 /* CreatePackScreen.swift in Sources */,
				21BDB43B2C8B61330097F90E /* WhatIsTheApp.swift in Sources */,
				215187272D4A264600FFB614 /* SettingsEraseButton.swift in Sources */,
				21835FB52CA16B57002A17E9 /* Sound.swift in Sources */,
				2151875E2D4C1A0200FFB614 /* WebBrowser.swift in Sources */,
				21835FB32CA1545A002A17E9 /* String+.swift in Sources */,
				215187492D4A87D300FFB614 /* PhotoPickerView.swift in Sources */,
			);
			runOnlyForDeploymentPostprocessing = 0;
		};
/* End PBXSourcesBuildPhase section */

/* Begin PBXTargetDependency section */
		21835FCF2CA30030002A17E9 /* PBXTargetDependency */ = {
			isa = PBXTargetDependency;
			target = 21835FBE2CA3002E002A17E9 /* hearttalkWidgetExtensionExtension */;
			targetProxy = 21835FCE2CA30030002A17E9 /* PBXContainerItemProxy */;
		};
/* End PBXTargetDependency section */

/* Begin PBXVariantGroup section */
		21BDB4452C8B69630097F90E /* Localizable.strings */ = {
			isa = PBXVariantGroup;
			children = (
				21BDB4462C8B69630097F90E /* en */,
				21BDB4482C8B696A0097F90E /* ru */,
			);
			name = Localizable.strings;
			sourceTree = "<group>";
		};
/* End PBXVariantGroup section */

/* Begin XCBuildConfiguration section */
		21835FD22CA30030002A17E9 /* Debug */ = {
			isa = XCBuildConfiguration;
			baseConfigurationReference = F8E8BD01C39DB58DFAFB74AD /* Pods-hearttalkWidgetExtensionExtension.debug.xcconfig */;
			buildSettings = {
				ASSETCATALOG_COMPILER_GLOBAL_ACCENT_COLOR_NAME = AccentColor;
				ASSETCATALOG_COMPILER_WIDGET_BACKGROUND_COLOR_NAME = WidgetBackground;
				CODE_SIGN_ENTITLEMENTS = hearttalkWidgetExtensionExtension.entitlements;
				CODE_SIGN_STYLE = Automatic;
				CURRENT_PROJECT_VERSION = 1;
				DEVELOPMENT_TEAM = QN6RC23FCQ;
				GENERATE_INFOPLIST_FILE = YES;
				INFOPLIST_FILE = hearttalkWidgetExtension/Info.plist;
				INFOPLIST_KEY_CFBundleDisplayName = hearttalkWidgetExtension;
				INFOPLIST_KEY_NSHumanReadableCopyright = "";
				LD_RUNPATH_SEARCH_PATHS = (
					"$(inherited)",
					"@executable_path/Frameworks",
					"@executable_path/../../Frameworks",
				);
				MARKETING_VERSION = 1.0;
				PRODUCT_BUNDLE_IDENTIFIER = ruslanparastaev.hearttalk.hearttalkWidgetExtension;
				PRODUCT_NAME = "$(TARGET_NAME)";
				SKIP_INSTALL = YES;
				SWIFT_EMIT_LOC_STRINGS = YES;
				SWIFT_VERSION = 5.0;
				TARGETED_DEVICE_FAMILY = "1,2";
			};
			name = Debug;
		};
		21835FD32CA30030002A17E9 /* Release */ = {
			isa = XCBuildConfiguration;
			baseConfigurationReference = 8E46BEC5504BE82D606C22EB /* Pods-hearttalkWidgetExtensionExtension.release.xcconfig */;
			buildSettings = {
				ASSETCATALOG_COMPILER_GLOBAL_ACCENT_COLOR_NAME = AccentColor;
				ASSETCATALOG_COMPILER_WIDGET_BACKGROUND_COLOR_NAME = WidgetBackground;
				CODE_SIGN_ENTITLEMENTS = hearttalkWidgetExtensionExtension.entitlements;
				CODE_SIGN_STYLE = Automatic;
				CURRENT_PROJECT_VERSION = 1;
				DEVELOPMENT_TEAM = QN6RC23FCQ;
				GENERATE_INFOPLIST_FILE = YES;
				INFOPLIST_FILE = hearttalkWidgetExtension/Info.plist;
				INFOPLIST_KEY_CFBundleDisplayName = hearttalkWidgetExtension;
				INFOPLIST_KEY_NSHumanReadableCopyright = "";
				LD_RUNPATH_SEARCH_PATHS = (
					"$(inherited)",
					"@executable_path/Frameworks",
					"@executable_path/../../Frameworks",
				);
				MARKETING_VERSION = 1.0;
				PRODUCT_BUNDLE_IDENTIFIER = ruslanparastaev.hearttalk.hearttalkWidgetExtension;
				PRODUCT_NAME = "$(TARGET_NAME)";
				SKIP_INSTALL = YES;
				SWIFT_EMIT_LOC_STRINGS = YES;
				SWIFT_VERSION = 5.0;
				TARGETED_DEVICE_FAMILY = "1,2";
			};
			name = Release;
		};
		21BDB39E2C88E01A0097F90E /* Debug */ = {
			isa = XCBuildConfiguration;
			buildSettings = {
				ALWAYS_SEARCH_USER_PATHS = NO;
				ASSETCATALOG_COMPILER_GENERATE_SWIFT_ASSET_SYMBOL_EXTENSIONS = YES;
				CLANG_ANALYZER_NONNULL = YES;
				CLANG_ANALYZER_NUMBER_OBJECT_CONVERSION = YES_AGGRESSIVE;
				CLANG_CXX_LANGUAGE_STANDARD = "gnu++20";
				CLANG_ENABLE_MODULES = YES;
				CLANG_ENABLE_OBJC_ARC = YES;
				CLANG_ENABLE_OBJC_WEAK = YES;
				CLANG_WARN_BLOCK_CAPTURE_AUTORELEASING = YES;
				CLANG_WARN_BOOL_CONVERSION = YES;
				CLANG_WARN_COMMA = YES;
				CLANG_WARN_CONSTANT_CONVERSION = YES;
				CLANG_WARN_DEPRECATED_OBJC_IMPLEMENTATIONS = YES;
				CLANG_WARN_DIRECT_OBJC_ISA_USAGE = YES_ERROR;
				CLANG_WARN_DOCUMENTATION_COMMENTS = YES;
				CLANG_WARN_EMPTY_BODY = YES;
				CLANG_WARN_ENUM_CONVERSION = YES;
				CLANG_WARN_INFINITE_RECURSION = YES;
				CLANG_WARN_INT_CONVERSION = YES;
				CLANG_WARN_NON_LITERAL_NULL_CONVERSION = YES;
				CLANG_WARN_OBJC_IMPLICIT_RETAIN_SELF = YES;
				CLANG_WARN_OBJC_LITERAL_CONVERSION = YES;
				CLANG_WARN_OBJC_ROOT_CLASS = YES_ERROR;
				CLANG_WARN_QUOTED_INCLUDE_IN_FRAMEWORK_HEADER = YES;
				CLANG_WARN_RANGE_LOOP_ANALYSIS = YES;
				CLANG_WARN_STRICT_PROTOTYPES = YES;
				CLANG_WARN_SUSPICIOUS_MOVE = YES;
				CLANG_WARN_UNGUARDED_AVAILABILITY = YES_AGGRESSIVE;
				CLANG_WARN_UNREACHABLE_CODE = YES;
				CLANG_WARN__DUPLICATE_METHOD_MATCH = YES;
				COPY_PHASE_STRIP = NO;
				DEBUG_INFORMATION_FORMAT = dwarf;
				ENABLE_STRICT_OBJC_MSGSEND = YES;
				ENABLE_TESTABILITY = YES;
				ENABLE_USER_SCRIPT_SANDBOXING = YES;
				GCC_C_LANGUAGE_STANDARD = gnu17;
				GCC_DYNAMIC_NO_PIC = NO;
				GCC_NO_COMMON_BLOCKS = YES;
				GCC_OPTIMIZATION_LEVEL = 0;
				GCC_PREPROCESSOR_DEFINITIONS = (
					"DEBUG=1",
					"$(inherited)",
				);
				GCC_WARN_64_TO_32_BIT_CONVERSION = YES;
				GCC_WARN_ABOUT_RETURN_TYPE = YES_ERROR;
				GCC_WARN_UNDECLARED_SELECTOR = YES;
				GCC_WARN_UNINITIALIZED_AUTOS = YES_AGGRESSIVE;
				GCC_WARN_UNUSED_FUNCTION = YES;
				GCC_WARN_UNUSED_VARIABLE = YES;
				IPHONEOS_DEPLOYMENT_TARGET = 15.6;
				LOCALIZATION_PREFERS_STRING_CATALOGS = YES;
				MTL_ENABLE_DEBUG_INFO = INCLUDE_SOURCE;
				MTL_FAST_MATH = YES;
				ONLY_ACTIVE_ARCH = YES;
				SDKROOT = iphoneos;
				SWIFT_ACTIVE_COMPILATION_CONDITIONS = "DEBUG $(inherited)";
				SWIFT_OPTIMIZATION_LEVEL = "-Onone";
			};
			name = Debug;
		};
		21BDB39F2C88E01A0097F90E /* Release */ = {
			isa = XCBuildConfiguration;
			buildSettings = {
				ALWAYS_SEARCH_USER_PATHS = NO;
				ASSETCATALOG_COMPILER_GENERATE_SWIFT_ASSET_SYMBOL_EXTENSIONS = YES;
				CLANG_ANALYZER_NONNULL = YES;
				CLANG_ANALYZER_NUMBER_OBJECT_CONVERSION = YES_AGGRESSIVE;
				CLANG_CXX_LANGUAGE_STANDARD = "gnu++20";
				CLANG_ENABLE_MODULES = YES;
				CLANG_ENABLE_OBJC_ARC = YES;
				CLANG_ENABLE_OBJC_WEAK = YES;
				CLANG_WARN_BLOCK_CAPTURE_AUTORELEASING = YES;
				CLANG_WARN_BOOL_CONVERSION = YES;
				CLANG_WARN_COMMA = YES;
				CLANG_WARN_CONSTANT_CONVERSION = YES;
				CLANG_WARN_DEPRECATED_OBJC_IMPLEMENTATIONS = YES;
				CLANG_WARN_DIRECT_OBJC_ISA_USAGE = YES_ERROR;
				CLANG_WARN_DOCUMENTATION_COMMENTS = YES;
				CLANG_WARN_EMPTY_BODY = YES;
				CLANG_WARN_ENUM_CONVERSION = YES;
				CLANG_WARN_INFINITE_RECURSION = YES;
				CLANG_WARN_INT_CONVERSION = YES;
				CLANG_WARN_NON_LITERAL_NULL_CONVERSION = YES;
				CLANG_WARN_OBJC_IMPLICIT_RETAIN_SELF = YES;
				CLANG_WARN_OBJC_LITERAL_CONVERSION = YES;
				CLANG_WARN_OBJC_ROOT_CLASS = YES_ERROR;
				CLANG_WARN_QUOTED_INCLUDE_IN_FRAMEWORK_HEADER = YES;
				CLANG_WARN_RANGE_LOOP_ANALYSIS = YES;
				CLANG_WARN_STRICT_PROTOTYPES = YES;
				CLANG_WARN_SUSPICIOUS_MOVE = YES;
				CLANG_WARN_UNGUARDED_AVAILABILITY = YES_AGGRESSIVE;
				CLANG_WARN_UNREACHABLE_CODE = YES;
				CLANG_WARN__DUPLICATE_METHOD_MATCH = YES;
				COPY_PHASE_STRIP = NO;
				DEBUG_INFORMATION_FORMAT = "dwarf-with-dsym";
				ENABLE_NS_ASSERTIONS = NO;
				ENABLE_STRICT_OBJC_MSGSEND = YES;
				ENABLE_USER_SCRIPT_SANDBOXING = YES;
				GCC_C_LANGUAGE_STANDARD = gnu17;
				GCC_NO_COMMON_BLOCKS = YES;
				GCC_WARN_64_TO_32_BIT_CONVERSION = YES;
				GCC_WARN_ABOUT_RETURN_TYPE = YES_ERROR;
				GCC_WARN_UNDECLARED_SELECTOR = YES;
				GCC_WARN_UNINITIALIZED_AUTOS = YES_AGGRESSIVE;
				GCC_WARN_UNUSED_FUNCTION = YES;
				GCC_WARN_UNUSED_VARIABLE = YES;
				IPHONEOS_DEPLOYMENT_TARGET = 15.6;
				LOCALIZATION_PREFERS_STRING_CATALOGS = YES;
				MTL_ENABLE_DEBUG_INFO = NO;
				MTL_FAST_MATH = YES;
				SDKROOT = iphoneos;
				SWIFT_COMPILATION_MODE = wholemodule;
				VALIDATE_PRODUCT = YES;
			};
			name = Release;
		};
		21BDB3A12C88E01A0097F90E /* Debug */ = {
			isa = XCBuildConfiguration;
			baseConfigurationReference = 11F8054245486A51C275701B /* Pods-hearttalk.debug.xcconfig */;
			buildSettings = {
				ALWAYS_EMBED_SWIFT_STANDARD_LIBRARIES = YES;
				ASSETCATALOG_COMPILER_APPICON_NAME = AppIcon;
				ASSETCATALOG_COMPILER_GLOBAL_ACCENT_COLOR_NAME = AccentColor;
				CLANG_ENABLE_MODULES = YES;
				CODE_SIGN_ENTITLEMENTS = hearttalk/hearttalk.entitlements;
				CODE_SIGN_IDENTITY = "Apple Development";
				CODE_SIGN_STYLE = Automatic;
				CURRENT_PROJECT_VERSION = 1;
				DEVELOPMENT_ASSET_PATHS = "\"hearttalk/Preview Content\"";
				DEVELOPMENT_TEAM = QN6RC23FCQ;
				ENABLE_PREVIEWS = YES;
				ENABLE_USER_SCRIPT_SANDBOXING = NO;
				GENERATE_INFOPLIST_FILE = YES;
				INFOPLIST_FILE = hearttalk/Info.plist;
				INFOPLIST_KEY_CFBundleDisplayName = "Heart Talk";
				INFOPLIST_KEY_NSMicrophoneUsageDescription = "Microphone access is required for this app.";
				INFOPLIST_KEY_NSPhotoLibraryUsageDescription = "We need access to your photo library";
				INFOPLIST_KEY_NSSpeechRecognitionUsageDescription = "This app requires speech recognition.";
				INFOPLIST_KEY_UIApplicationSceneManifest_Generation = YES;
				INFOPLIST_KEY_UIApplicationSupportsIndirectInputEvents = YES;
				INFOPLIST_KEY_UIStatusBarStyle = UIStatusBarStyleLightContent;
				INFOPLIST_KEY_UISupportedInterfaceOrientations = UIInterfaceOrientationPortrait;
				IPHONEOS_DEPLOYMENT_TARGET = 15.6;
				LD_RUNPATH_SEARCH_PATHS = (
					"$(inherited)",
					"@executable_path/Frameworks",
				);
				MARKETING_VERSION = 1.0;
				PRODUCT_BUNDLE_IDENTIFIER = ruslanparastaev.hearttalk;
				PRODUCT_NAME = "$(TARGET_NAME)";
				PROVISIONING_PROFILE_SPECIFIER = "";
				SWIFT_EMIT_LOC_STRINGS = YES;
				SWIFT_OPTIMIZATION_LEVEL = "-Onone";
				SWIFT_VERSION = 5.0;
				TARGETED_DEVICE_FAMILY = "1,2";
			};
			name = Debug;
		};
		21BDB3A22C88E01A0097F90E /* Release */ = {
			isa = XCBuildConfiguration;
			baseConfigurationReference = F1B06A95D27A6D9B24797D32 /* Pods-hearttalk.release.xcconfig */;
			buildSettings = {
				ALWAYS_EMBED_SWIFT_STANDARD_LIBRARIES = YES;
				ASSETCATALOG_COMPILER_APPICON_NAME = AppIcon;
				ASSETCATALOG_COMPILER_GLOBAL_ACCENT_COLOR_NAME = AccentColor;
				CLANG_ENABLE_MODULES = YES;
				CODE_SIGN_ENTITLEMENTS = hearttalk/hearttalk.entitlements;
				CODE_SIGN_IDENTITY = "Apple Development";
				CODE_SIGN_STYLE = Automatic;
				CURRENT_PROJECT_VERSION = 1;
				DEVELOPMENT_ASSET_PATHS = "\"hearttalk/Preview Content\"";
				DEVELOPMENT_TEAM = QN6RC23FCQ;
				ENABLE_PREVIEWS = YES;
				ENABLE_USER_SCRIPT_SANDBOXING = NO;
				GENERATE_INFOPLIST_FILE = YES;
				INFOPLIST_FILE = hearttalk/Info.plist;
				INFOPLIST_KEY_CFBundleDisplayName = "Heart Talk";
				INFOPLIST_KEY_NSMicrophoneUsageDescription = "Microphone access is required for this app.";
				INFOPLIST_KEY_NSPhotoLibraryUsageDescription = "We need access to your photo library";
				INFOPLIST_KEY_NSSpeechRecognitionUsageDescription = "This app requires speech recognition.";
				INFOPLIST_KEY_UIApplicationSceneManifest_Generation = YES;
				INFOPLIST_KEY_UIApplicationSupportsIndirectInputEvents = YES;
				INFOPLIST_KEY_UIStatusBarStyle = UIStatusBarStyleLightContent;
				INFOPLIST_KEY_UISupportedInterfaceOrientations = UIInterfaceOrientationPortrait;
				IPHONEOS_DEPLOYMENT_TARGET = 15.6;
				LD_RUNPATH_SEARCH_PATHS = (
					"$(inherited)",
					"@executable_path/Frameworks",
				);
				MARKETING_VERSION = 1.0;
				PRODUCT_BUNDLE_IDENTIFIER = ruslanparastaev.hearttalk;
				PRODUCT_NAME = "$(TARGET_NAME)";
				PROVISIONING_PROFILE_SPECIFIER = "";
				SWIFT_EMIT_LOC_STRINGS = YES;
				SWIFT_VERSION = 5.0;
				TARGETED_DEVICE_FAMILY = "1,2";
			};
			name = Release;
		};
/* End XCBuildConfiguration section */

/* Begin XCConfigurationList section */
		21835FD12CA30030002A17E9 /* Build configuration list for PBXNativeTarget "hearttalkWidgetExtensionExtension" */ = {
			isa = XCConfigurationList;
			buildConfigurations = (
				21835FD22CA30030002A17E9 /* Debug */,
				21835FD32CA30030002A17E9 /* Release */,
			);
			defaultConfigurationIsVisible = 0;
			defaultConfigurationName = Release;
		};
		21BDB38D2C88E0180097F90E /* Build configuration list for PBXProject "hearttalk" */ = {
			isa = XCConfigurationList;
			buildConfigurations = (
				21BDB39E2C88E01A0097F90E /* Debug */,
				21BDB39F2C88E01A0097F90E /* Release */,
			);
			defaultConfigurationIsVisible = 0;
			defaultConfigurationName = Release;
		};
		21BDB3A02C88E01A0097F90E /* Build configuration list for PBXNativeTarget "hearttalk" */ = {
			isa = XCConfigurationList;
			buildConfigurations = (
				21BDB3A12C88E01A0097F90E /* Debug */,
				21BDB3A22C88E01A0097F90E /* Release */,
			);
			defaultConfigurationIsVisible = 0;
			defaultConfigurationName = Release;
		};
/* End XCConfigurationList section */
	};
	rootObject = 21BDB38A2C88E0180097F90E /* Project object */;
}
